
Microsoft Visual Studio Solution File, Format Version 12.00
# Visual Studio 14
VisualStudioVersion = 14.0.23107.0
MinimumVisualStudioVersion = 10.0.40219.1
Project("{8BC9CEB8-8B4A-11D0-8D11-00A0C91BC942}") = "FK3_audio", "FK3_audio.vcxproj", "{EBF4A69F-3AA4-4826-B8FC-36B6D77E8C3A}"
EndProject
Project("{8BC9CEB8-8B4A-11D0-8D11-00A0C91BC942}") = "FK3_util", "FK3_util.vcxproj", "{3DDE0711-909C-41BF-AAD7-9324E003BA1E}"
EndProject
Project("{8BC9CEB8-8B4A-11D0-8D11-00A0C91BC942}") = "FK3_base", "FK3_base.vcxproj", "{1B953C98-382B-4942-8F1A-C74174A446A4}"
EndProject
Project("{8BC9CEB8-8B4A-11D0-8D11-00A0C91BC942}") = "FK3_fltkErr", "FK3_fltkErr.vcxproj", "{57F0284F-B6F4-4A82-BE1E-E20AC5C6165E}"
EndProject
Project("{8BC9CEB8-8B4A-11D0-8D11-00A0C91BC942}") = "FK3_fltkWin", "FK3_fltkWin.vcxproj", "{38444BEC-0DEF-4FF5-9D5E-748FD7DBC4B5}"
EndProject
Project("{8BC9CEB8-8B4A-11D0-8D11-00A0C91BC942}") = "FK3_graphics", "FK3_graphics.vcxproj", "{541B0751-8E82-4FA9-98D7-AC7E67C9E844}"
EndProject
Project("{8BC9CEB8-8B4A-11D0-8D11-00A0C91BC942}") = "FK3_material", "FK3_material.vcxproj", "{9190A403-11DA-4EF9-8BC2-DD0F13E6FA59}"
EndProject
Project("{8BC9CEB8-8B4A-11D0-8D11-00A0C91BC942}") = "FK3_math", "FK3_math.vcxproj", "{AD84AEE2-7B35-4910-8533-B3BA580A063B}"
EndProject
Project("{8BC9CEB8-8B4A-11D0-8D11-00A0C91BC942}") = "FK3_model", "FK3_model.vcxproj", "{68729992-08E3-44C7-8592-BF26975E0BF3}"
EndProject
Project("{8BC9CEB8-8B4A-11D0-8D11-00A0C91BC942}") = "FK3_parser", "FK3_parser.vcxproj", "{89B0ECFB-38C6-457A-BB00-D89DB3889F0F}"
EndProject
Project("{8BC9CEB8-8B4A-11D0-8D11-00A0C91BC942}") = "FK3_scene", "FK3_scene.vcxproj", "{A209D3A8-3255-4C9D-94CD-3209FAFE3A28}"
EndProject
Project("{8BC9CEB8-8B4A-11D0-8D11-00A0C91BC942}") = "FK3_shape", "FK3_shape.vcxproj", "{2A1ADCCD-29F6-479E-B41D-9307C8B36737}"
EndProject
Project("{8BC9CEB8-8B4A-11D0-8D11-00A0C91BC942}") = "FK3_solid", "FK3_solid.vcxproj", "{80D09435-C1F9-44B4-90D0-5E13B586CA08}"
EndProject
Global
	GlobalSection(SolutionConfigurationPlatforms) = preSolution
		Debug|Win32 = Debug|Win32
		Debug|x64 = Debug|x64
		Release|Win32 = Release|Win32
		Release|x64 = Release|x64
	EndGlobalSection
	GlobalSection(ProjectConfigurationPlatforms) = postSolution
		{EBF4A69F-3AA4-4826-B8FC-36B6D77E8C3A}.Debug|Win32.ActiveCfg = Debug|Win32
		{EBF4A69F-3AA4-4826-B8FC-36B6D77E8C3A}.Debug|Win32.Build.0 = Debug|Win32
		{EBF4A69F-3AA4-4826-B8FC-36B6D77E8C3A}.Debug|x64.ActiveCfg = Debug|x64
		{EBF4A69F-3AA4-4826-B8FC-36B6D77E8C3A}.Debug|x64.Build.0 = Debug|x64
		{EBF4A69F-3AA4-4826-B8FC-36B6D77E8C3A}.Release|Win32.ActiveCfg = Release|Win32
		{EBF4A69F-3AA4-4826-B8FC-36B6D77E8C3A}.Release|Win32.Build.0 = Release|Win32
		{EBF4A69F-3AA4-4826-B8FC-36B6D77E8C3A}.Release|x64.ActiveCfg = Release|x64
		{EBF4A69F-3AA4-4826-B8FC-36B6D77E8C3A}.Release|x64.Build.0 = Release|x64
		{3DDE0711-909C-41BF-AAD7-9324E003BA1E}.Debug|Win32.ActiveCfg = Debug|Win32
		{3DDE0711-909C-41BF-AAD7-9324E003BA1E}.Debug|Win32.Build.0 = Debug|Win32
		{3DDE0711-909C-41BF-AAD7-9324E003BA1E}.Debug|x64.ActiveCfg = Debug|x64
		{3DDE0711-909C-41BF-AAD7-9324E003BA1E}.Debug|x64.Build.0 = Debug|x64
		{3DDE0711-909C-41BF-AAD7-9324E003BA1E}.Release|Win32.ActiveCfg = Release|Win32
		{3DDE0711-909C-41BF-AAD7-9324E003BA1E}.Release|Win32.Build.0 = Release|Win32
		{3DDE0711-909C-41BF-AAD7-9324E003BA1E}.Release|x64.ActiveCfg = Release|x64
		{3DDE0711-909C-41BF-AAD7-9324E003BA1E}.Release|x64.Build.0 = Release|x64
		{1B953C98-382B-4942-8F1A-C74174A446A4}.Debug|Win32.ActiveCfg = Debug|Win32
		{1B953C98-382B-4942-8F1A-C74174A446A4}.Debug|Win32.Build.0 = Debug|Win32
		{1B953C98-382B-4942-8F1A-C74174A446A4}.Debug|x64.ActiveCfg = Debug|x64
		{1B953C98-382B-4942-8F1A-C74174A446A4}.Debug|x64.Build.0 = Debug|x64
		{1B953C98-382B-4942-8F1A-C74174A446A4}.Release|Win32.ActiveCfg = Release|Win32
		{1B953C98-382B-4942-8F1A-C74174A446A4}.Release|Win32.Build.0 = Release|Win32
		{1B953C98-382B-4942-8F1A-C74174A446A4}.Release|x64.ActiveCfg = Release|x64
		{1B953C98-382B-4942-8F1A-C74174A446A4}.Release|x64.Build.0 = Release|x64
		{57F0284F-B6F4-4A82-BE1E-E20AC5C6165E}.Debug|Win32.ActiveCfg = Debug|Win32
		{57F0284F-B6F4-4A82-BE1E-E20AC5C6165E}.Debug|Win32.Build.0 = Debug|Win32
		{57F0284F-B6F4-4A82-BE1E-E20AC5C6165E}.Debug|x64.ActiveCfg = Debug|x64
		{57F0284F-B6F4-4A82-BE1E-E20AC5C6165E}.Debug|x64.Build.0 = Debug|x64
		{57F0284F-B6F4-4A82-BE1E-E20AC5C6165E}.Release|Win32.ActiveCfg = Release|Win32
		{57F0284F-B6F4-4A82-BE1E-E20AC5C6165E}.Release|Win32.Build.0 = Release|Win32
		{57F0284F-B6F4-4A82-BE1E-E20AC5C6165E}.Release|x64.ActiveCfg = Release|x64
		{57F0284F-B6F4-4A82-BE1E-E20AC5C6165E}.Release|x64.Build.0 = Release|x64
		{38444BEC-0DEF-4FF5-9D5E-748FD7DBC4B5}.Debug|Win32.ActiveCfg = Debug|Win32
		{38444BEC-0DEF-4FF5-9D5E-748FD7DBC4B5}.Debug|Win32.Build.0 = Debug|Win32
		{38444BEC-0DEF-4FF5-9D5E-748FD7DBC4B5}.Debug|x64.ActiveCfg = Debug|x64
		{38444BEC-0DEF-4FF5-9D5E-748FD7DBC4B5}.Debug|x64.Build.0 = Debug|x64
		{38444BEC-0DEF-4FF5-9D5E-748FD7DBC4B5}.Release|Win32.ActiveCfg = Release|Win32
		{38444BEC-0DEF-4FF5-9D5E-748FD7DBC4B5}.Release|Win32.Build.0 = Release|Win32
		{38444BEC-0DEF-4FF5-9D5E-748FD7DBC4B5}.Release|x64.ActiveCfg = Release|x64
		{38444BEC-0DEF-4FF5-9D5E-748FD7DBC4B5}.Release|x64.Build.0 = Release|x64
		{541B0751-8E82-4FA9-98D7-AC7E67C9E844}.Debug|Win32.ActiveCfg = Debug|Win32
		{541B0751-8E82-4FA9-98D7-AC7E67C9E844}.Debug|Win32.Build.0 = Debug|Win32
		{541B0751-8E82-4FA9-98D7-AC7E67C9E844}.Debug|x64.ActiveCfg = Debug|x64
		{541B0751-8E82-4FA9-98D7-AC7E67C9E844}.Debug|x64.Build.0 = Debug|x64
		{541B0751-8E82-4FA9-98D7-AC7E67C9E844}.Release|Win32.ActiveCfg = Release|Win32
		{541B0751-8E82-4FA9-98D7-AC7E67C9E844}.Release|Win32.Build.0 = Release|Win32
		{541B0751-8E82-4FA9-98D7-AC7E67C9E844}.Release|x64.ActiveCfg = Release|x64
		{541B0751-8E82-4FA9-98D7-AC7E67C9E844}.Release|x64.Build.0 = Release|x64
		{9190A403-11DA-4EF9-8BC2-DD0F13E6FA59}.Debug|Win32.ActiveCfg = Debug|Win32
		{9190A403-11DA-4EF9-8BC2-DD0F13E6FA59}.Debug|Win32.Build.0 = Debug|Win32
		{9190A403-11DA-4EF9-8BC2-DD0F13E6FA59}.Debug|x64.ActiveCfg = Debug|x64
		{9190A403-11DA-4EF9-8BC2-DD0F13E6FA59}.Debug|x64.Build.0 = Debug|x64
		{9190A403-11DA-4EF9-8BC2-DD0F13E6FA59}.Release|Win32.ActiveCfg = Release|Win32
		{9190A403-11DA-4EF9-8BC2-DD0F13E6FA59}.Release|Win32.Build.0 = Release|Win32
		{9190A403-11DA-4EF9-8BC2-DD0F13E6FA59}.Release|x64.ActiveCfg = Release|x64
		{9190A403-11DA-4EF9-8BC2-DD0F13E6FA59}.Release|x64.Build.0 = Release|x64
		{AD84AEE2-7B35-4910-8533-B3BA580A063B}.Debug|Win32.ActiveCfg = Debug|Win32
		{AD84AEE2-7B35-4910-8533-B3BA580A063B}.Debug|Win32.Build.0 = Debug|Win32
		{AD84AEE2-7B35-4910-8533-B3BA580A063B}.Debug|x64.ActiveCfg = Debug|x64
		{AD84AEE2-7B35-4910-8533-B3BA580A063B}.Debug|x64.Build.0 = Debug|x64
		{AD84AEE2-7B35-4910-8533-B3BA580A063B}.Release|Win32.ActiveCfg = Release|Win32
		{AD84AEE2-7B35-4910-8533-B3BA580A063B}.Release|Win32.Build.0 = Release|Win32
		{AD84AEE2-7B35-4910-8533-B3BA580A063B}.Release|x64.ActiveCfg = Release|x64
		{AD84AEE2-7B35-4910-8533-B3BA580A063B}.Release|x64.Build.0 = Release|x64
		{68729992-08E3-44C7-8592-BF26975E0BF3}.Debug|Win32.ActiveCfg = Debug|Win32
		{68729992-08E3-44C7-8592-BF26975E0BF3}.Debug|Win32.Build.0 = Debug|Win32
		{68729992-08E3-44C7-8592-BF26975E0BF3}.Debug|x64.ActiveCfg = Debug|x64
		{68729992-08E3-44C7-8592-BF26975E0BF3}.Debug|x64.Build.0 = Debug|x64
		{68729992-08E3-44C7-8592-BF26975E0BF3}.Release|Win32.ActiveCfg = Release|Win32
		{68729992-08E3-44C7-8592-BF26975E0BF3}.Release|Win32.Build.0 = Release|Win32
		{68729992-08E3-44C7-8592-BF26975E0BF3}.Release|x64.ActiveCfg = Release|x64
		{68729992-08E3-44C7-8592-BF26975E0BF3}.Release|x64.Build.0 = Release|x64
		{89B0ECFB-38C6-457A-BB00-D89DB3889F0F}.Debug|Win32.ActiveCfg = Debug|Win32
		{89B0ECFB-38C6-457A-BB00-D89DB3889F0F}.Debug|Win32.Build.0 = Debug|Win32
		{89B0ECFB-38C6-457A-BB00-D89DB3889F0F}.Debug|x64.ActiveCfg = Debug|x64
		{89B0ECFB-38C6-457A-BB00-D89DB3889F0F}.Debug|x64.Build.0 = Debug|x64
		{89B0ECFB-38C6-457A-BB00-D89DB3889F0F}.Release|Win32.ActiveCfg = Release|Win32
		{89B0ECFB-38C6-457A-BB00-D89DB3889F0F}.Release|Win32.Build.0 = Release|Win32
		{89B0ECFB-38C6-457A-BB00-D89DB3889F0F}.Release|x64.ActiveCfg = Release|x64
		{89B0ECFB-38C6-457A-BB00-D89DB3889F0F}.Release|x64.Build.0 = Release|x64
		{A209D3A8-3255-4C9D-94CD-3209FAFE3A28}.Debug|Win32.ActiveCfg = Debug|Win32
		{A209D3A8-3255-4C9D-94CD-3209FAFE3A28}.Debug|Win32.Build.0 = Debug|Win32
		{A209D3A8-3255-4C9D-94CD-3209FAFE3A28}.Debug|x64.ActiveCfg = Debug|x64
		{A209D3A8-3255-4C9D-94CD-3209FAFE3A28}.Debug|x64.Build.0 = Debug|x64
		{A209D3A8-3255-4C9D-94CD-3209FAFE3A28}.Release|Win32.ActiveCfg = Release|Win32
		{A209D3A8-3255-4C9D-94CD-3209FAFE3A28}.Release|Win32.Build.0 = Release|Win32
		{A209D3A8-3255-4C9D-94CD-3209FAFE3A28}.Release|x64.ActiveCfg = Release|x64
		{A209D3A8-3255-4C9D-94CD-3209FAFE3A28}.Release|x64.Build.0 = Release|x64
		{2A1ADCCD-29F6-479E-B41D-9307C8B36737}.Debug|Win32.ActiveCfg = Debug|Win32
		{2A1ADCCD-29F6-479E-B41D-9307C8B36737}.Debug|Win32.Build.0 = Debug|Win32
		{2A1ADCCD-29F6-479E-B41D-9307C8B36737}.Debug|x64.ActiveCfg = Debug|x64
		{2A1ADCCD-29F6-479E-B41D-9307C8B36737}.Debug|x64.Build.0 = Debug|x64
		{2A1ADCCD-29F6-479E-B41D-9307C8B36737}.Release|Win32.ActiveCfg = Release|Win32
		{2A1ADCCD-29F6-479E-B41D-9307C8B36737}.Release|Win32.Build.0 = Release|Win32
		{2A1ADCCD-29F6-479E-B41D-9307C8B36737}.Release|x64.ActiveCfg = Release|x64
		{2A1ADCCD-29F6-479E-B41D-9307C8B36737}.Release|x64.Build.0 = Release|x64
		{80D09435-C1F9-44B4-90D0-5E13B586CA08}.Debug|Win32.ActiveCfg = Debug|Win32
		{80D09435-C1F9-44B4-90D0-5E13B586CA08}.Debug|Win32.Build.0 = Debug|Win32
		{80D09435-C1F9-44B4-90D0-5E13B586CA08}.Debug|x64.ActiveCfg = Debug|x64
		{80D09435-C1F9-44B4-90D0-5E13B586CA08}.Debug|x64.Build.0 = Debug|x64
		{80D09435-C1F9-44B4-90D0-5E13B586CA08}.Release|Win32.ActiveCfg = Release|Win32
		{80D09435-C1F9-44B4-90D0-5E13B586CA08}.Release|Win32.Build.0 = Release|Win32
		{80D09435-C1F9-44B4-90D0-5E13B586CA08}.Release|x64.ActiveCfg = Release|x64
		{80D09435-C1F9-44B4-90D0-5E13B586CA08}.Release|x64.Build.0 = Release|x64
	EndGlobalSection
	GlobalSection(SolutionProperties) = preSolution
		HideSolutionNode = FALSE
	EndGlobalSection
EndGlobal
