<?xml version="1.0" encoding="utf-8"?>
<Project ToolsVersion="4.0" xmlns="http://schemas.microsoft.com/developer/msbuild/2003">
  <ItemGroup>
    <Filter Include="ソース ファイル">
      <UniqueIdentifier>{4FC737F1-C7A5-4376-A066-2A32D752A2FF}</UniqueIdentifier>
      <Extensions>cpp;c;cc;cxx;def;odl;idl;hpj;bat;asm;asmx</Extensions>
    </Filter>
    <Filter Include="ヘッダー ファイル">
      <UniqueIdentifier>{93995380-89BD-4b04-88EB-625FBE52EBFB}</UniqueIdentifier>
      <Extensions>h;hh;hpp;hxx;hm;inl;inc;xsd</Extensions>
    </Filter>
    <Filter Include="リソース ファイル">
      <UniqueIdentifier>{67DA6AB6-F800-4c08-8B7A-83BB121AAD01}</UniqueIdentifier>
      <Extensions>rc;ico;cur;bmp;dlg;rc2;rct;bin;rgs;gif;jpg;jpeg;jpe;resx;tiff;tif;png;wav;mfcribbon-ms</Extensions>
    </Filter>
    <Filter Include="ヘッダー ファイル\CPP">
      <UniqueIdentifier>{a30104aa-504f-4528-a53b-11d9d3470452}</UniqueIdentifier>
    </Filter>
    <Filter Include="ヘッダー ファイル\CLI">
      <UniqueIdentifier>{c3cb7b95-1f20-451b-b674-2c8bb21ee570}</UniqueIdentifier>
    </Filter>
    <Filter Include="ソース ファイル\CLI">
      <UniqueIdentifier>{9242a115-3ac0-40b4-b05e-d90e9b995b90}</UniqueIdentifier>
    </Filter>
    <Filter Include="ソース ファイル\CPP">
      <UniqueIdentifier>{16d12cb6-af04-4e43-964c-4a83c7dcbf6a}</UniqueIdentifier>
    </Filter>
  </ItemGroup>
  <ItemGroup>
    <Text Include="ReadMe.txt" />
  </ItemGroup>
  <ItemGroup>
    <ClCompile Include="CLI\cpp\AssemblyInfo.cpp">
      <Filter>ソース ファイル\CLI</Filter>
    </ClCompile>
    <ClCompile Include="CLI\cpp\Attribute_CLI.cpp">
      <Filter>ソース ファイル\CLI</Filter>
    </ClCompile>
    <ClCompile Include="CLI\cpp\Base_CLI.cpp">
      <Filter>ソース ファイル\CLI</Filter>
    </ClCompile>
    <ClCompile Include="CLI\cpp\Material_CLI.cpp">
      <Filter>ソース ファイル\CLI</Filter>
    </ClCompile>
    <ClCompile Include="CLI\cpp\Matrix_CLI.cpp">
      <Filter>ソース ファイル\CLI</Filter>
    </ClCompile>
    <ClCompile Include="CLI\cpp\Vector_CLI.cpp">
      <Filter>ソース ファイル\CLI</Filter>
    </ClCompile>
    <ClCompile Include="CLI\cpp\Palette_CLI.cpp">
      <Filter>ソース ファイル\CLI</Filter>
    </ClCompile>
    <ClCompile Include="CLI\cpp\Shape_CLI.cpp">
      <Filter>ソース ファイル\CLI</Filter>
    </ClCompile>
    <ClCompile Include="CLI\cpp\Block_CLI.cpp">
      <Filter>ソース ファイル\CLI</Filter>
    </ClCompile>
    <ClCompile Include="CLI\cpp\IndexFace_CLI.cpp">
      <Filter>ソース ファイル\CLI</Filter>
    </ClCompile>
    <ClCompile Include="CLI\cpp\Model_CLI.cpp">
      <Filter>ソース ファイル\CLI</Filter>
    </ClCompile>
    <ClCompile Include="CLI\cpp\Sphere_CLI.cpp">
      <Filter>ソース ファイル\CLI</Filter>
    </ClCompile>
    <ClCompile Include="CLI\cpp\Projection_CLI.cpp">
      <Filter>ソース ファイル\CLI</Filter>
    </ClCompile>
    <ClCompile Include="CLI\cpp\Scene_CLI.cpp">
      <Filter>ソース ファイル\CLI</Filter>
    </ClCompile>
    <ClCompile Include="CLI\cpp\AppWindow_CLI.cpp">
      <Filter>ソース ファイル\CLI</Filter>
    </ClCompile>
    <ClCompile Include="CLI\cpp\GuideObject_CLI.cpp">
      <Filter>ソース ファイル\CLI</Filter>
    </ClCompile>
    <ClCompile Include="CLI\cpp\Line_CLI.cpp">
      <Filter>ソース ファイル\CLI</Filter>
    </ClCompile>
    <ClCompile Include="CLI\cpp\Light_CLI.cpp">
      <Filter>ソース ファイル\CLI</Filter>
    </ClCompile>
    <ClCompile Include="CLI\cpp\Point_CLI.cpp">
      <Filter>ソース ファイル\CLI</Filter>
    </ClCompile>
    <ClCompile Include="CLI\cpp\Capsule_CLI.cpp">
      <Filter>ソース ファイル\CLI</Filter>
    </ClCompile>
    <ClCompile Include="CLI\cpp\Circle_CLI.cpp">
      <Filter>ソース ファイル\CLI</Filter>
    </ClCompile>
    <ClCompile Include="CLI\cpp\Cone_CLI.cpp">
      <Filter>ソース ファイル\CLI</Filter>
    </ClCompile>
    <ClCompile Include="CLI\cpp\Prism_CLI.cpp">
      <Filter>ソース ファイル\CLI</Filter>
    </ClCompile>
    <ClCompile Include="CLI\cpp\Polygon_CLI.cpp">
      <Filter>ソース ファイル\CLI</Filter>
    </ClCompile>
    <ClCompile Include="CLI\cpp\Texture_CLI.cpp">
      <Filter>ソース ファイル\CLI</Filter>
    </ClCompile>
    <ClCompile Include="CLI\cpp\Image_CLI.cpp">
      <Filter>ソース ファイル\CLI</Filter>
    </ClCompile>
    <ClCompile Include="CLI\cpp\RectTexture_CLI.cpp">
      <Filter>ソース ファイル\CLI</Filter>
    </ClCompile>
    <ClCompile Include="CLI\cpp\TriTexture_CLI.cpp">
      <Filter>ソース ファイル\CLI</Filter>
    </ClCompile>
    <ClCompile Include="CLI\cpp\MeshTexture_CLI.cpp">
      <Filter>ソース ファイル\CLI</Filter>
    </ClCompile>
    <ClCompile Include="CLI\cpp\IFSTexture_CLI.cpp">
      <Filter>ソース ファイル\CLI</Filter>
    </ClCompile>
    <ClCompile Include="CLI\cpp\BVHMotion_CLI.cpp">
      <Filter>ソース ファイル\CLI</Filter>
    </ClCompile>
    <ClCompile Include="CLI\cpp\Topology_CLI.cpp">
      <Filter>ソース ファイル\CLI</Filter>
    </ClCompile>
    <ClCompile Include="CLI\cpp\Vertex_CLI.cpp">
      <Filter>ソース ファイル\CLI</Filter>
    </ClCompile>
    <ClCompile Include="CLI\cpp\Half_CLI.cpp">
      <Filter>ソース ファイル\CLI</Filter>
    </ClCompile>
    <ClCompile Include="CLI\cpp\Edeg_CLI.cpp">
      <Filter>ソース ファイル\CLI</Filter>
    </ClCompile>
    <ClCompile Include="CLI\cpp\Loop_CLI.cpp">
      <Filter>ソース ファイル\CLI</Filter>
    </ClCompile>
    <ClCompile Include="CLI\cpp\DList_CLI.cpp">
      <Filter>ソース ファイル\CLI</Filter>
    </ClCompile>
    <ClCompile Include="CLI\cpp\Fog_CLI.cpp">
      <Filter>ソース ファイル\CLI</Filter>
    </ClCompile>
    <ClCompile Include="CLI\cpp\Boundary_CLI.cpp">
      <Filter>ソース ファイル\CLI</Filter>
    </ClCompile>
    <ClCompile Include="CLI\cpp\MatAdmin_CLI.cpp">
      <Filter>ソース ファイル\CLI</Filter>
    </ClCompile>
    <ClCompile Include="CLI\cpp\Reference_CLI.cpp">
      <Filter>ソース ファイル\CLI</Filter>
    </ClCompile>
    <ClCompile Include="CLI\cpp\DataAccess_CLI.cpp">
      <Filter>ソース ファイル\CLI</Filter>
    </ClCompile>
    <ClCompile Include="CLI\cpp\Operation_CLI.cpp">
      <Filter>ソース ファイル\CLI</Filter>
    </ClCompile>
    <ClCompile Include="CLI\cpp\Modify_CLI.cpp">
      <Filter>ソース ファイル\CLI</Filter>
    </ClCompile>
    <ClCompile Include="CLI\cpp\SolidBase_CLI.cpp">
      <Filter>ソース ファイル\CLI</Filter>
    </ClCompile>
    <ClCompile Include="CLI\cpp\Solid_CLI.cpp">
      <Filter>ソース ファイル\CLI</Filter>
    </ClCompile>
    <ClCompile Include="CLI\cpp\UniCode_CLI.cpp">
      <Filter>ソース ファイル\CLI</Filter>
    </ClCompile>
    <ClCompile Include="CLI\cpp\TextImage_CLI.cpp">
      <Filter>ソース ファイル\CLI</Filter>
    </ClCompile>
    <ClCompile Include="CLI\cpp\SpriteModel_CLI.cpp">
      <Filter>ソース ファイル\CLI</Filter>
    </ClCompile>
    <ClCompile Include="CLI\cpp\Performer_CLI.cpp">
      <Filter>ソース ファイル\CLI</Filter>
    </ClCompile>
    <ClCompile Include="CLI\cpp\Particle_CLI.cpp">
      <Filter>ソース ファイル\CLI</Filter>
    </ClCompile>
    <ClCompile Include="CLI\cpp\ParticleSet_CLI.cpp">
      <Filter>ソース ファイル\CLI</Filter>
    </ClCompile>
    <ClCompile Include="CLI\cpp\Quaternion_CLI.cpp">
      <Filter>ソース ファイル\CLI</Filter>
    </ClCompile>
    <ClCompile Include="CLI\cpp\Math_CLI.cpp">
      <Filter>ソース ファイル\CLI</Filter>
    </ClCompile>
    <ClCompile Include="CLI\cpp\GenVector_CLI.cpp">
      <Filter>ソース ファイル\CLI</Filter>
    </ClCompile>
    <ClCompile Include="CLI\cpp\GenMatrix_CLI.cpp">
      <Filter>ソース ファイル\CLI</Filter>
    </ClCompile>
    <ClCompile Include="CLI\cpp\AudioBase_CLI.cpp">
      <Filter>ソース ファイル\CLI</Filter>
    </ClCompile>
    <ClCompile Include="CLI\cpp\AudioOggBuffer_CLI.cpp">
      <Filter>ソース ファイル\CLI</Filter>
    </ClCompile>
    <ClCompile Include="CLI\cpp\AudioStream_CLI.cpp">
      <Filter>ソース ファイル\CLI</Filter>
    </ClCompile>
    <ClCompile Include="CLI\cpp\AudioWavBuffer_CLI.cpp">
      <Filter>ソース ファイル\CLI</Filter>
    </ClCompile>
    <ClCompile Include="CLI\cpp\Renderer_CLI.cpp">
      <Filter>ソース ファイル\CLI</Filter>
    </ClCompile>
    <ClCompile Include="CLI\cpp\ShapeViewer_CLI.cpp">
      <Filter>ソース ファイル\CLI</Filter>
    </ClCompile>
    <ClCompile Include="CLI\cpp\Plane_CLI.cpp">
      <Filter>ソース ファイル\CLI</Filter>
    </ClCompile>
    <ClCompile Include="CLI\cpp\PickData_CLI.cpp">
      <Filter>ソース ファイル\CLI</Filter>
    </ClCompile>
    <ClCompile Include="..\..\src\audio\Audio_Base.cxx">
      <Filter>ソース ファイル\CPP</Filter>
    </ClCompile>
    <ClCompile Include="..\..\src\audio\Audio_Buffer.cxx">
      <Filter>ソース ファイル\CPP</Filter>
    </ClCompile>
    <ClCompile Include="..\..\src\audio\Audio_Stream.cxx">
      <Filter>ソース ファイル\CPP</Filter>
    </ClCompile>
    <ClCompile Include="..\..\src\base\Base.cxx">
      <Filter>ソース ファイル\CPP</Filter>
    </ClCompile>
    <ClCompile Include="..\..\src\base\Error.cxx">
      <Filter>ソース ファイル\CPP</Filter>
    </ClCompile>
    <ClCompile Include="..\..\src\base\IDAdmin.cxx">
      <Filter>ソース ファイル\CPP</Filter>
    </ClCompile>
    <ClCompile Include="..\..\src\base\System.cxx">
      <Filter>ソース ファイル\CPP</Filter>
    </ClCompile>
    <ClCompile Include="..\..\src\base\Tree.cxx">
      <Filter>ソース ファイル\CPP</Filter>
    </ClCompile>
    <ClCompile Include="..\..\src\graphics\Engine.cxx">
      <Filter>ソース ファイル\CPP</Filter>
    </ClCompile>
    <ClCompile Include="..\..\src\graphics\FaceDraw.cxx">
      <Filter>ソース ファイル\CPP</Filter>
    </ClCompile>
    <ClCompile Include="..\..\src\graphics\FrameController.cxx">
      <Filter>ソース ファイル\CPP</Filter>
    </ClCompile>
    <ClCompile Include="..\..\src\graphics\LineDraw.cxx">
      <Filter>ソース ファイル\CPP</Filter>
    </ClCompile>
    <ClCompile Include="..\..\src\graphics\PointDraw.cxx">
      <Filter>ソース ファイル\CPP</Filter>
    </ClCompile>
    <ClCompile Include="..\..\src\graphics\TextureDraw.cxx">
      <Filter>ソース ファイル\CPP</Filter>
    </ClCompile>
    <ClCompile Include="..\..\src\material\Material.cxx">
      <Filter>ソース ファイル\CPP</Filter>
    </ClCompile>
    <ClCompile Include="..\..\src\material\MatExample.cxx">
      <Filter>ソース ファイル\CPP</Filter>
    </ClCompile>
    <ClCompile Include="..\..\src\material\Palette.cxx">
      <Filter>ソース ファイル\CPP</Filter>
    </ClCompile>
    <ClCompile Include="..\..\src\math\GenMatrix.cxx">
      <Filter>ソース ファイル\CPP</Filter>
    </ClCompile>
    <ClCompile Include="..\..\src\math\GenVector.cxx">
      <Filter>ソース ファイル\CPP</Filter>
    </ClCompile>
    <ClCompile Include="..\..\src\math\Math.cxx">
      <Filter>ソース ファイル\CPP</Filter>
    </ClCompile>
    <ClCompile Include="..\..\src\math\Matrix.cxx">
      <Filter>ソース ファイル\CPP</Filter>
    </ClCompile>
    <ClCompile Include="..\..\src\math\Plane.cxx">
      <Filter>ソース ファイル\CPP</Filter>
    </ClCompile>
    <ClCompile Include="..\..\src\math\Quaternion.cxx">
      <Filter>ソース ファイル\CPP</Filter>
    </ClCompile>
    <ClCompile Include="..\..\src\math\Vector.cxx">
      <Filter>ソース ファイル\CPP</Filter>
    </ClCompile>
    <ClCompile Include="..\..\src\model\Boundary.cxx">
      <Filter>ソース ファイル\CPP</Filter>
    </ClCompile>
    <ClCompile Include="..\..\src\model\BoundaryElem.cxx">
      <Filter>ソース ファイル\CPP</Filter>
    </ClCompile>
    <ClCompile Include="..\..\src\model\BVHMotion.cxx">
      <Filter>ソース ファイル\CPP</Filter>
    </ClCompile>
    <ClCompile Include="..\..\src\model\MatAdmin.cxx">
      <Filter>ソース ファイル\CPP</Filter>
    </ClCompile>
    <ClCompile Include="..\..\src\model\Model.cxx">
      <Filter>ソース ファイル\CPP</Filter>
    </ClCompile>
    <ClCompile Include="..\..\src\model\ModelTree.cxx">
      <Filter>ソース ファイル\CPP</Filter>
    </ClCompile>
    <ClCompile Include="..\..\src\scene\DList.cxx">
      <Filter>ソース ファイル\CPP</Filter>
    </ClCompile>
    <ClCompile Include="..\..\src\scene\Fog.cxx">
      <Filter>ソース ファイル\CPP</Filter>
    </ClCompile>
    <ClCompile Include="..\..\src\scene\Projection.cxx">
      <Filter>ソース ファイル\CPP</Filter>
    </ClCompile>
    <ClCompile Include="..\..\src\scene\Scene.cxx">
      <Filter>ソース ファイル\CPP</Filter>
    </ClCompile>
    <ClCompile Include="..\..\src\shape\Attribute.cxx">
      <Filter>ソース ファイル\CPP</Filter>
    </ClCompile>
    <ClCompile Include="..\..\src\shape\AttributeData.cxx">
      <Filter>ソース ファイル\CPP</Filter>
    </ClCompile>
    <ClCompile Include="..\..\src\shape\BezCurve.cxx">
      <Filter>ソース ファイル\CPP</Filter>
    </ClCompile>
    <ClCompile Include="..\..\src\shape\BezSurface.cxx">
      <Filter>ソース ファイル\CPP</Filter>
    </ClCompile>
    <ClCompile Include="..\..\src\shape\Block.cxx">
      <Filter>ソース ファイル\CPP</Filter>
    </ClCompile>
    <ClCompile Include="..\..\src\shape\BSplBase.cxx">
      <Filter>ソース ファイル\CPP</Filter>
    </ClCompile>
    <ClCompile Include="..\..\src\shape\BSplCurve.cxx">
      <Filter>ソース ファイル\CPP</Filter>
    </ClCompile>
    <ClCompile Include="..\..\src\shape\BSplSurface.cxx">
      <Filter>ソース ファイル\CPP</Filter>
    </ClCompile>
    <ClCompile Include="..\..\src\shape\Capsule.cxx">
      <Filter>ソース ファイル\CPP</Filter>
    </ClCompile>
    <ClCompile Include="..\..\src\shape\Circle.cxx">
      <Filter>ソース ファイル\CPP</Filter>
    </ClCompile>
    <ClCompile Include="..\..\src\shape\Command.cxx">
      <Filter>ソース ファイル\CPP</Filter>
    </ClCompile>
    <ClCompile Include="..\..\src\shape\Cone.cxx">
      <Filter>ソース ファイル\CPP</Filter>
    </ClCompile>
    <ClCompile Include="..\..\src\shape\Curve.cxx">
      <Filter>ソース ファイル\CPP</Filter>
    </ClCompile>
    <ClCompile Include="..\..\src\shape\D3DXAnimation.cxx">
      <Filter>ソース ファイル\CPP</Filter>
    </ClCompile>
    <ClCompile Include="..\..\src\shape\D3DXData.cxx">
      <Filter>ソース ファイル\CPP</Filter>
    </ClCompile>
    <ClCompile Include="..\..\src\shape\D3DXParser.cxx">
      <Filter>ソース ファイル\CPP</Filter>
    </ClCompile>
    <ClCompile Include="..\..\src\shape\D3DXShapeParser.cxx">
      <Filter>ソース ファイル\CPP</Filter>
    </ClCompile>
    <ClCompile Include="..\..\src\shape\DataAccess.cxx">
      <Filter>ソース ファイル\CPP</Filter>
    </ClCompile>
    <ClCompile Include="..\..\src\shape\DataBase.cxx">
      <Filter>ソース ファイル\CPP</Filter>
    </ClCompile>
    <ClCompile Include="..\..\src\shape\DrawCache.cxx">
      <Filter>ソース ファイル\CPP</Filter>
    </ClCompile>
    <ClCompile Include="..\..\src\shape\DXFOut.cxx">
      <Filter>ソース ファイル\CPP</Filter>
    </ClCompile>
    <ClCompile Include="..\..\src\shape\DXFParser.cxx">
      <Filter>ソース ファイル\CPP</Filter>
    </ClCompile>
    <ClCompile Include="..\..\src\shape\Edge.cxx">
      <Filter>ソース ファイル\CPP</Filter>
    </ClCompile>
    <ClCompile Include="..\..\src\shape\FileInput.cxx">
      <Filter>ソース ファイル\CPP</Filter>
    </ClCompile>
    <ClCompile Include="..\..\src\shape\FileOutput.cxx">
      <Filter>ソース ファイル\CPP</Filter>
    </ClCompile>
    <ClCompile Include="..\..\src\shape\Gregory.cxx">
      <Filter>ソース ファイル\CPP</Filter>
    </ClCompile>
    <ClCompile Include="..\..\src\shape\Half.cxx">
      <Filter>ソース ファイル\CPP</Filter>
    </ClCompile>
    <ClCompile Include="..\..\src\shape\History.cxx">
      <Filter>ソース ファイル\CPP</Filter>
    </ClCompile>
    <ClCompile Include="..\..\src\shape\HRCParser.cxx">
      <Filter>ソース ファイル\CPP</Filter>
    </ClCompile>
    <ClCompile Include="..\..\src\shape\IFSetHandle.cxx">
      <Filter>ソース ファイル\CPP</Filter>
    </ClCompile>
    <ClCompile Include="..\..\src\shape\IFSTexture.cxx">
      <Filter>ソース ファイル\CPP</Filter>
    </ClCompile>
    <ClCompile Include="..\..\src\shape\Image.cxx">
      <Filter>ソース ファイル\CPP</Filter>
    </ClCompile>
    <ClCompile Include="..\..\src\shape\ImageIO.cxx">
      <Filter>ソース ファイル\CPP</Filter>
    </ClCompile>
    <ClCompile Include="..\..\src\shape\IndexFace.cxx">
      <Filter>ソース ファイル\CPP</Filter>
    </ClCompile>
    <ClCompile Include="..\..\src\shape\Light.cxx">
      <Filter>ソース ファイル\CPP</Filter>
    </ClCompile>
    <ClCompile Include="..\..\src\shape\Line.cxx">
      <Filter>ソース ファイル\CPP</Filter>
    </ClCompile>
    <ClCompile Include="..\..\src\shape\Loop.cxx">
      <Filter>ソース ファイル\CPP</Filter>
    </ClCompile>
    <ClCompile Include="..\..\src\shape\MassProperty.cxx">
      <Filter>ソース ファイル\CPP</Filter>
    </ClCompile>
    <ClCompile Include="..\..\src\shape\MeshTexture.cxx">
      <Filter>ソース ファイル\CPP</Filter>
    </ClCompile>
    <ClCompile Include="..\..\src\shape\Modify.cxx">
      <Filter>ソース ファイル\CPP</Filter>
    </ClCompile>
    <ClCompile Include="..\..\src\shape\MQOOut.cxx">
      <Filter>ソース ファイル\CPP</Filter>
    </ClCompile>
    <ClCompile Include="..\..\src\shape\MQOParser.cxx">
      <Filter>ソース ファイル\CPP</Filter>
    </ClCompile>
    <ClCompile Include="..\..\src\shape\Operation.cxx">
      <Filter>ソース ファイル\CPP</Filter>
    </ClCompile>
    <ClCompile Include="..\..\src\shape\ParserBase.cxx">
      <Filter>ソース ファイル\CPP</Filter>
    </ClCompile>
    <ClCompile Include="..\..\src\shape\Particle.cxx">
      <Filter>ソース ファイル\CPP</Filter>
    </ClCompile>
    <ClCompile Include="..\..\src\shape\PickData.cxx">
      <Filter>ソース ファイル\CPP</Filter>
    </ClCompile>
    <ClCompile Include="..\..\src\shape\Point.cxx">
      <Filter>ソース ファイル\CPP</Filter>
    </ClCompile>
    <ClCompile Include="..\..\src\shape\Polygon.cxx">
      <Filter>ソース ファイル\CPP</Filter>
    </ClCompile>
    <ClCompile Include="..\..\src\shape\Prism.cxx">
      <Filter>ソース ファイル\CPP</Filter>
    </ClCompile>
    <ClCompile Include="..\..\src\shape\RDSParser.cxx">
      <Filter>ソース ファイル\CPP</Filter>
    </ClCompile>
    <ClCompile Include="..\..\src\shape\Reference1.cxx">
      <Filter>ソース ファイル\CPP</Filter>
    </ClCompile>
    <ClCompile Include="..\..\src\shape\Reference2.cxx">
      <Filter>ソース ファイル\CPP</Filter>
    </ClCompile>
    <ClCompile Include="..\..\src\shape\Reference3.cxx">
      <Filter>ソース ファイル\CPP</Filter>
    </ClCompile>
    <ClCompile Include="..\..\src\shape\Shape.cxx">
      <Filter>ソース ファイル\CPP</Filter>
    </ClCompile>
    <ClCompile Include="..\..\src\shape\SMFParser.cxx">
      <Filter>ソース ファイル\CPP</Filter>
    </ClCompile>
    <ClCompile Include="..\..\src\shape\Solid.cxx">
      <Filter>ソース ファイル\CPP</Filter>
    </ClCompile>
    <ClCompile Include="..\..\src\shape\SolidBase.cxx">
      <Filter>ソース ファイル\CPP</Filter>
    </ClCompile>
    <ClCompile Include="..\..\src\shape\Sphere.cxx">
      <Filter>ソース ファイル\CPP</Filter>
    </ClCompile>
    <ClCompile Include="..\..\src\shape\SRFParser.cxx">
      <Filter>ソース ファイル\CPP</Filter>
    </ClCompile>
    <ClCompile Include="..\..\src\shape\STLOut.cxx">
      <Filter>ソース ファイル\CPP</Filter>
    </ClCompile>
    <ClCompile Include="..\..\src\shape\STLParser.cxx">
      <Filter>ソース ファイル\CPP</Filter>
    </ClCompile>
    <ClCompile Include="..\..\src\shape\SubDivision.cxx">
      <Filter>ソース ファイル\CPP</Filter>
    </ClCompile>
    <ClCompile Include="..\..\src\shape\Surface.cxx">
      <Filter>ソース ファイル\CPP</Filter>
    </ClCompile>
    <ClCompile Include="..\..\src\shape\TextImage.cxx">
      <Filter>ソース ファイル\CPP</Filter>
    </ClCompile>
    <ClCompile Include="..\..\src\shape\Texture.cxx">
      <Filter>ソース ファイル\CPP</Filter>
    </ClCompile>
    <ClCompile Include="..\..\src\shape\Topology.cxx">
      <Filter>ソース ファイル\CPP</Filter>
    </ClCompile>
    <ClCompile Include="..\..\src\shape\UniCode.cxx">
      <Filter>ソース ファイル\CPP</Filter>
    </ClCompile>
    <ClCompile Include="..\..\src\shape\Vertex.cxx">
      <Filter>ソース ファイル\CPP</Filter>
    </ClCompile>
    <ClCompile Include="..\..\src\shape\VRMLOut.cxx">
      <Filter>ソース ファイル\CPP</Filter>
    </ClCompile>
    <ClCompile Include="..\..\src\shape\VRMLParser.cxx">
      <Filter>ソース ファイル\CPP</Filter>
    </ClCompile>
    <ClCompile Include="..\..\src\util\AppWindow.cxx">
      <Filter>ソース ファイル\CPP</Filter>
    </ClCompile>
    <ClCompile Include="..\..\src\util\Fullscreen.cxx">
      <Filter>ソース ファイル\CPP</Filter>
    </ClCompile>
    <ClCompile Include="..\..\src\util\GuideObject.cxx">
      <Filter>ソース ファイル\CPP</Filter>
    </ClCompile>
    <ClCompile Include="..\..\src\util\Input.cxx">
      <Filter>ソース ファイル\CPP</Filter>
    </ClCompile>
    <ClCompile Include="..\..\src\util\Misc.cxx">
      <Filter>ソース ファイル\CPP</Filter>
    </ClCompile>
    <ClCompile Include="..\..\src\util\MotionCharactor.cxx">
      <Filter>ソース ファイル\CPP</Filter>
    </ClCompile>
    <ClCompile Include="..\..\src\util\MotionData.cxx">
      <Filter>ソース ファイル\CPP</Filter>
    </ClCompile>
    <ClCompile Include="..\..\src\util\SpriteModel.cxx">
      <Filter>ソース ファイル\CPP</Filter>
    </ClCompile>
    <ClCompile Include="..\..\src\util\TrackBall.cxx">
      <Filter>ソース ファイル\CPP</Filter>
    </ClCompile>
    <ClCompile Include="..\..\src\window\ShapeViewer_fltk.cxx">
      <Filter>ソース ファイル\CPP</Filter>
    </ClCompile>
    <ClCompile Include="..\..\src\window\Window_fltk.cxx">
      <Filter>ソース ファイル\CPP</Filter>
    </ClCompile>
    <ClCompile Include="..\..\src\window\WindowEvent_fltk.cxx">
      <Filter>ソース ファイル\CPP</Filter>
    </ClCompile>
  </ItemGroup>
  <ItemGroup>
    <ClInclude Include="..\..\FK\Angle.h">
      <Filter>ヘッダー ファイル\CPP</Filter>
    </ClInclude>
    <ClInclude Include="..\..\FK\Array.H">
      <Filter>ヘッダー ファイル\CPP</Filter>
    </ClInclude>
    <ClInclude Include="..\..\FK\Attribute.h">
      <Filter>ヘッダー ファイル\CPP</Filter>
    </ClInclude>
    <ClInclude Include="..\..\FK\AttributeData.H">
      <Filter>ヘッダー ファイル\CPP</Filter>
    </ClInclude>
    <ClInclude Include="..\..\FK\Base.h">
      <Filter>ヘッダー ファイル\CPP</Filter>
    </ClInclude>
    <ClInclude Include="..\..\FK\BezCurve.h">
      <Filter>ヘッダー ファイル\CPP</Filter>
    </ClInclude>
    <ClInclude Include="..\..\FK\BezSurface.h">
      <Filter>ヘッダー ファイル\CPP</Filter>
    </ClInclude>
    <ClInclude Include="..\..\FK\Block.h">
      <Filter>ヘッダー ファイル\CPP</Filter>
    </ClInclude>
    <ClInclude Include="..\..\FK\Boundary.h">
      <Filter>ヘッダー ファイル\CPP</Filter>
    </ClInclude>
    <ClInclude Include="..\..\FK\BoundaryElem.H">
      <Filter>ヘッダー ファイル\CPP</Filter>
    </ClInclude>
    <ClInclude Include="..\..\FK\BSplBase.H">
      <Filter>ヘッダー ファイル\CPP</Filter>
    </ClInclude>
    <ClInclude Include="..\..\FK\BSplCurve.h">
      <Filter>ヘッダー ファイル\CPP</Filter>
    </ClInclude>
    <ClInclude Include="..\..\FK\BSplSurface.h">
      <Filter>ヘッダー ファイル\CPP</Filter>
    </ClInclude>
    <ClInclude Include="..\..\FK\BVHMotion.h">
      <Filter>ヘッダー ファイル\CPP</Filter>
    </ClInclude>
    <ClInclude Include="..\..\FK\Capsule.h">
      <Filter>ヘッダー ファイル\CPP</Filter>
    </ClInclude>
    <ClInclude Include="..\..\FK\Circle.h">
      <Filter>ヘッダー ファイル\CPP</Filter>
    </ClInclude>
    <ClInclude Include="..\..\FK\Command.H">
      <Filter>ヘッダー ファイル\CPP</Filter>
    </ClInclude>
    <ClInclude Include="..\..\FK\Cone.h">
      <Filter>ヘッダー ファイル\CPP</Filter>
    </ClInclude>
    <ClInclude Include="..\..\FK\Curve.h">
      <Filter>ヘッダー ファイル\CPP</Filter>
    </ClInclude>
    <ClInclude Include="..\..\FK\D3DXAnimation.H">
      <Filter>ヘッダー ファイル\CPP</Filter>
    </ClInclude>
    <ClInclude Include="..\..\FK\D3DXData.H">
      <Filter>ヘッダー ファイル\CPP</Filter>
    </ClInclude>
    <ClInclude Include="..\..\FK\D3DXParser.H">
      <Filter>ヘッダー ファイル\CPP</Filter>
    </ClInclude>
    <ClInclude Include="..\..\FK\D3DXShapeParser.H">
      <Filter>ヘッダー ファイル\CPP</Filter>
    </ClInclude>
    <ClInclude Include="..\..\FK\DataAccess.h">
      <Filter>ヘッダー ファイル\CPP</Filter>
    </ClInclude>
    <ClInclude Include="..\..\FK\DataBase.H">
      <Filter>ヘッダー ファイル\CPP</Filter>
    </ClInclude>
    <ClInclude Include="..\..\FK\DList.h">
      <Filter>ヘッダー ファイル\CPP</Filter>
    </ClInclude>
    <ClInclude Include="..\..\FK\DrawCache.h">
      <Filter>ヘッダー ファイル\CPP</Filter>
    </ClInclude>
    <ClInclude Include="..\..\FK\DXFOut.H">
      <Filter>ヘッダー ファイル\CPP</Filter>
    </ClInclude>
    <ClInclude Include="..\..\FK\DXFParser.H">
      <Filter>ヘッダー ファイル\CPP</Filter>
    </ClInclude>
    <ClInclude Include="..\..\FK\Edge.h">
      <Filter>ヘッダー ファイル\CPP</Filter>
    </ClInclude>
    <ClInclude Include="..\..\FK\Engine.H">
      <Filter>ヘッダー ファイル\CPP</Filter>
    </ClInclude>
    <ClInclude Include="..\..\FK\Error.H">
      <Filter>ヘッダー ファイル\CPP</Filter>
    </ClInclude>
    <ClInclude Include="..\..\FK\FaceDraw.H">
      <Filter>ヘッダー ファイル\CPP</Filter>
    </ClInclude>
    <ClInclude Include="..\..\FK\FileBase.h">
      <Filter>ヘッダー ファイル\CPP</Filter>
    </ClInclude>
    <ClInclude Include="..\..\FK\FileInput.H">
      <Filter>ヘッダー ファイル\CPP</Filter>
    </ClInclude>
    <ClInclude Include="..\..\FK\FileOutput.H">
      <Filter>ヘッダー ファイル\CPP</Filter>
    </ClInclude>
    <ClInclude Include="..\..\FK\FK.h">
      <Filter>ヘッダー ファイル\CPP</Filter>
    </ClInclude>
    <ClInclude Include="..\..\FK\FKUT.h">
      <Filter>ヘッダー ファイル\CPP</Filter>
    </ClInclude>
    <ClInclude Include="..\..\FK\Fog.h">
      <Filter>ヘッダー ファイル\CPP</Filter>
    </ClInclude>
    <ClInclude Include="..\..\FK\FrameController.H">
      <Filter>ヘッダー ファイル\CPP</Filter>
    </ClInclude>
    <ClInclude Include="..\..\FK\Fullscreen.h">
      <Filter>ヘッダー ファイル\CPP</Filter>
    </ClInclude>
    <ClInclude Include="..\..\FK\GenMatrix.h">
      <Filter>ヘッダー ファイル\CPP</Filter>
    </ClInclude>
    <ClInclude Include="..\..\FK\GenVector.h">
      <Filter>ヘッダー ファイル\CPP</Filter>
    </ClInclude>
    <ClInclude Include="..\..\FK\GuideObject.h">
      <Filter>ヘッダー ファイル\CPP</Filter>
    </ClInclude>
    <ClInclude Include="..\..\FK\Half.h">
      <Filter>ヘッダー ファイル\CPP</Filter>
    </ClInclude>
    <ClInclude Include="..\..\FK\HeapBase.h">
      <Filter>ヘッダー ファイル\CPP</Filter>
    </ClInclude>
    <ClInclude Include="..\..\FK\History.H">
      <Filter>ヘッダー ファイル\CPP</Filter>
    </ClInclude>
    <ClInclude Include="..\..\FK\HRCParser.H">
      <Filter>ヘッダー ファイル\CPP</Filter>
    </ClInclude>
    <ClInclude Include="..\..\FK\IDAdmin.H">
      <Filter>ヘッダー ファイル\CPP</Filter>
    </ClInclude>
    <ClInclude Include="..\..\FK\IFSetHandle.H">
      <Filter>ヘッダー ファイル\CPP</Filter>
    </ClInclude>
    <ClInclude Include="..\..\FK\IFSTexture.h">
      <Filter>ヘッダー ファイル\CPP</Filter>
    </ClInclude>
    <ClInclude Include="..\..\FK\Image.h">
      <Filter>ヘッダー ファイル\CPP</Filter>
    </ClInclude>
    <ClInclude Include="..\..\FK\IndexFace.h">
      <Filter>ヘッダー ファイル\CPP</Filter>
    </ClInclude>
    <ClInclude Include="..\..\FK\Input.h">
      <Filter>ヘッダー ファイル\CPP</Filter>
    </ClInclude>
    <ClInclude Include="..\..\FK\LIAdmin.H">
      <Filter>ヘッダー ファイル\CPP</Filter>
    </ClInclude>
    <ClInclude Include="..\..\FK\Light.h">
      <Filter>ヘッダー ファイル\CPP</Filter>
    </ClInclude>
    <ClInclude Include="..\..\FK\Line.h">
      <Filter>ヘッダー ファイル\CPP</Filter>
    </ClInclude>
    <ClInclude Include="..\..\FK\LineDraw.H">
      <Filter>ヘッダー ファイル\CPP</Filter>
    </ClInclude>
    <ClInclude Include="..\..\FK\Loop.h">
      <Filter>ヘッダー ファイル\CPP</Filter>
    </ClInclude>
    <ClInclude Include="..\..\FK\MassProperty.h">
      <Filter>ヘッダー ファイル\CPP</Filter>
    </ClInclude>
    <ClInclude Include="..\..\FK\MatAdmin.h">
      <Filter>ヘッダー ファイル\CPP</Filter>
    </ClInclude>
    <ClInclude Include="..\..\FK\Material.h">
      <Filter>ヘッダー ファイル\CPP</Filter>
    </ClInclude>
    <ClInclude Include="..\..\FK\MatExample.h">
      <Filter>ヘッダー ファイル\CPP</Filter>
    </ClInclude>
    <ClInclude Include="..\..\FK\Math.h">
      <Filter>ヘッダー ファイル\CPP</Filter>
    </ClInclude>
    <ClInclude Include="..\..\FK\Matrix.h">
      <Filter>ヘッダー ファイル\CPP</Filter>
    </ClInclude>
    <ClInclude Include="..\..\FK\Misc.h">
      <Filter>ヘッダー ファイル\CPP</Filter>
    </ClInclude>
    <ClInclude Include="..\..\FK\Model.h">
      <Filter>ヘッダー ファイル\CPP</Filter>
    </ClInclude>
    <ClInclude Include="..\..\FK\Modify.h">
      <Filter>ヘッダー ファイル\CPP</Filter>
    </ClInclude>
    <ClInclude Include="..\..\FK\MotionCharactor.h">
      <Filter>ヘッダー ファイル\CPP</Filter>
    </ClInclude>
    <ClInclude Include="..\..\FK\MotionData.H">
      <Filter>ヘッダー ファイル\CPP</Filter>
    </ClInclude>
    <ClInclude Include="..\..\FK\MQOOut.H">
      <Filter>ヘッダー ファイル\CPP</Filter>
    </ClInclude>
    <ClInclude Include="..\..\FK\MQOParser.H">
      <Filter>ヘッダー ファイル\CPP</Filter>
    </ClInclude>
    <ClInclude Include="..\..\FK\OpenCL.h">
      <Filter>ヘッダー ファイル\CPP</Filter>
    </ClInclude>
    <ClInclude Include="..\..\FK\OpenGL.H">
      <Filter>ヘッダー ファイル\CPP</Filter>
    </ClInclude>
    <ClInclude Include="..\..\FK\Operation.h">
      <Filter>ヘッダー ファイル\CPP</Filter>
    </ClInclude>
    <ClInclude Include="..\..\FK\Palette.h">
      <Filter>ヘッダー ファイル\CPP</Filter>
    </ClInclude>
    <ClInclude Include="..\..\FK\ParserBase.H">
      <Filter>ヘッダー ファイル\CPP</Filter>
    </ClInclude>
    <ClInclude Include="..\..\FK\ParserData.h">
      <Filter>ヘッダー ファイル\CPP</Filter>
    </ClInclude>
    <ClInclude Include="..\..\FK\Particle.h">
      <Filter>ヘッダー ファイル\CPP</Filter>
    </ClInclude>
    <ClInclude Include="..\..\FK\PickData.h">
      <Filter>ヘッダー ファイル\CPP</Filter>
    </ClInclude>
    <ClInclude Include="..\..\FK\Plane.h">
      <Filter>ヘッダー ファイル\CPP</Filter>
    </ClInclude>
    <ClInclude Include="..\..\FK\Point.h">
      <Filter>ヘッダー ファイル\CPP</Filter>
    </ClInclude>
    <ClInclude Include="..\..\FK\PointDraw.H">
      <Filter>ヘッダー ファイル\CPP</Filter>
    </ClInclude>
    <ClInclude Include="..\..\FK\Polygon.h">
      <Filter>ヘッダー ファイル\CPP</Filter>
    </ClInclude>
    <ClInclude Include="..\..\FK\Prism.h">
      <Filter>ヘッダー ファイル\CPP</Filter>
    </ClInclude>
    <ClInclude Include="..\..\FK\Projection.h">
      <Filter>ヘッダー ファイル\CPP</Filter>
    </ClInclude>
    <ClInclude Include="..\..\FK\QtWidget.h">
      <Filter>ヘッダー ファイル\CPP</Filter>
    </ClInclude>
    <ClInclude Include="..\..\FK\Quaternion.h">
      <Filter>ヘッダー ファイル\CPP</Filter>
    </ClInclude>
    <ClInclude Include="..\..\FK\RDSParser.H">
      <Filter>ヘッダー ファイル\CPP</Filter>
    </ClInclude>
    <ClInclude Include="..\..\FK\Reference.h">
      <Filter>ヘッダー ファイル\CPP</Filter>
    </ClInclude>
    <ClInclude Include="..\..\FK\Scene.h">
      <Filter>ヘッダー ファイル\CPP</Filter>
    </ClInclude>
    <ClInclude Include="..\..\FK\Shape.h">
      <Filter>ヘッダー ファイル\CPP</Filter>
    </ClInclude>
    <ClInclude Include="..\..\FK\ShapeViewer.h">
      <Filter>ヘッダー ファイル\CPP</Filter>
    </ClInclude>
    <ClInclude Include="..\..\FK\SMFParser.H">
      <Filter>ヘッダー ファイル\CPP</Filter>
    </ClInclude>
    <ClInclude Include="..\..\FK\Solid.h">
      <Filter>ヘッダー ファイル\CPP</Filter>
    </ClInclude>
    <ClInclude Include="..\..\FK\SolidBase.h">
      <Filter>ヘッダー ファイル\CPP</Filter>
    </ClInclude>
    <ClInclude Include="..\..\FK\Sphere.h">
      <Filter>ヘッダー ファイル\CPP</Filter>
    </ClInclude>
    <ClInclude Include="..\..\FK\SpriteModel.h">
      <Filter>ヘッダー ファイル\CPP</Filter>
    </ClInclude>
    <ClInclude Include="..\..\FK\SRFParser.H">
      <Filter>ヘッダー ファイル\CPP</Filter>
    </ClInclude>
    <ClInclude Include="..\..\FK\STLOut.H">
      <Filter>ヘッダー ファイル\CPP</Filter>
    </ClInclude>
    <ClInclude Include="..\..\FK\STLParser.H">
      <Filter>ヘッダー ファイル\CPP</Filter>
    </ClInclude>
    <ClInclude Include="..\..\FK\SubDivision.H">
      <Filter>ヘッダー ファイル\CPP</Filter>
    </ClInclude>
    <ClInclude Include="..\..\FK\Surface.h">
      <Filter>ヘッダー ファイル\CPP</Filter>
    </ClInclude>
    <ClInclude Include="..\..\FK\System.h">
      <Filter>ヘッダー ファイル\CPP</Filter>
    </ClInclude>
    <ClInclude Include="..\..\FK\TextImage.h">
      <Filter>ヘッダー ファイル\CPP</Filter>
    </ClInclude>
    <ClInclude Include="..\..\FK\Texture.h">
      <Filter>ヘッダー ファイル\CPP</Filter>
    </ClInclude>
    <ClInclude Include="..\..\FK\TextureDraw.H">
      <Filter>ヘッダー ファイル\CPP</Filter>
    </ClInclude>
    <ClInclude Include="..\..\FK\Topology.h">
      <Filter>ヘッダー ファイル\CPP</Filter>
    </ClInclude>
    <ClInclude Include="..\..\FK\TrackBall.h">
      <Filter>ヘッダー ファイル\CPP</Filter>
    </ClInclude>
    <ClInclude Include="..\..\FK\Tree.h">
      <Filter>ヘッダー ファイル\CPP</Filter>
    </ClInclude>
    <ClInclude Include="..\..\FK\UniCode.h">
      <Filter>ヘッダー ファイル\CPP</Filter>
    </ClInclude>
    <ClInclude Include="..\..\FK\Vector.h">
      <Filter>ヘッダー ファイル\CPP</Filter>
    </ClInclude>
    <ClInclude Include="..\..\FK\Vertex.h">
      <Filter>ヘッダー ファイル\CPP</Filter>
    </ClInclude>
    <ClInclude Include="..\..\FK\VRMLOut.H">
      <Filter>ヘッダー ファイル\CPP</Filter>
    </ClInclude>
    <ClInclude Include="..\..\FK\VRMLParser.H">
      <Filter>ヘッダー ファイル\CPP</Filter>
    </ClInclude>
    <ClInclude Include="..\..\FK\Window.h">
      <Filter>ヘッダー ファイル\CPP</Filter>
    </ClInclude>
    <ClInclude Include="CLI\include\AppWindow_CLI.h">
      <Filter>ヘッダー ファイル\CLI</Filter>
    </ClInclude>
    <ClInclude Include="CLI\include\Attribute_CLI.h">
      <Filter>ヘッダー ファイル\CLI</Filter>
    </ClInclude>
    <ClInclude Include="CLI\include\Base_CLI.h">
      <Filter>ヘッダー ファイル\CLI</Filter>
    </ClInclude>
    <ClInclude Include="CLI\include\Block_CLI.h">
      <Filter>ヘッダー ファイル\CLI</Filter>
    </ClInclude>
    <ClInclude Include="CLI\include\BVHMotion_CLI.h">
      <Filter>ヘッダー ファイル\CLI</Filter>
    </ClInclude>
    <ClInclude Include="CLI\include\Capsule_CLI.h">
      <Filter>ヘッダー ファイル\CLI</Filter>
    </ClInclude>
    <ClInclude Include="CLI\include\Circle_CLI.h">
      <Filter>ヘッダー ファイル\CLI</Filter>
    </ClInclude>
    <ClInclude Include="CLI\include\Cone_CLI.h">
      <Filter>ヘッダー ファイル\CLI</Filter>
    </ClInclude>
    <ClInclude Include="CLI\include\Edge_CLI.h">
      <Filter>ヘッダー ファイル\CLI</Filter>
    </ClInclude>
    <ClInclude Include="CLI\include\GuideObject_CLI.h">
      <Filter>ヘッダー ファイル\CLI</Filter>
    </ClInclude>
    <ClInclude Include="CLI\include\Half_CLI.h">
      <Filter>ヘッダー ファイル\CLI</Filter>
    </ClInclude>
    <ClInclude Include="CLI\include\IFSTexture_CLI.h">
      <Filter>ヘッダー ファイル\CLI</Filter>
    </ClInclude>
    <ClInclude Include="CLI\include\Image_CLI.h">
      <Filter>ヘッダー ファイル\CLI</Filter>
    </ClInclude>
    <ClInclude Include="CLI\include\IndexFace_CLI.h">
      <Filter>ヘッダー ファイル\CLI</Filter>
    </ClInclude>
    <ClInclude Include="CLI\include\Light_CLI.h">
      <Filter>ヘッダー ファイル\CLI</Filter>
    </ClInclude>
    <ClInclude Include="CLI\include\Line_CLI.h">
      <Filter>ヘッダー ファイル\CLI</Filter>
    </ClInclude>
    <ClInclude Include="CLI\include\Loop_CLI.h">
      <Filter>ヘッダー ファイル\CLI</Filter>
    </ClInclude>
    <ClInclude Include="CLI\include\Material_CLI.h">
      <Filter>ヘッダー ファイル\CLI</Filter>
    </ClInclude>
    <ClInclude Include="CLI\include\Matrix_CLI.h">
      <Filter>ヘッダー ファイル\CLI</Filter>
    </ClInclude>
    <ClInclude Include="CLI\include\MeshTexture_CLI.h">
      <Filter>ヘッダー ファイル\CLI</Filter>
    </ClInclude>
    <ClInclude Include="CLI\include\Model_CLI.h">
      <Filter>ヘッダー ファイル\CLI</Filter>
    </ClInclude>
    <ClInclude Include="CLI\include\Palette_CLI.h">
      <Filter>ヘッダー ファイル\CLI</Filter>
    </ClInclude>
    <ClInclude Include="CLI\include\Point_CLI.h">
      <Filter>ヘッダー ファイル\CLI</Filter>
    </ClInclude>
    <ClInclude Include="CLI\include\Polygon_CLI.h">
      <Filter>ヘッダー ファイル\CLI</Filter>
    </ClInclude>
    <ClInclude Include="CLI\include\Prism_CLI.h">
      <Filter>ヘッダー ファイル\CLI</Filter>
    </ClInclude>
    <ClInclude Include="CLI\include\Projection_CLI.h">
      <Filter>ヘッダー ファイル\CLI</Filter>
    </ClInclude>
    <ClInclude Include="CLI\include\RectTexture_CLI.h">
      <Filter>ヘッダー ファイル\CLI</Filter>
    </ClInclude>
    <ClInclude Include="CLI\include\Scene_CLI.h">
      <Filter>ヘッダー ファイル\CLI</Filter>
    </ClInclude>
    <ClInclude Include="CLI\include\Shape_CLI.h">
      <Filter>ヘッダー ファイル\CLI</Filter>
    </ClInclude>
    <ClInclude Include="CLI\include\Sphere_CLI.h">
      <Filter>ヘッダー ファイル\CLI</Filter>
    </ClInclude>
    <ClInclude Include="CLI\include\Texture_CLI.h">
      <Filter>ヘッダー ファイル\CLI</Filter>
    </ClInclude>
    <ClInclude Include="CLI\include\Topology_CLI.h">
      <Filter>ヘッダー ファイル\CLI</Filter>
    </ClInclude>
    <ClInclude Include="CLI\include\TriTexture_CLI.h">
      <Filter>ヘッダー ファイル\CLI</Filter>
    </ClInclude>
    <ClInclude Include="CLI\include\Vector_CLI.h">
      <Filter>ヘッダー ファイル\CLI</Filter>
    </ClInclude>
    <ClInclude Include="CLI\include\Vertex_CLI.h">
      <Filter>ヘッダー ファイル\CLI</Filter>
    </ClInclude>
    <ClInclude Include="CLI\include\DList_CLI.h">
      <Filter>ヘッダー ファイル\CLI</Filter>
    </ClInclude>
    <ClInclude Include="CLI\include\Fog_CLI.h">
      <Filter>ヘッダー ファイル\CLI</Filter>
    </ClInclude>
    <ClInclude Include="CLI\include\Boundary_CLI.h">
      <Filter>ヘッダー ファイル\CLI</Filter>
    </ClInclude>
    <ClInclude Include="CLI\include\MatAdmin_CLI.h">
      <Filter>ヘッダー ファイル\CLI</Filter>
    </ClInclude>
    <ClInclude Include="CLI\include\Reference_CLI.h">
      <Filter>ヘッダー ファイル\CLI</Filter>
    </ClInclude>
    <ClInclude Include="CLI\include\DataAccess_CLI.h">
      <Filter>ヘッダー ファイル\CLI</Filter>
    </ClInclude>
    <ClInclude Include="CLI\include\Operation_CLI.h">
      <Filter>ヘッダー ファイル\CLI</Filter>
    </ClInclude>
    <ClInclude Include="CLI\include\Modify_CLI.h">
      <Filter>ヘッダー ファイル\CLI</Filter>
    </ClInclude>
    <ClInclude Include="CLI\include\SolidBase_CLI.h">
      <Filter>ヘッダー ファイル\CLI</Filter>
    </ClInclude>
    <ClInclude Include="CLI\include\Solid_CLI.h">
      <Filter>ヘッダー ファイル\CLI</Filter>
    </ClInclude>
    <ClInclude Include="CLI\include\UniCode_CLI.h">
      <Filter>ヘッダー ファイル\CLI</Filter>
    </ClInclude>
    <ClInclude Include="CLI\include\TextImage_CLI.h">
      <Filter>ヘッダー ファイル\CLI</Filter>
    </ClInclude>
    <ClInclude Include="CLI\include\SpriteModel_CLI.h">
      <Filter>ヘッダー ファイル\CLI</Filter>
    </ClInclude>
    <ClInclude Include="CLI\include\ShapeViewer_CLI.h">
      <Filter>ヘッダー ファイル\CLI</Filter>
    </ClInclude>
    <ClInclude Include="CLI\include\Particle_CLI.h">
      <Filter>ヘッダー ファイル\CLI</Filter>
    </ClInclude>
    <ClInclude Include="CLI\include\ParticleSet_CLI.h">
      <Filter>ヘッダー ファイル\CLI</Filter>
    </ClInclude>
    <ClInclude Include="CLI\include\Quaternion_CLI.h">
      <Filter>ヘッダー ファイル\CLI</Filter>
    </ClInclude>
    <ClInclude Include="CLI\include\Math_CLI.h">
      <Filter>ヘッダー ファイル\CLI</Filter>
    </ClInclude>
    <ClInclude Include="CLI\include\GenMatrix_CLI.h">
      <Filter>ヘッダー ファイル\CLI</Filter>
    </ClInclude>
    <ClInclude Include="..\..\FK\Audio.h">
      <Filter>ヘッダー ファイル\CPP</Filter>
    </ClInclude>
    <ClInclude Include="CLI\include\AudioBase_CLI.h">
      <Filter>ヘッダー ファイル\CLI</Filter>
    </ClInclude>
    <ClInclude Include="CLI\include\AudioOggBuffer_CLI.h">
      <Filter>ヘッダー ファイル\CLI</Filter>
    </ClInclude>
    <ClInclude Include="CLI\include\AudioStream_CLI.h">
      <Filter>ヘッダー ファイル\CLI</Filter>
    </ClInclude>
    <ClInclude Include="CLI\include\AudioWavBuffer_CLI.h">
      <Filter>ヘッダー ファイル\CLI</Filter>
    </ClInclude>
    <ClInclude Include="CLI\include\Renderer_CLI.h">
      <Filter>ヘッダー ファイル\CLI</Filter>
    </ClInclude>
    <ClInclude Include="CLI\include\Performer_CLI.h">
      <Filter>ヘッダー ファイル\CLI</Filter>
    </ClInclude>
    <ClInclude Include="CLI\include\Plane_CLI.h">
      <Filter>ヘッダー ファイル\CLI</Filter>
    </ClInclude>
    <ClInclude Include="CLI\include\PickData_CLI.h">
      <Filter>ヘッダー ファイル\CLI</Filter>
    </ClInclude>
    <ClInclude Include="..\..\FK\AppWindow.h">
      <Filter>ヘッダー ファイル\CPP</Filter>
    </ClInclude>
    <ClInclude Include="CLI\include\GenVector_CLI.h">
      <Filter>ヘッダー ファイル\CLI</Filter>
    </ClInclude>
  </ItemGroup>
</Project>