<?xml version="1.0" encoding="utf-8"?>
<Project ToolsVersion="4.0" xmlns="http://schemas.microsoft.com/developer/msbuild/2003">
  <ItemGroup>
    <Filter Include="Source">
      <UniqueIdentifier>{ace54a9b-7b3f-4dd9-b1f9-5bb36fadeff3}</UniqueIdentifier>
    </Filter>
    <Filter Include="Source\Base">
      <UniqueIdentifier>{66ff5a04-4fb6-4666-b301-c14e78a6df65}</UniqueIdentifier>
    </Filter>
    <Filter Include="Source\CLI">
      <UniqueIdentifier>{456ad079-748a-4168-843f-f722c2b6005f}</UniqueIdentifier>
    </Filter>
    <Filter Include="Header">
      <UniqueIdentifier>{1d206a41-744c-40eb-bfaa-0a4e30f035e3}</UniqueIdentifier>
    </Filter>
    <Filter Include="Header\Base">
      <UniqueIdentifier>{7e727d33-c3e1-4746-8948-f6f8dda217a2}</UniqueIdentifier>
    </Filter>
    <Filter Include="Header\CLI">
      <UniqueIdentifier>{277f70f3-42fb-4d88-a7de-a866a3691e12}</UniqueIdentifier>
    </Filter>
  </ItemGroup>
  <ItemGroup>
    <ClInclude Include="..\..\FK\Angle.h">
      <Filter>Header\Base</Filter>
    </ClInclude>
    <ClInclude Include="..\..\FK\AppWindow.h">
      <Filter>Header\Base</Filter>
    </ClInclude>
    <ClInclude Include="..\..\FK\Array.H">
      <Filter>Header\Base</Filter>
    </ClInclude>
    <ClInclude Include="..\..\FK\Attribute.h">
      <Filter>Header\Base</Filter>
    </ClInclude>
    <ClInclude Include="..\..\FK\AttributeData.H">
      <Filter>Header\Base</Filter>
    </ClInclude>
    <ClInclude Include="..\..\FK\Audio.h">
      <Filter>Header\Base</Filter>
    </ClInclude>
    <ClInclude Include="..\..\FK\Base.h">
      <Filter>Header\Base</Filter>
    </ClInclude>
    <ClInclude Include="..\..\FK\BezCurve.h">
      <Filter>Header\Base</Filter>
    </ClInclude>
    <ClInclude Include="..\..\FK\BezSurface.h">
      <Filter>Header\Base</Filter>
    </ClInclude>
    <ClInclude Include="..\..\FK\Block.h">
      <Filter>Header\Base</Filter>
    </ClInclude>
    <ClInclude Include="..\..\FK\Boundary.h">
      <Filter>Header\Base</Filter>
    </ClInclude>
    <ClInclude Include="..\..\FK\BoundaryElem.H">
      <Filter>Header\Base</Filter>
    </ClInclude>
    <ClInclude Include="..\..\FK\BSplBase.H">
      <Filter>Header\Base</Filter>
    </ClInclude>
    <ClInclude Include="..\..\FK\BSplCurve.h">
      <Filter>Header\Base</Filter>
    </ClInclude>
    <ClInclude Include="..\..\FK\BSplSurface.h">
      <Filter>Header\Base</Filter>
    </ClInclude>
    <ClInclude Include="..\..\FK\BVHMotion.h">
      <Filter>Header\Base</Filter>
    </ClInclude>
    <ClInclude Include="..\..\FK\Capsule.h">
      <Filter>Header\Base</Filter>
    </ClInclude>
    <ClInclude Include="..\..\FK\Circle.h">
      <Filter>Header\Base</Filter>
    </ClInclude>
    <ClInclude Include="..\..\FK\Closedline.h">
      <Filter>Header\Base</Filter>
    </ClInclude>
    <ClInclude Include="..\..\FK\Color.h">
      <Filter>Header\Base</Filter>
    </ClInclude>
    <ClInclude Include="..\..\FK\Command.H">
      <Filter>Header\Base</Filter>
    </ClInclude>
    <ClInclude Include="..\..\FK\Cone.h">
      <Filter>Header\Base</Filter>
    </ClInclude>
    <ClInclude Include="..\..\FK\Curve.h">
      <Filter>Header\Base</Filter>
    </ClInclude>
    <ClInclude Include="..\..\FK\D3DXAnimation.H">
      <Filter>Header\Base</Filter>
    </ClInclude>
    <ClInclude Include="..\..\FK\D3DXData.H">
      <Filter>Header\Base</Filter>
    </ClInclude>
    <ClInclude Include="..\..\FK\D3DXParser.H">
      <Filter>Header\Base</Filter>
    </ClInclude>
    <ClInclude Include="..\..\FK\D3DXShapeParser.H">
      <Filter>Header\Base</Filter>
    </ClInclude>
    <ClInclude Include="..\..\FK\DataAccess.h">
      <Filter>Header\Base</Filter>
    </ClInclude>
    <ClInclude Include="..\..\FK\DataBase.H">
      <Filter>Header\Base</Filter>
    </ClInclude>
    <ClInclude Include="..\..\FK\DList.h">
      <Filter>Header\Base</Filter>
    </ClInclude>
    <ClInclude Include="..\..\FK\DrawBase.H">
      <Filter>Header\Base</Filter>
    </ClInclude>
    <ClInclude Include="..\..\FK\DrawCache.h">
      <Filter>Header\Base</Filter>
    </ClInclude>
    <ClInclude Include="..\..\FK\DXFOut.H">
      <Filter>Header\Base</Filter>
    </ClInclude>
    <ClInclude Include="..\..\FK\DXFParser.H">
      <Filter>Header\Base</Filter>
    </ClInclude>
    <ClInclude Include="..\..\FK\Edge.h">
      <Filter>Header\Base</Filter>
    </ClInclude>
    <ClInclude Include="..\..\FK\Engine.H">
      <Filter>Header\Base</Filter>
    </ClInclude>
    <ClInclude Include="..\..\FK\Error.H">
      <Filter>Header\Base</Filter>
    </ClInclude>
    <ClInclude Include="..\..\FK\FaceDraw.H">
      <Filter>Header\Base</Filter>
    </ClInclude>
    <ClInclude Include="..\..\FK\FileBase.h">
      <Filter>Header\Base</Filter>
    </ClInclude>
    <ClInclude Include="..\..\FK\FK.h">
      <Filter>Header\Base</Filter>
    </ClInclude>
    <ClInclude Include="..\..\FK\FKUT.h">
      <Filter>Header\Base</Filter>
    </ClInclude>
    <ClInclude Include="..\..\FK\Fog.h">
      <Filter>Header\Base</Filter>
    </ClInclude>
    <ClInclude Include="..\..\FK\FrameController.h">
      <Filter>Header\Base</Filter>
    </ClInclude>
    <ClInclude Include="..\..\FK\Fullscreen.h">
      <Filter>Header\Base</Filter>
    </ClInclude>
    <ClInclude Include="..\..\FK\FVecArray.h">
      <Filter>Header\Base</Filter>
    </ClInclude>
    <ClInclude Include="..\..\FK\GenMatrix.h">
      <Filter>Header\Base</Filter>
    </ClInclude>
    <ClInclude Include="..\..\FK\GenVector.h">
      <Filter>Header\Base</Filter>
    </ClInclude>
    <ClInclude Include="..\..\FK\Gregory.h">
      <Filter>Header\Base</Filter>
    </ClInclude>
    <ClInclude Include="..\..\FK\GuideObject.h">
      <Filter>Header\Base</Filter>
    </ClInclude>
    <ClInclude Include="..\..\FK\Half.h">
      <Filter>Header\Base</Filter>
    </ClInclude>
    <ClInclude Include="..\..\FK\HeapBase.h">
      <Filter>Header\Base</Filter>
    </ClInclude>
    <ClInclude Include="..\..\FK\History.H">
      <Filter>Header\Base</Filter>
    </ClInclude>
    <ClInclude Include="..\..\FK\HRCParser.H">
      <Filter>Header\Base</Filter>
    </ClInclude>
    <ClInclude Include="..\..\FK\IDAdmin.H">
      <Filter>Header\Base</Filter>
    </ClInclude>
    <ClInclude Include="..\..\FK\IFSetHandle.H">
      <Filter>Header\Base</Filter>
    </ClInclude>
    <ClInclude Include="..\..\FK\IFSTexture.h">
      <Filter>Header\Base</Filter>
    </ClInclude>
    <ClInclude Include="..\..\FK\Image.h">
      <Filter>Header\Base</Filter>
    </ClInclude>
    <ClInclude Include="..\..\FK\IndexFace.h">
      <Filter>Header\Base</Filter>
    </ClInclude>
    <ClInclude Include="..\..\FK\LIAdmin.H">
      <Filter>Header\Base</Filter>
    </ClInclude>
    <ClInclude Include="..\..\FK\Light.h">
      <Filter>Header\Base</Filter>
    </ClInclude>
    <ClInclude Include="..\..\FK\Line.h">
      <Filter>Header\Base</Filter>
    </ClInclude>
    <ClInclude Include="..\..\FK\LineBase.H">
      <Filter>Header\Base</Filter>
    </ClInclude>
    <ClInclude Include="..\..\FK\LineDraw.H">
      <Filter>Header\Base</Filter>
    </ClInclude>
    <ClInclude Include="..\..\FK\Loop.h">
      <Filter>Header\Base</Filter>
    </ClInclude>
    <ClInclude Include="..\..\FK\MassProperty.h">
      <Filter>Header\Base</Filter>
    </ClInclude>
    <ClInclude Include="..\..\FK\MatAdmin.h">
      <Filter>Header\Base</Filter>
    </ClInclude>
    <ClInclude Include="..\..\FK\Material.h">
      <Filter>Header\Base</Filter>
    </ClInclude>
    <ClInclude Include="..\..\FK\MatExample.h">
      <Filter>Header\Base</Filter>
    </ClInclude>
    <ClInclude Include="..\..\FK\Math.h">
      <Filter>Header\Base</Filter>
    </ClInclude>
    <ClInclude Include="..\..\FK\Matrix.h">
      <Filter>Header\Base</Filter>
    </ClInclude>
    <ClInclude Include="..\..\FK\MeshTexture.h">
      <Filter>Header\Base</Filter>
    </ClInclude>
    <ClInclude Include="..\..\FK\Misc.h">
      <Filter>Header\Base</Filter>
    </ClInclude>
    <ClInclude Include="..\..\FK\Model.h">
      <Filter>Header\Base</Filter>
    </ClInclude>
    <ClInclude Include="..\..\FK\Modify.h">
      <Filter>Header\Base</Filter>
    </ClInclude>
    <ClInclude Include="..\..\FK\MotionCharactor.h">
      <Filter>Header\Base</Filter>
    </ClInclude>
    <ClInclude Include="..\..\FK\MotionData.H">
      <Filter>Header\Base</Filter>
    </ClInclude>
    <ClInclude Include="..\..\FK\MQOOut.H">
      <Filter>Header\Base</Filter>
    </ClInclude>
    <ClInclude Include="..\..\FK\MQOParser.H">
      <Filter>Header\Base</Filter>
    </ClInclude>
    <ClInclude Include="..\..\FK\OpenCL.h">
      <Filter>Header\Base</Filter>
    </ClInclude>
    <ClInclude Include="..\..\FK\OpenGL.H">
      <Filter>Header\Base</Filter>
    </ClInclude>
    <ClInclude Include="..\..\FK\Operation.h">
      <Filter>Header\Base</Filter>
    </ClInclude>
    <ClInclude Include="..\..\FK\Palette.h">
      <Filter>Header\Base</Filter>
    </ClInclude>
    <ClInclude Include="..\..\FK\ParserBase.H">
      <Filter>Header\Base</Filter>
    </ClInclude>
    <ClInclude Include="..\..\FK\ParserData.h">
      <Filter>Header\Base</Filter>
    </ClInclude>
    <ClInclude Include="..\..\FK\Particle.h">
      <Filter>Header\Base</Filter>
    </ClInclude>
    <ClInclude Include="..\..\FK\ParticleSet.h">
      <Filter>Header\Base</Filter>
    </ClInclude>
    <ClInclude Include="..\..\FK\Plane.h">
      <Filter>Header\Base</Filter>
    </ClInclude>
    <ClInclude Include="..\..\FK\Point.h">
      <Filter>Header\Base</Filter>
    </ClInclude>
    <ClInclude Include="..\..\FK\PointDraw.H">
      <Filter>Header\Base</Filter>
    </ClInclude>
    <ClInclude Include="..\..\FK\Polygon.h">
      <Filter>Header\Base</Filter>
    </ClInclude>
    <ClInclude Include="..\..\FK\Polyline.h">
      <Filter>Header\Base</Filter>
    </ClInclude>
    <ClInclude Include="..\..\FK\Prism.h">
      <Filter>Header\Base</Filter>
    </ClInclude>
    <ClInclude Include="..\..\FK\Projection.h">
      <Filter>Header\Base</Filter>
    </ClInclude>
    <ClInclude Include="..\..\FK\Quaternion.h">
      <Filter>Header\Base</Filter>
    </ClInclude>
    <ClInclude Include="..\..\FK\RDSParser.H">
      <Filter>Header\Base</Filter>
    </ClInclude>
    <ClInclude Include="..\..\FK\RectTexture.h">
      <Filter>Header\Base</Filter>
    </ClInclude>
    <ClInclude Include="..\..\FK\Reference.h">
      <Filter>Header\Base</Filter>
    </ClInclude>
    <ClInclude Include="..\..\FK\RenderState.h">
      <Filter>Header\Base</Filter>
    </ClInclude>
    <ClInclude Include="..\..\FK\Scene.h">
      <Filter>Header\Base</Filter>
    </ClInclude>
    <ClInclude Include="..\..\FK\ShaderBinder.h">
      <Filter>Header\Base</Filter>
    </ClInclude>
    <ClInclude Include="..\..\FK\ShaderParameter.h">
      <Filter>Header\Base</Filter>
    </ClInclude>
    <ClInclude Include="..\..\FK\ShaderProgram.h">
      <Filter>Header\Base</Filter>
    </ClInclude>
    <ClInclude Include="..\..\FK\Shape.h">
      <Filter>Header\Base</Filter>
    </ClInclude>
    <ClInclude Include="..\..\FK\ShapeViewer.h">
      <Filter>Header\Base</Filter>
    </ClInclude>
    <ClInclude Include="..\..\FK\SMFParser.H">
      <Filter>Header\Base</Filter>
    </ClInclude>
    <ClInclude Include="..\..\FK\Solid.h">
      <Filter>Header\Base</Filter>
    </ClInclude>
    <ClInclude Include="..\..\FK\SolidBase.h">
      <Filter>Header\Base</Filter>
    </ClInclude>
    <ClInclude Include="..\..\FK\Sphere.h">
      <Filter>Header\Base</Filter>
    </ClInclude>
    <ClInclude Include="..\..\FK\SpriteModel.h">
      <Filter>Header\Base</Filter>
    </ClInclude>
    <ClInclude Include="..\..\FK\SRFParser.H">
      <Filter>Header\Base</Filter>
    </ClInclude>
    <ClInclude Include="..\..\FK\STLOut.H">
      <Filter>Header\Base</Filter>
    </ClInclude>
    <ClInclude Include="..\..\FK\STLParser.H">
      <Filter>Header\Base</Filter>
    </ClInclude>
    <ClInclude Include="..\..\FK\SubDivision.H">
      <Filter>Header\Base</Filter>
    </ClInclude>
    <ClInclude Include="..\..\FK\Surface.h">
      <Filter>Header\Base</Filter>
    </ClInclude>
    <ClInclude Include="..\..\FK\System.h">
      <Filter>Header\Base</Filter>
    </ClInclude>
    <ClInclude Include="..\..\FK\TextImage.h">
      <Filter>Header\Base</Filter>
    </ClInclude>
    <ClInclude Include="..\..\FK\Texture.h">
      <Filter>Header\Base</Filter>
    </ClInclude>
    <ClInclude Include="..\..\FK\TextureDraw.H">
      <Filter>Header\Base</Filter>
    </ClInclude>
    <ClInclude Include="..\..\FK\Topology.h">
      <Filter>Header\Base</Filter>
    </ClInclude>
    <ClInclude Include="..\..\FK\TrackBall.h">
      <Filter>Header\Base</Filter>
    </ClInclude>
    <ClInclude Include="..\..\FK\Tree.h">
      <Filter>Header\Base</Filter>
    </ClInclude>
    <ClInclude Include="..\..\FK\TriTexture.h">
      <Filter>Header\Base</Filter>
    </ClInclude>
    <ClInclude Include="..\..\FK\UniCode.h">
      <Filter>Header\Base</Filter>
    </ClInclude>
    <ClInclude Include="..\..\FK\Vector.h">
      <Filter>Header\Base</Filter>
    </ClInclude>
    <ClInclude Include="..\..\FK\Vertex.h">
      <Filter>Header\Base</Filter>
    </ClInclude>
    <ClInclude Include="..\..\FK\VRMLOut.H">
      <Filter>Header\Base</Filter>
    </ClInclude>
    <ClInclude Include="..\..\FK\VRMLParser.H">
      <Filter>Header\Base</Filter>
    </ClInclude>
    <ClInclude Include="..\..\FK\Window.h">
      <Filter>Header\Base</Filter>
    </ClInclude>
    <ClInclude Include="CLI\include\AppWindow_CLI.h">
      <Filter>Header\CLI</Filter>
    </ClInclude>
    <ClInclude Include="CLI\include\Attribute_CLI.h">
      <Filter>Header\CLI</Filter>
    </ClInclude>
    <ClInclude Include="CLI\include\AudioBase_CLI.h">
      <Filter>Header\CLI</Filter>
    </ClInclude>
    <ClInclude Include="CLI\include\AudioOggBuffer_CLI.h">
      <Filter>Header\CLI</Filter>
    </ClInclude>
    <ClInclude Include="CLI\include\AudioStream_CLI.h">
      <Filter>Header\CLI</Filter>
    </ClInclude>
    <ClInclude Include="CLI\include\AudioWavBuffer_CLI.h">
      <Filter>Header\CLI</Filter>
    </ClInclude>
    <ClInclude Include="CLI\include\Base_CLI.h">
      <Filter>Header\CLI</Filter>
    </ClInclude>
    <ClInclude Include="CLI\include\Block_CLI.h">
      <Filter>Header\CLI</Filter>
    </ClInclude>
    <ClInclude Include="CLI\include\Boundary_CLI.h">
      <Filter>Header\CLI</Filter>
    </ClInclude>
    <ClInclude Include="CLI\include\BVHMotion_CLI.h">
      <Filter>Header\CLI</Filter>
    </ClInclude>
    <ClInclude Include="CLI\include\Capsule_CLI.h">
      <Filter>Header\CLI</Filter>
    </ClInclude>
    <ClInclude Include="CLI\include\Circle_CLI.h">
      <Filter>Header\CLI</Filter>
    </ClInclude>
    <ClInclude Include="CLI\include\Color_CLI.h">
      <Filter>Header\CLI</Filter>
    </ClInclude>
    <ClInclude Include="CLI\include\Cone_CLI.h">
      <Filter>Header\CLI</Filter>
    </ClInclude>
    <ClInclude Include="CLI\include\DataAccess_CLI.h">
      <Filter>Header\CLI</Filter>
    </ClInclude>
    <ClInclude Include="CLI\include\DList_CLI.h">
      <Filter>Header\CLI</Filter>
    </ClInclude>
    <ClInclude Include="CLI\include\Edge_CLI.h">
      <Filter>Header\CLI</Filter>
    </ClInclude>
    <ClInclude Include="CLI\include\Fog_CLI.h">
      <Filter>Header\CLI</Filter>
    </ClInclude>
    <ClInclude Include="CLI\include\GenMatrix_CLI.h">
      <Filter>Header\CLI</Filter>
    </ClInclude>
    <ClInclude Include="CLI\include\GenVector_CLI.h">
      <Filter>Header\CLI</Filter>
    </ClInclude>
    <ClInclude Include="CLI\include\GuideObject_CLI.h">
      <Filter>Header\CLI</Filter>
    </ClInclude>
    <ClInclude Include="CLI\include\Half_CLI.h">
      <Filter>Header\CLI</Filter>
    </ClInclude>
    <ClInclude Include="CLI\include\IFSTexture_CLI.h">
      <Filter>Header\CLI</Filter>
    </ClInclude>
    <ClInclude Include="CLI\include\Image_CLI.h">
      <Filter>Header\CLI</Filter>
    </ClInclude>
    <ClInclude Include="CLI\include\IndexFace_CLI.h">
      <Filter>Header\CLI</Filter>
    </ClInclude>
    <ClInclude Include="CLI\include\Light_CLI.h">
      <Filter>Header\CLI</Filter>
    </ClInclude>
    <ClInclude Include="CLI\include\Line_CLI.h">
      <Filter>Header\CLI</Filter>
    </ClInclude>
    <ClInclude Include="CLI\include\Loop_CLI.h">
      <Filter>Header\CLI</Filter>
    </ClInclude>
    <ClInclude Include="CLI\include\MatAdmin_CLI.h">
      <Filter>Header\CLI</Filter>
    </ClInclude>
    <ClInclude Include="CLI\include\Material_CLI.h">
      <Filter>Header\CLI</Filter>
    </ClInclude>
    <ClInclude Include="CLI\include\Math_CLI.h">
      <Filter>Header\CLI</Filter>
    </ClInclude>
    <ClInclude Include="CLI\include\Matrix_CLI.h">
      <Filter>Header\CLI</Filter>
    </ClInclude>
    <ClInclude Include="CLI\include\MeshTexture_CLI.h">
      <Filter>Header\CLI</Filter>
    </ClInclude>
    <ClInclude Include="CLI\include\Model_CLI.h">
      <Filter>Header\CLI</Filter>
    </ClInclude>
    <ClInclude Include="CLI\include\Modify_CLI.h">
      <Filter>Header\CLI</Filter>
    </ClInclude>
    <ClInclude Include="CLI\include\Operation_CLI.h">
      <Filter>Header\CLI</Filter>
    </ClInclude>
    <ClInclude Include="CLI\include\Particle_CLI.h">
      <Filter>Header\CLI</Filter>
    </ClInclude>
    <ClInclude Include="CLI\include\ParticleSet_CLI.h">
      <Filter>Header\CLI</Filter>
    </ClInclude>
    <ClInclude Include="CLI\include\Performer_CLI.h">
      <Filter>Header\CLI</Filter>
    </ClInclude>
    <ClInclude Include="CLI\include\Plane_CLI.h">
      <Filter>Header\CLI</Filter>
    </ClInclude>
    <ClInclude Include="CLI\include\Point_CLI.h">
      <Filter>Header\CLI</Filter>
    </ClInclude>
    <ClInclude Include="CLI\include\Polygon_CLI.h">
      <Filter>Header\CLI</Filter>
    </ClInclude>
    <ClInclude Include="CLI\include\Prism_CLI.h">
      <Filter>Header\CLI</Filter>
    </ClInclude>
    <ClInclude Include="CLI\include\Projection_CLI.h">
      <Filter>Header\CLI</Filter>
    </ClInclude>
    <ClInclude Include="CLI\include\Quaternion_CLI.h">
      <Filter>Header\CLI</Filter>
    </ClInclude>
    <ClInclude Include="CLI\include\RectTexture_CLI.h">
      <Filter>Header\CLI</Filter>
    </ClInclude>
    <ClInclude Include="CLI\include\Reference_CLI.h">
      <Filter>Header\CLI</Filter>
    </ClInclude>
    <ClInclude Include="CLI\include\Renderer_CLI.H">
      <Filter>Header\CLI</Filter>
    </ClInclude>
    <ClInclude Include="CLI\include\Scene_CLI.h">
      <Filter>Header\CLI</Filter>
    </ClInclude>
    <ClInclude Include="CLI\include\ShaderBinder_CLI.h">
      <Filter>Header\CLI</Filter>
    </ClInclude>
    <ClInclude Include="CLI\include\ShaderParameter_CLI.h">
      <Filter>Header\CLI</Filter>
    </ClInclude>
    <ClInclude Include="CLI\include\ShaderProgram_CLI.h">
      <Filter>Header\CLI</Filter>
    </ClInclude>
    <ClInclude Include="CLI\include\ShaderProgram_New_CLI.h">
      <Filter>Header\CLI</Filter>
    </ClInclude>
    <ClInclude Include="CLI\include\Shape_CLI.h">
      <Filter>Header\CLI</Filter>
    </ClInclude>
    <ClInclude Include="CLI\include\ShapeViewer_CLI.h">
      <Filter>Header\CLI</Filter>
    </ClInclude>
    <ClInclude Include="CLI\include\Solid_CLI.h">
      <Filter>Header\CLI</Filter>
    </ClInclude>
    <ClInclude Include="CLI\include\SolidBase_CLI.h">
      <Filter>Header\CLI</Filter>
    </ClInclude>
    <ClInclude Include="CLI\include\Sphere_CLI.h">
      <Filter>Header\CLI</Filter>
    </ClInclude>
    <ClInclude Include="CLI\include\SpriteModel_CLI.h">
      <Filter>Header\CLI</Filter>
    </ClInclude>
    <ClInclude Include="CLI\include\TextImage_CLI.h">
      <Filter>Header\CLI</Filter>
    </ClInclude>
    <ClInclude Include="CLI\include\Texture_CLI.h">
      <Filter>Header\CLI</Filter>
    </ClInclude>
    <ClInclude Include="CLI\include\Topology_CLI.h">
      <Filter>Header\CLI</Filter>
    </ClInclude>
    <ClInclude Include="CLI\include\TriTexture_CLI.h">
      <Filter>Header\CLI</Filter>
    </ClInclude>
    <ClInclude Include="CLI\include\UniCode_CLI.h">
      <Filter>Header\CLI</Filter>
    </ClInclude>
    <ClInclude Include="CLI\include\Vector_CLI.h">
      <Filter>Header\CLI</Filter>
    </ClInclude>
    <ClInclude Include="CLI\include\Vertex_CLI.h">
      <Filter>Header\CLI</Filter>
    </ClInclude>
    <ClInclude Include="CLI\include\Polyline_CLI.h">
      <Filter>Header\CLI</Filter>
    </ClInclude>
    <ClInclude Include="CLI\include\Closedline_CLI.h">
      <Filter>Header\CLI</Filter>
    </ClInclude>
    <ClInclude Include="CLI\include\TexCoord_CLI.h">
      <Filter>Header\CLI</Filter>
    </ClInclude>
  </ItemGroup>
  <ItemGroup>
    <ClCompile Include="..\..\src\audio\Audio_Base.cxx">
      <Filter>Source\Base</Filter>
    </ClCompile>
    <ClCompile Include="..\..\src\audio\Audio_Buffer.cxx">
      <Filter>Source\Base</Filter>
    </ClCompile>
    <ClCompile Include="..\..\src\audio\Audio_Stream.cxx">
      <Filter>Source\Base</Filter>
    </ClCompile>
    <ClCompile Include="..\..\src\base\Base.cxx">
      <Filter>Source\Base</Filter>
    </ClCompile>
    <ClCompile Include="..\..\src\base\Error.cxx">
      <Filter>Source\Base</Filter>
    </ClCompile>
    <ClCompile Include="..\..\src\base\IDAdmin.cxx">
      <Filter>Source\Base</Filter>
    </ClCompile>
    <ClCompile Include="..\..\src\base\System.cxx">
      <Filter>Source\Base</Filter>
    </ClCompile>
    <ClCompile Include="..\..\src\base\Tree.cxx">
      <Filter>Source\Base</Filter>
    </ClCompile>
    <ClCompile Include="..\..\src\graphics\DrawBase.cxx">
      <Filter>Source\Base</Filter>
    </ClCompile>
    <ClCompile Include="..\..\src\graphics\Engine.cxx">
      <Filter>Source\Base</Filter>
    </ClCompile>
    <ClCompile Include="..\..\src\graphics\FaceDraw.cxx">
      <Filter>Source\Base</Filter>
    </ClCompile>
    <ClCompile Include="..\..\src\graphics\FrameController.cxx">
      <Filter>Source\Base</Filter>
    </ClCompile>
    <ClCompile Include="..\..\src\graphics\LineDraw.cxx">
      <Filter>Source\Base</Filter>
    </ClCompile>
    <ClCompile Include="..\..\src\graphics\PointDraw.cxx">
      <Filter>Source\Base</Filter>
    </ClCompile>
    <ClCompile Include="..\..\src\graphics\TextureDraw.cxx">
      <Filter>Source\Base</Filter>
    </ClCompile>
    <ClCompile Include="..\..\src\material\Color.cxx">
      <Filter>Source\Base</Filter>
    </ClCompile>
    <ClCompile Include="..\..\src\material\Material.cxx">
      <Filter>Source\Base</Filter>
    </ClCompile>
    <ClCompile Include="..\..\src\material\MatExample.cxx">
      <Filter>Source\Base</Filter>
    </ClCompile>
    <ClCompile Include="..\..\src\material\Palette.cxx">
      <Filter>Source\Base</Filter>
    </ClCompile>
    <ClCompile Include="..\..\src\math\FVecArray.cxx">
      <Filter>Source\Base</Filter>
    </ClCompile>
    <ClCompile Include="..\..\src\math\GenMatrix.cxx">
      <Filter>Source\Base</Filter>
    </ClCompile>
    <ClCompile Include="..\..\src\math\GenVector.cxx">
      <Filter>Source\Base</Filter>
    </ClCompile>
    <ClCompile Include="..\..\src\math\Math.cxx">
      <Filter>Source\Base</Filter>
    </ClCompile>
    <ClCompile Include="..\..\src\math\Matrix.cxx">
      <Filter>Source\Base</Filter>
    </ClCompile>
    <ClCompile Include="..\..\src\math\Plane.cxx">
      <Filter>Source\Base</Filter>
    </ClCompile>
    <ClCompile Include="..\..\src\math\Quaternion.cxx">
      <Filter>Source\Base</Filter>
    </ClCompile>
    <ClCompile Include="..\..\src\math\Vector.cxx">
      <Filter>Source\Base</Filter>
    </ClCompile>
    <ClCompile Include="..\..\src\model\Boundary.cxx">
      <Filter>Source\Base</Filter>
    </ClCompile>
    <ClCompile Include="..\..\src\model\BoundaryElem.cxx">
      <Filter>Source\Base</Filter>
    </ClCompile>
    <ClCompile Include="..\..\src\model\BVHMotion.cxx">
      <Filter>Source\Base</Filter>
    </ClCompile>
    <ClCompile Include="..\..\src\model\MatAdmin.cxx">
      <Filter>Source\Base</Filter>
    </ClCompile>
    <ClCompile Include="..\..\src\model\Model.cxx">
      <Filter>Source\Base</Filter>
    </ClCompile>
    <ClCompile Include="..\..\src\model\ModelTree.cxx">
      <Filter>Source\Base</Filter>
    </ClCompile>
    <ClCompile Include="..\..\src\scene\DList.cxx">
      <Filter>Source\Base</Filter>
    </ClCompile>
    <ClCompile Include="..\..\src\scene\Fog.cxx">
      <Filter>Source\Base</Filter>
    </ClCompile>
    <ClCompile Include="..\..\src\scene\Projection.cxx">
      <Filter>Source\Base</Filter>
    </ClCompile>
    <ClCompile Include="..\..\src\scene\Scene.cxx">
      <Filter>Source\Base</Filter>
    </ClCompile>
    <ClCompile Include="..\..\src\shader\ShaderBinder.cxx">
      <Filter>Source\Base</Filter>
    </ClCompile>
    <ClCompile Include="..\..\src\shader\ShaderParameter.cxx">
      <Filter>Source\Base</Filter>
    </ClCompile>
    <ClCompile Include="..\..\src\shader\ShaderProgram.cxx">
      <Filter>Source\Base</Filter>
    </ClCompile>
    <ClCompile Include="..\..\src\shape\Attribute.cxx">
      <Filter>Source\Base</Filter>
    </ClCompile>
    <ClCompile Include="..\..\src\shape\AttributeData.cxx">
      <Filter>Source\Base</Filter>
    </ClCompile>
    <ClCompile Include="..\..\src\shape\BezCurve.cxx">
      <Filter>Source\Base</Filter>
    </ClCompile>
    <ClCompile Include="..\..\src\shape\BezSurface.cxx">
      <Filter>Source\Base</Filter>
    </ClCompile>
    <ClCompile Include="..\..\src\shape\Block.cxx">
      <Filter>Source\Base</Filter>
    </ClCompile>
    <ClCompile Include="..\..\src\shape\BSplBase.cxx">
      <Filter>Source\Base</Filter>
    </ClCompile>
    <ClCompile Include="..\..\src\shape\BSplCurve.cxx">
      <Filter>Source\Base</Filter>
    </ClCompile>
    <ClCompile Include="..\..\src\shape\BSplSurface.cxx">
      <Filter>Source\Base</Filter>
    </ClCompile>
    <ClCompile Include="..\..\src\shape\Capsule.cxx">
      <Filter>Source\Base</Filter>
    </ClCompile>
    <ClCompile Include="..\..\src\shape\Circle.cxx">
      <Filter>Source\Base</Filter>
    </ClCompile>
    <ClCompile Include="..\..\src\shape\Closedline.cxx">
      <Filter>Source\Base</Filter>
    </ClCompile>
    <ClCompile Include="..\..\src\shape\Command.cxx">
      <Filter>Source\Base</Filter>
    </ClCompile>
    <ClCompile Include="..\..\src\shape\Cone.cxx">
      <Filter>Source\Base</Filter>
    </ClCompile>
    <ClCompile Include="..\..\src\shape\Curve.cxx">
      <Filter>Source\Base</Filter>
    </ClCompile>
    <ClCompile Include="..\..\src\shape\D3DXAnimation.cxx">
      <Filter>Source\Base</Filter>
    </ClCompile>
    <ClCompile Include="..\..\src\shape\D3DXData.cxx">
      <Filter>Source\Base</Filter>
    </ClCompile>
    <ClCompile Include="..\..\src\shape\D3DXParser.cxx">
      <Filter>Source\Base</Filter>
    </ClCompile>
    <ClCompile Include="..\..\src\shape\D3DXShapeParser.cxx">
      <Filter>Source\Base</Filter>
    </ClCompile>
    <ClCompile Include="..\..\src\shape\DataAccess.cxx">
      <Filter>Source\Base</Filter>
    </ClCompile>
    <ClCompile Include="..\..\src\shape\DataBase.cxx">
      <Filter>Source\Base</Filter>
    </ClCompile>
    <ClCompile Include="..\..\src\shape\DrawCache.cxx">
      <Filter>Source\Base</Filter>
    </ClCompile>
    <ClCompile Include="..\..\src\shape\DXFOut.cxx">
      <Filter>Source\Base</Filter>
    </ClCompile>
    <ClCompile Include="..\..\src\shape\DXFParser.cxx">
      <Filter>Source\Base</Filter>
    </ClCompile>
    <ClCompile Include="..\..\src\shape\Edge.cxx">
      <Filter>Source\Base</Filter>
    </ClCompile>
    <ClCompile Include="..\..\src\shape\Gregory.cxx">
      <Filter>Source\Base</Filter>
    </ClCompile>
    <ClCompile Include="..\..\src\shape\Half.cxx">
      <Filter>Source\Base</Filter>
    </ClCompile>
    <ClCompile Include="..\..\src\shape\History.cxx">
      <Filter>Source\Base</Filter>
    </ClCompile>
    <ClCompile Include="..\..\src\shape\HRCParser.cxx">
      <Filter>Source\Base</Filter>
    </ClCompile>
    <ClCompile Include="..\..\src\shape\IFSetHandle.cxx">
      <Filter>Source\Base</Filter>
    </ClCompile>
    <ClCompile Include="..\..\src\shape\IFSTexture.cxx">
      <Filter>Source\Base</Filter>
    </ClCompile>
    <ClCompile Include="..\..\src\shape\Image.cxx">
      <Filter>Source\Base</Filter>
    </ClCompile>
    <ClCompile Include="..\..\src\shape\ImageIO.cxx">
      <Filter>Source\Base</Filter>
    </ClCompile>
    <ClCompile Include="..\..\src\shape\IndexFace.cxx">
      <Filter>Source\Base</Filter>
    </ClCompile>
    <ClCompile Include="..\..\src\shape\Light.cxx">
      <Filter>Source\Base</Filter>
    </ClCompile>
    <ClCompile Include="..\..\src\shape\Line.cxx">
      <Filter>Source\Base</Filter>
    </ClCompile>
    <ClCompile Include="..\..\src\shape\LineBase.cxx">
      <Filter>Source\Base</Filter>
    </ClCompile>
    <ClCompile Include="..\..\src\shape\Loop.cxx">
      <Filter>Source\Base</Filter>
    </ClCompile>
    <ClCompile Include="..\..\src\shape\MassProperty.cxx">
      <Filter>Source\Base</Filter>
    </ClCompile>
    <ClCompile Include="..\..\src\shape\MeshTexture.cxx">
      <Filter>Source\Base</Filter>
    </ClCompile>
    <ClCompile Include="..\..\src\shape\Modify.cxx">
      <Filter>Source\Base</Filter>
    </ClCompile>
    <ClCompile Include="..\..\src\shape\MQOOut.cxx">
      <Filter>Source\Base</Filter>
    </ClCompile>
    <ClCompile Include="..\..\src\shape\MQOParser.cxx">
      <Filter>Source\Base</Filter>
    </ClCompile>
    <ClCompile Include="..\..\src\shape\Operation.cxx">
      <Filter>Source\Base</Filter>
    </ClCompile>
    <ClCompile Include="..\..\src\shape\ParserBase.cxx">
      <Filter>Source\Base</Filter>
    </ClCompile>
    <ClCompile Include="..\..\src\shape\Particle.cxx">
      <Filter>Source\Base</Filter>
    </ClCompile>
    <ClCompile Include="..\..\src\shape\ParticleSet.cxx">
      <Filter>Source\Base</Filter>
    </ClCompile>
    <ClCompile Include="..\..\src\shape\Point.cxx">
      <Filter>Source\Base</Filter>
    </ClCompile>
    <ClCompile Include="..\..\src\shape\Polygon.cxx">
      <Filter>Source\Base</Filter>
    </ClCompile>
    <ClCompile Include="..\..\src\shape\Polyline.cxx">
      <Filter>Source\Base</Filter>
    </ClCompile>
    <ClCompile Include="..\..\src\shape\Prism.cxx">
      <Filter>Source\Base</Filter>
    </ClCompile>
    <ClCompile Include="..\..\src\shape\RDSParser.cxx">
      <Filter>Source\Base</Filter>
    </ClCompile>
    <ClCompile Include="..\..\src\shape\RectTexture.cxx">
      <Filter>Source\Base</Filter>
    </ClCompile>
    <ClCompile Include="..\..\src\shape\Reference1.cxx">
      <Filter>Source\Base</Filter>
    </ClCompile>
    <ClCompile Include="..\..\src\shape\Reference2.cxx">
      <Filter>Source\Base</Filter>
    </ClCompile>
    <ClCompile Include="..\..\src\shape\Reference3.cxx">
      <Filter>Source\Base</Filter>
    </ClCompile>
    <ClCompile Include="..\..\src\shape\Shape.cxx">
      <Filter>Source\Base</Filter>
    </ClCompile>
    <ClCompile Include="..\..\src\shape\SMFParser.cxx">
      <Filter>Source\Base</Filter>
    </ClCompile>
    <ClCompile Include="..\..\src\shape\Solid.cxx">
      <Filter>Source\Base</Filter>
    </ClCompile>
    <ClCompile Include="..\..\src\shape\SolidBase.cxx">
      <Filter>Source\Base</Filter>
    </ClCompile>
    <ClCompile Include="..\..\src\shape\Sphere.cxx">
      <Filter>Source\Base</Filter>
    </ClCompile>
    <ClCompile Include="..\..\src\shape\SRFParser.cxx">
      <Filter>Source\Base</Filter>
    </ClCompile>
    <ClCompile Include="..\..\src\shape\STLOut.cxx">
      <Filter>Source\Base</Filter>
    </ClCompile>
    <ClCompile Include="..\..\src\shape\STLParser.cxx">
      <Filter>Source\Base</Filter>
    </ClCompile>
    <ClCompile Include="..\..\src\shape\SubDivision.cxx">
      <Filter>Source\Base</Filter>
    </ClCompile>
    <ClCompile Include="..\..\src\shape\Surface.cxx">
      <Filter>Source\Base</Filter>
    </ClCompile>
    <ClCompile Include="..\..\src\shape\TextImage.cxx">
      <Filter>Source\Base</Filter>
    </ClCompile>
    <ClCompile Include="..\..\src\shape\Texture.cxx">
      <Filter>Source\Base</Filter>
    </ClCompile>
    <ClCompile Include="..\..\src\shape\Topology.cxx">
      <Filter>Source\Base</Filter>
    </ClCompile>
    <ClCompile Include="..\..\src\shape\TriTexture.cxx">
      <Filter>Source\Base</Filter>
    </ClCompile>
    <ClCompile Include="..\..\src\shape\UniCode.cxx">
      <Filter>Source\Base</Filter>
    </ClCompile>
    <ClCompile Include="..\..\src\shape\Vertex.cxx">
      <Filter>Source\Base</Filter>
    </ClCompile>
    <ClCompile Include="..\..\src\shape\VRMLOut.cxx">
      <Filter>Source\Base</Filter>
    </ClCompile>
    <ClCompile Include="..\..\src\shape\VRMLParser.cxx">
      <Filter>Source\Base</Filter>
    </ClCompile>
    <ClCompile Include="..\..\src\util\AppWindow.cxx">
      <Filter>Source\Base</Filter>
    </ClCompile>
    <ClCompile Include="..\..\src\util\Fullscreen.cxx">
      <Filter>Source\Base</Filter>
    </ClCompile>
    <ClCompile Include="..\..\src\util\GuideObject.cxx">
      <Filter>Source\Base</Filter>
    </ClCompile>
    <ClCompile Include="..\..\src\util\Misc.cxx">
      <Filter>Source\Base</Filter>
    </ClCompile>
    <ClCompile Include="..\..\src\util\MotionCharactor.cxx">
      <Filter>Source\Base</Filter>
    </ClCompile>
    <ClCompile Include="..\..\src\util\MotionData.cxx">
      <Filter>Source\Base</Filter>
    </ClCompile>
    <ClCompile Include="..\..\src\util\SpriteModel.cxx">
      <Filter>Source\Base</Filter>
    </ClCompile>
    <ClCompile Include="..\..\src\util\TrackBall.cxx">
      <Filter>Source\Base</Filter>
    </ClCompile>
    <ClCompile Include="..\..\src\window\ShapeViewer_fltk.cxx">
      <Filter>Source\Base</Filter>
    </ClCompile>
    <ClCompile Include="..\..\src\window\Window_fltk.cxx">
      <Filter>Source\Base</Filter>
    </ClCompile>
    <ClCompile Include="..\..\src\window\WindowEvent_fltk.cxx">
      <Filter>Source\Base</Filter>
    </ClCompile>
    <ClCompile Include="CLI\cpp\AppWindow_CLI.cpp">
      <Filter>Source\CLI</Filter>
    </ClCompile>
    <ClCompile Include="CLI\cpp\AssemblyInfo.cpp">
      <Filter>Source\CLI</Filter>
    </ClCompile>
    <ClCompile Include="CLI\cpp\Attribute_CLI.cpp">
      <Filter>Source\CLI</Filter>
    </ClCompile>
    <ClCompile Include="CLI\cpp\AudioBase_CLI.cpp">
      <Filter>Source\CLI</Filter>
    </ClCompile>
    <ClCompile Include="CLI\cpp\AudioOggBuffer_CLI.cpp">
      <Filter>Source\CLI</Filter>
    </ClCompile>
    <ClCompile Include="CLI\cpp\AudioStream_CLI.cpp">
      <Filter>Source\CLI</Filter>
    </ClCompile>
    <ClCompile Include="CLI\cpp\AudioWavBuffer_CLI.cpp">
      <Filter>Source\CLI</Filter>
    </ClCompile>
    <ClCompile Include="CLI\cpp\Base_CLI.cpp">
      <Filter>Source\CLI</Filter>
    </ClCompile>
    <ClCompile Include="CLI\cpp\Block_CLI.cpp">
      <Filter>Source\CLI</Filter>
    </ClCompile>
    <ClCompile Include="CLI\cpp\Boundary_CLI.cpp">
      <Filter>Source\CLI</Filter>
    </ClCompile>
    <ClCompile Include="CLI\cpp\BVHMotion_CLI.cpp">
      <Filter>Source\CLI</Filter>
    </ClCompile>
    <ClCompile Include="CLI\cpp\Capsule_CLI.cpp">
      <Filter>Source\CLI</Filter>
    </ClCompile>
    <ClCompile Include="CLI\cpp\Circle_CLI.cpp">
      <Filter>Source\CLI</Filter>
    </ClCompile>
    <ClCompile Include="CLI\cpp\Color_CLI.cpp">
      <Filter>Source\CLI</Filter>
    </ClCompile>
    <ClCompile Include="CLI\cpp\Cone_CLI.cpp">
      <Filter>Source\CLI</Filter>
    </ClCompile>
    <ClCompile Include="CLI\cpp\DataAccess_CLI.cpp">
      <Filter>Source\CLI</Filter>
    </ClCompile>
    <ClCompile Include="CLI\cpp\DList_CLI.cpp">
      <Filter>Source\CLI</Filter>
    </ClCompile>
    <ClCompile Include="CLI\cpp\Fog_CLI.cpp">
      <Filter>Source\CLI</Filter>
    </ClCompile>
    <ClCompile Include="CLI\cpp\GenMatrix_CLI.cpp">
      <Filter>Source\CLI</Filter>
    </ClCompile>
    <ClCompile Include="CLI\cpp\GenVector_CLI.cpp">
      <Filter>Source\CLI</Filter>
    </ClCompile>
    <ClCompile Include="CLI\cpp\GuideObject_CLI.cpp">
      <Filter>Source\CLI</Filter>
    </ClCompile>
    <ClCompile Include="CLI\cpp\Half_CLI.cpp">
      <Filter>Source\CLI</Filter>
    </ClCompile>
    <ClCompile Include="CLI\cpp\IFSTexture_CLI.cpp">
      <Filter>Source\CLI</Filter>
    </ClCompile>
    <ClCompile Include="CLI\cpp\Image_CLI.cpp">
      <Filter>Source\CLI</Filter>
    </ClCompile>
    <ClCompile Include="CLI\cpp\IndexFace_CLI.cpp">
      <Filter>Source\CLI</Filter>
    </ClCompile>
    <ClCompile Include="CLI\cpp\Light_CLI.cpp">
      <Filter>Source\CLI</Filter>
    </ClCompile>
    <ClCompile Include="CLI\cpp\Line_CLI.cpp">
      <Filter>Source\CLI</Filter>
    </ClCompile>
    <ClCompile Include="CLI\cpp\Loop_CLI.cpp">
      <Filter>Source\CLI</Filter>
    </ClCompile>
    <ClCompile Include="CLI\cpp\MatAdmin_CLI.cpp">
      <Filter>Source\CLI</Filter>
    </ClCompile>
    <ClCompile Include="CLI\cpp\Material_CLI.cpp">
      <Filter>Source\CLI</Filter>
    </ClCompile>
    <ClCompile Include="CLI\cpp\Math_CLI.cpp">
      <Filter>Source\CLI</Filter>
    </ClCompile>
    <ClCompile Include="CLI\cpp\Matrix_CLI.cpp">
      <Filter>Source\CLI</Filter>
    </ClCompile>
    <ClCompile Include="CLI\cpp\MeshTexture_CLI.cpp">
      <Filter>Source\CLI</Filter>
    </ClCompile>
    <ClCompile Include="CLI\cpp\Model_CLI.cpp">
      <Filter>Source\CLI</Filter>
    </ClCompile>
    <ClCompile Include="CLI\cpp\Modify_CLI.cpp">
      <Filter>Source\CLI</Filter>
    </ClCompile>
    <ClCompile Include="CLI\cpp\Operation_CLI.cpp">
      <Filter>Source\CLI</Filter>
    </ClCompile>
    <ClCompile Include="CLI\cpp\Particle_CLI.cpp">
      <Filter>Source\CLI</Filter>
    </ClCompile>
    <ClCompile Include="CLI\cpp\ParticleSet_CLI.cpp">
      <Filter>Source\CLI</Filter>
    </ClCompile>
    <ClCompile Include="CLI\cpp\Performer_CLI.cpp">
      <Filter>Source\CLI</Filter>
    </ClCompile>
    <ClCompile Include="CLI\cpp\Plane_CLI.cpp">
      <Filter>Source\CLI</Filter>
    </ClCompile>
    <ClCompile Include="CLI\cpp\Point_CLI.cpp">
      <Filter>Source\CLI</Filter>
    </ClCompile>
    <ClCompile Include="CLI\cpp\Polygon_CLI.cpp">
      <Filter>Source\CLI</Filter>
    </ClCompile>
    <ClCompile Include="CLI\cpp\Prism_CLI.cpp">
      <Filter>Source\CLI</Filter>
    </ClCompile>
    <ClCompile Include="CLI\cpp\Projection_CLI.cpp">
      <Filter>Source\CLI</Filter>
    </ClCompile>
    <ClCompile Include="CLI\cpp\Quaternion_CLI.cpp">
      <Filter>Source\CLI</Filter>
    </ClCompile>
    <ClCompile Include="CLI\cpp\RectTexture_CLI.cpp">
      <Filter>Source\CLI</Filter>
    </ClCompile>
    <ClCompile Include="CLI\cpp\Reference_CLI.cpp">
      <Filter>Source\CLI</Filter>
    </ClCompile>
    <ClCompile Include="CLI\cpp\Renderer_CLI.cpp">
      <Filter>Source\CLI</Filter>
    </ClCompile>
    <ClCompile Include="CLI\cpp\Scene_CLI.cpp">
      <Filter>Source\CLI</Filter>
    </ClCompile>
    <ClCompile Include="CLI\cpp\ShaderBinder_CLI.cpp">
      <Filter>Source\CLI</Filter>
    </ClCompile>
    <ClCompile Include="CLI\cpp\ShaderParameter_CLI.cpp">
      <Filter>Source\CLI</Filter>
    </ClCompile>
    <ClCompile Include="CLI\cpp\ShaderProgram_CLI.cpp">
      <Filter>Source\CLI</Filter>
    </ClCompile>
    <ClCompile Include="CLI\cpp\Shape_CLI.cpp">
      <Filter>Source\CLI</Filter>
    </ClCompile>
    <ClCompile Include="CLI\cpp\ShapeViewer_CLI.cpp">
      <Filter>Source\CLI</Filter>
    </ClCompile>
    <ClCompile Include="CLI\cpp\Solid_CLI.cpp">
      <Filter>Source\CLI</Filter>
    </ClCompile>
    <ClCompile Include="CLI\cpp\SolidBase_CLI.cpp">
      <Filter>Source\CLI</Filter>
    </ClCompile>
    <ClCompile Include="CLI\cpp\Sphere_CLI.cpp">
      <Filter>Source\CLI</Filter>
    </ClCompile>
    <ClCompile Include="CLI\cpp\SpriteModel_CLI.cpp">
      <Filter>Source\CLI</Filter>
    </ClCompile>
    <ClCompile Include="CLI\cpp\TextImage_CLI.cpp">
      <Filter>Source\CLI</Filter>
    </ClCompile>
    <ClCompile Include="CLI\cpp\Texture_CLI.cpp">
      <Filter>Source\CLI</Filter>
    </ClCompile>
    <ClCompile Include="CLI\cpp\Topology_CLI.cpp">
      <Filter>Source\CLI</Filter>
    </ClCompile>
    <ClCompile Include="CLI\cpp\TriTexture_CLI.cpp">
      <Filter>Source\CLI</Filter>
    </ClCompile>
    <ClCompile Include="CLI\cpp\UniCode_CLI.cpp">
      <Filter>Source\CLI</Filter>
    </ClCompile>
    <ClCompile Include="CLI\cpp\Vector_CLI.cpp">
      <Filter>Source\CLI</Filter>
    </ClCompile>
    <ClCompile Include="CLI\cpp\Vertex_CLI.cpp">
      <Filter>Source\CLI</Filter>
    </ClCompile>
    <ClCompile Include="CLI\cpp\Edge_CLI.cpp">
      <Filter>Source\CLI</Filter>
    </ClCompile>
    <ClCompile Include="CLI\cpp\Polyline_CLI.cpp">
      <Filter>Source\CLI</Filter>
    </ClCompile>
    <ClCompile Include="CLI\cpp\Closedline_CLI.cpp">
      <Filter>Source\CLI</Filter>
    </ClCompile>
    <ClCompile Include="CLI\cpp\TexCoord_CLI.cpp">
      <Filter>Source\CLI</Filter>
    </ClCompile>
  </ItemGroup>
</Project>