
Microsoft Visual Studio Solution File, Format Version 12.00
# Visual Studio 15
VisualStudioVersion = 15.0.28307.489
MinimumVisualStudioVersion = 10.0.40219.1
Project("{8BC9CEB8-8B4A-11D0-8D11-00A0C91BC942}") = "FK_CLI", "FK_CLI.vcxproj", "{80D11C11-E353-464E-8567-51F004A6941F}"
EndProject
Project("{FAE04EC0-301F-11D3-BF4B-00C04F79EFBC}") = "FK_FormHelper_2017", "..\FK_FormHelper\FK_FormHelper_2017.csproj", "{F2D34525-5DB1-47FC-9718-532BBF28BF4A}"
EndProject
Project("{FAE04EC0-301F-11D3-BF4B-00C04F79EFBC}") = "FK_CLI_Audio", "Test\FK_CLI_Audio\FK_CLI_Audio.csproj", "{1071604A-219F-4956-868F-2C85E34E49C8}"
EndProject
Project("{FAE04EC0-301F-11D3-BF4B-00C04F79EFBC}") = "FK_CLI_Ball", "Test\FK_CLI_Ball\FK_CLI_Ball.csproj", "{C8469A3C-B720-42C4-8085-CC9DB44C25B5}"
EndProject
Project("{FAE04EC0-301F-11D3-BF4B-00C04F79EFBC}") = "FK_CLI_Boid", "Test\FK_CLI_Boid\FK_CLI_Boid.csproj", "{BB99C09A-E1EA-4B65-BF56-6A0F891D6687}"
EndProject
Project("{FAE04EC0-301F-11D3-BF4B-00C04F79EFBC}") = "FK_CLI_Box", "Test\FK_CLI_Box\FK_CLI_Box.csproj", "{87506FCF-784F-4D04-82AC-389792F21BF8}"
EndProject
Project("{FAE04EC0-301F-11D3-BF4B-00C04F79EFBC}") = "FK_CLI_FBO", "Test\FK_CLI_FBO\FK_CLI_FBO.csproj", "{C4B8B83A-3E72-4161-B962-C12814176EE5}"
EndProject
Project("{F2A71F9B-5D33-465A-A702-920D77279786}") = "FK_CLI_FBoid", "Test\FK_CLI_FBoid\FK_CLI_FBoid.fsproj", "{ADC6D57D-1DEC-49DB-BF5E-F36BDCCA2BF0}"
	ProjectSection(ProjectDependencies) = postProject
		{80D11C11-E353-464E-8567-51F004A6941F} = {80D11C11-E353-464E-8567-51F004A6941F}
	EndProjectSection
EndProject
Project("{F2A71F9B-5D33-465A-A702-920D77279786}") = "FK_CLI_FBox", "Test\FK_CLI_FBox\FK_CLI_FBox.fsproj", "{AE5CFA53-7538-479B-8EE0-479687EA5D12}"
	ProjectSection(ProjectDependencies) = postProject
		{80D11C11-E353-464E-8567-51F004A6941F} = {80D11C11-E353-464E-8567-51F004A6941F}
	EndProjectSection
EndProject
Project("{FAE04EC0-301F-11D3-BF4B-00C04F79EFBC}") = "FK_CLI_GenMatrix", "Test\FK_CLI_GenMatrix\FK_CLI_GenMatrix.csproj", "{68572074-38B2-4363-8E8B-138A6D2B00B3}"
EndProject
Project("{FAE04EC0-301F-11D3-BF4B-00C04F79EFBC}") = "FK_CLI_GeomShader", "Test\FK_CLI_GeomShader\FK_CLI_GeomShader.csproj", "{7303D97E-6031-4AB5-AECC-986102A4EA1E}"
EndProject
Project("{FAE04EC0-301F-11D3-BF4B-00C04F79EFBC}") = "FK_CLI_IFSTex", "Test\FK_CLI_IFSTex\FK_CLI_IFSTex.csproj", "{6993FC0E-6C54-4DE5-B18D-8131D5CA17FF}"
EndProject
Project("{FAE04EC0-301F-11D3-BF4B-00C04F79EFBC}") = "FK_CLI_Particle", "Test\FK_CLI_Particle\FK_CLI_Particle.csproj", "{2AFB8365-ABCB-4264-A7CC-AE7B3A0AE4EB}"
EndProject
Project("{FAE04EC0-301F-11D3-BF4B-00C04F79EFBC}") = "FK_CLI_Quaternion", "Test\FK_CLI_Quaternion\FK_CLI_Quaternion.csproj", "{44D08AC5-D096-4CB2-80B2-893D64565E28}"
EndProject
Project("{FAE04EC0-301F-11D3-BF4B-00C04F79EFBC}") = "FK_CLI_Shader", "Test\FK_CLI_Shader\FK_CLI_Shader.csproj", "{0223BDF2-87A8-449F-B032-7A76B99BA813}"
EndProject
Project("{FAE04EC0-301F-11D3-BF4B-00C04F79EFBC}") = "FK_CLI_Sprite", "Test\FK_CLI_Sprite\FK_CLI_Sprite.csproj", "{AE35B544-9BAD-4873-A9E3-86E71D96B26C}"
EndProject
Project("{FAE04EC0-301F-11D3-BF4B-00C04F79EFBC}") = "FK_CLI_TextImage", "Test\FK_CLI_TextImage\FK_CLI_TextImage.csproj", "{E07EAC90-5680-41AF-AD3A-A78C2237A62D}"
EndProject
Project("{FAE04EC0-301F-11D3-BF4B-00C04F79EFBC}") = "FK_CLI_Texture", "Test\FK_CLI_Texture\FK_CLI_Texture.csproj", "{0BB6F2C8-73B5-4FF4-9613-C020963843D0}"
EndProject
Project("{FAE04EC0-301F-11D3-BF4B-00C04F79EFBC}") = "FK_CLI_Viewer", "Test\FK_CLI_Viewer\FK_CLI_Viewer.csproj", "{665570F8-DFBE-4B7E-936C-B899420550FB}"
EndProject
Project("{FAE04EC0-301F-11D3-BF4B-00C04F79EFBC}") = "FK_CLI_WinFormApp", "Test\FK_CLI_WinFormApp\FK_CLI_WinFormApp.csproj", "{3A891CD6-2F77-45E5-97E3-3F10B10BECA1}"
EndProject
Project("{FAE04EC0-301F-11D3-BF4B-00C04F79EFBC}") = "FK_CLI_WpfApp", "Test\FK_CLI_WpfApp\FK_CLI_WpfApp.csproj", "{99D32EFD-2347-43B5-A1D2-79E5C79D376A}"
EndProject
Project("{FAE04EC0-301F-11D3-BF4B-00C04F79EFBC}") = "TestProject", "Test\TestProject\TestProject.csproj", "{591A88AA-B2D7-40ED-BEE1-09B68FCA0919}"
EndProject
Project("{FAE04EC0-301F-11D3-BF4B-00C04F79EFBC}") = "FK_CLI_BezSurface", "Test\FK_CLI_BezSurface\FK_CLI_BezSurface.csproj", "{88A7F454-F18B-4E4C-947E-E2FF94494058}"
EndProject
Project("{FAE04EC0-301F-11D3-BF4B-00C04F79EFBC}") = "FK_CLI_Gregory", "Test\FK_CLI_Gregory\FK_CLI_Gregory.csproj", "{719BB7C0-1B44-4C04-843D-1EE1891E77C9}"
EndProject
Global
	GlobalSection(SolutionConfigurationPlatforms) = preSolution
		Debug|Any CPU = Debug|Any CPU
		Debug|x64 = Debug|x64
		Debug|x86 = Debug|x86
		Release|Any CPU = Release|Any CPU
		Release|x64 = Release|x64
		Release|x86 = Release|x86
	EndGlobalSection
	GlobalSection(ProjectConfigurationPlatforms) = postSolution
		{80D11C11-E353-464E-8567-51F004A6941F}.Debug|Any CPU.ActiveCfg = Debug|Win32
		{80D11C11-E353-464E-8567-51F004A6941F}.Debug|Any CPU.Build.0 = Debug|Win32
		{80D11C11-E353-464E-8567-51F004A6941F}.Debug|x64.ActiveCfg = Debug|x64
		{80D11C11-E353-464E-8567-51F004A6941F}.Debug|x64.Build.0 = Debug|x64
		{80D11C11-E353-464E-8567-51F004A6941F}.Debug|x86.ActiveCfg = Debug|Win32
		{80D11C11-E353-464E-8567-51F004A6941F}.Debug|x86.Build.0 = Debug|Win32
		{80D11C11-E353-464E-8567-51F004A6941F}.Release|Any CPU.ActiveCfg = Release|Win32
		{80D11C11-E353-464E-8567-51F004A6941F}.Release|x64.ActiveCfg = Release|x64
		{80D11C11-E353-464E-8567-51F004A6941F}.Release|x64.Build.0 = Release|x64
		{80D11C11-E353-464E-8567-51F004A6941F}.Release|x86.ActiveCfg = Release|Win32
		{80D11C11-E353-464E-8567-51F004A6941F}.Release|x86.Build.0 = Release|Win32
		{F2D34525-5DB1-47FC-9718-532BBF28BF4A}.Debug|Any CPU.ActiveCfg = Debug|Any CPU
		{F2D34525-5DB1-47FC-9718-532BBF28BF4A}.Debug|Any CPU.Build.0 = Debug|Any CPU
		{F2D34525-5DB1-47FC-9718-532BBF28BF4A}.Debug|x64.ActiveCfg = Debug|x64
		{F2D34525-5DB1-47FC-9718-532BBF28BF4A}.Debug|x64.Build.0 = Debug|x64
		{F2D34525-5DB1-47FC-9718-532BBF28BF4A}.Debug|x86.ActiveCfg = Debug|x86
		{F2D34525-5DB1-47FC-9718-532BBF28BF4A}.Debug|x86.Build.0 = Debug|x86
		{F2D34525-5DB1-47FC-9718-532BBF28BF4A}.Release|Any CPU.ActiveCfg = Release|Any CPU
		{F2D34525-5DB1-47FC-9718-532BBF28BF4A}.Release|Any CPU.Build.0 = Release|Any CPU
		{F2D34525-5DB1-47FC-9718-532BBF28BF4A}.Release|x64.ActiveCfg = Release|x64
		{F2D34525-5DB1-47FC-9718-532BBF28BF4A}.Release|x64.Build.0 = Release|x64
		{F2D34525-5DB1-47FC-9718-532BBF28BF4A}.Release|x86.ActiveCfg = Release|x86
		{F2D34525-5DB1-47FC-9718-532BBF28BF4A}.Release|x86.Build.0 = Release|x86
		{1071604A-219F-4956-868F-2C85E34E49C8}.Debug|Any CPU.ActiveCfg = Debug|Any CPU
		{1071604A-219F-4956-868F-2C85E34E49C8}.Debug|Any CPU.Build.0 = Debug|Any CPU
		{1071604A-219F-4956-868F-2C85E34E49C8}.Debug|x64.ActiveCfg = Debug|x64
		{1071604A-219F-4956-868F-2C85E34E49C8}.Debug|x64.Build.0 = Debug|x64
		{1071604A-219F-4956-868F-2C85E34E49C8}.Debug|x86.ActiveCfg = Debug|x86
		{1071604A-219F-4956-868F-2C85E34E49C8}.Debug|x86.Build.0 = Debug|x86
		{1071604A-219F-4956-868F-2C85E34E49C8}.Release|Any CPU.ActiveCfg = Release|Any CPU
		{1071604A-219F-4956-868F-2C85E34E49C8}.Release|Any CPU.Build.0 = Release|Any CPU
		{1071604A-219F-4956-868F-2C85E34E49C8}.Release|x64.ActiveCfg = Release|x64
		{1071604A-219F-4956-868F-2C85E34E49C8}.Release|x64.Build.0 = Release|x64
		{1071604A-219F-4956-868F-2C85E34E49C8}.Release|x86.ActiveCfg = Release|x86
		{1071604A-219F-4956-868F-2C85E34E49C8}.Release|x86.Build.0 = Release|x86
		{C8469A3C-B720-42C4-8085-CC9DB44C25B5}.Debug|Any CPU.ActiveCfg = Debug|Any CPU
		{C8469A3C-B720-42C4-8085-CC9DB44C25B5}.Debug|Any CPU.Build.0 = Debug|Any CPU
		{C8469A3C-B720-42C4-8085-CC9DB44C25B5}.Debug|x64.ActiveCfg = Debug|x64
		{C8469A3C-B720-42C4-8085-CC9DB44C25B5}.Debug|x64.Build.0 = Debug|x64
		{C8469A3C-B720-42C4-8085-CC9DB44C25B5}.Debug|x86.ActiveCfg = Debug|x86
		{C8469A3C-B720-42C4-8085-CC9DB44C25B5}.Debug|x86.Build.0 = Debug|x86
		{C8469A3C-B720-42C4-8085-CC9DB44C25B5}.Release|Any CPU.ActiveCfg = Release|Any CPU
		{C8469A3C-B720-42C4-8085-CC9DB44C25B5}.Release|Any CPU.Build.0 = Release|Any CPU
		{C8469A3C-B720-42C4-8085-CC9DB44C25B5}.Release|x64.ActiveCfg = Release|x64
		{C8469A3C-B720-42C4-8085-CC9DB44C25B5}.Release|x64.Build.0 = Release|x64
		{C8469A3C-B720-42C4-8085-CC9DB44C25B5}.Release|x86.ActiveCfg = Release|x86
		{C8469A3C-B720-42C4-8085-CC9DB44C25B5}.Release|x86.Build.0 = Release|x86
		{BB99C09A-E1EA-4B65-BF56-6A0F891D6687}.Debug|Any CPU.ActiveCfg = Debug|Any CPU
		{BB99C09A-E1EA-4B65-BF56-6A0F891D6687}.Debug|Any CPU.Build.0 = Debug|Any CPU
		{BB99C09A-E1EA-4B65-BF56-6A0F891D6687}.Debug|x64.ActiveCfg = Debug|x64
		{BB99C09A-E1EA-4B65-BF56-6A0F891D6687}.Debug|x64.Build.0 = Debug|x64
		{BB99C09A-E1EA-4B65-BF56-6A0F891D6687}.Debug|x86.ActiveCfg = Debug|x86
		{BB99C09A-E1EA-4B65-BF56-6A0F891D6687}.Debug|x86.Build.0 = Debug|x86
		{BB99C09A-E1EA-4B65-BF56-6A0F891D6687}.Release|Any CPU.ActiveCfg = Release|Any CPU
		{BB99C09A-E1EA-4B65-BF56-6A0F891D6687}.Release|Any CPU.Build.0 = Release|Any CPU
		{BB99C09A-E1EA-4B65-BF56-6A0F891D6687}.Release|x64.ActiveCfg = Release|x64
		{BB99C09A-E1EA-4B65-BF56-6A0F891D6687}.Release|x64.Build.0 = Release|x64
		{BB99C09A-E1EA-4B65-BF56-6A0F891D6687}.Release|x86.ActiveCfg = Release|x86
		{BB99C09A-E1EA-4B65-BF56-6A0F891D6687}.Release|x86.Build.0 = Release|x86
		{87506FCF-784F-4D04-82AC-389792F21BF8}.Debug|Any CPU.ActiveCfg = Debug|Any CPU
		{87506FCF-784F-4D04-82AC-389792F21BF8}.Debug|Any CPU.Build.0 = Debug|Any CPU
		{87506FCF-784F-4D04-82AC-389792F21BF8}.Debug|x64.ActiveCfg = Debug|x64
		{87506FCF-784F-4D04-82AC-389792F21BF8}.Debug|x64.Build.0 = Debug|x64
		{87506FCF-784F-4D04-82AC-389792F21BF8}.Debug|x86.ActiveCfg = Debug|x86
		{87506FCF-784F-4D04-82AC-389792F21BF8}.Debug|x86.Build.0 = Debug|x86
		{87506FCF-784F-4D04-82AC-389792F21BF8}.Release|Any CPU.ActiveCfg = Release|Any CPU
		{87506FCF-784F-4D04-82AC-389792F21BF8}.Release|Any CPU.Build.0 = Release|Any CPU
		{87506FCF-784F-4D04-82AC-389792F21BF8}.Release|x64.ActiveCfg = Release|x64
		{87506FCF-784F-4D04-82AC-389792F21BF8}.Release|x64.Build.0 = Release|x64
		{87506FCF-784F-4D04-82AC-389792F21BF8}.Release|x86.ActiveCfg = Release|x86
		{87506FCF-784F-4D04-82AC-389792F21BF8}.Release|x86.Build.0 = Release|x86
		{C4B8B83A-3E72-4161-B962-C12814176EE5}.Debug|Any CPU.ActiveCfg = Debug|Any CPU
		{C4B8B83A-3E72-4161-B962-C12814176EE5}.Debug|Any CPU.Build.0 = Debug|Any CPU
		{C4B8B83A-3E72-4161-B962-C12814176EE5}.Debug|x64.ActiveCfg = Debug|x64
		{C4B8B83A-3E72-4161-B962-C12814176EE5}.Debug|x64.Build.0 = Debug|x64
		{C4B8B83A-3E72-4161-B962-C12814176EE5}.Debug|x86.ActiveCfg = Debug|x86
		{C4B8B83A-3E72-4161-B962-C12814176EE5}.Debug|x86.Build.0 = Debug|x86
		{C4B8B83A-3E72-4161-B962-C12814176EE5}.Release|Any CPU.ActiveCfg = Release|x86
		{C4B8B83A-3E72-4161-B962-C12814176EE5}.Release|x64.ActiveCfg = Release|x64
		{C4B8B83A-3E72-4161-B962-C12814176EE5}.Release|x64.Build.0 = Release|x64
		{C4B8B83A-3E72-4161-B962-C12814176EE5}.Release|x86.ActiveCfg = Release|x86
		{C4B8B83A-3E72-4161-B962-C12814176EE5}.Release|x86.Build.0 = Release|x86
		{ADC6D57D-1DEC-49DB-BF5E-F36BDCCA2BF0}.Debug|Any CPU.ActiveCfg = Debug|Any CPU
		{ADC6D57D-1DEC-49DB-BF5E-F36BDCCA2BF0}.Debug|Any CPU.Build.0 = Debug|Any CPU
		{ADC6D57D-1DEC-49DB-BF5E-F36BDCCA2BF0}.Debug|x64.ActiveCfg = Debug|x64
		{ADC6D57D-1DEC-49DB-BF5E-F36BDCCA2BF0}.Debug|x64.Build.0 = Debug|x64
		{ADC6D57D-1DEC-49DB-BF5E-F36BDCCA2BF0}.Debug|x86.ActiveCfg = Debug|x86
		{ADC6D57D-1DEC-49DB-BF5E-F36BDCCA2BF0}.Debug|x86.Build.0 = Debug|x86
		{ADC6D57D-1DEC-49DB-BF5E-F36BDCCA2BF0}.Release|Any CPU.ActiveCfg = Release|Any CPU
		{ADC6D57D-1DEC-49DB-BF5E-F36BDCCA2BF0}.Release|Any CPU.Build.0 = Release|Any CPU
		{ADC6D57D-1DEC-49DB-BF5E-F36BDCCA2BF0}.Release|x64.ActiveCfg = Release|x64
		{ADC6D57D-1DEC-49DB-BF5E-F36BDCCA2BF0}.Release|x64.Build.0 = Release|x64
		{ADC6D57D-1DEC-49DB-BF5E-F36BDCCA2BF0}.Release|x86.ActiveCfg = Release|x86
		{ADC6D57D-1DEC-49DB-BF5E-F36BDCCA2BF0}.Release|x86.Build.0 = Release|x86
		{AE5CFA53-7538-479B-8EE0-479687EA5D12}.Debug|Any CPU.ActiveCfg = Debug|Any CPU
		{AE5CFA53-7538-479B-8EE0-479687EA5D12}.Debug|Any CPU.Build.0 = Debug|Any CPU
		{AE5CFA53-7538-479B-8EE0-479687EA5D12}.Debug|x64.ActiveCfg = Debug|x64
		{AE5CFA53-7538-479B-8EE0-479687EA5D12}.Debug|x64.Build.0 = Debug|x64
		{AE5CFA53-7538-479B-8EE0-479687EA5D12}.Debug|x86.ActiveCfg = Debug|x86
		{AE5CFA53-7538-479B-8EE0-479687EA5D12}.Debug|x86.Build.0 = Debug|x86
		{AE5CFA53-7538-479B-8EE0-479687EA5D12}.Release|Any CPU.ActiveCfg = Release|Any CPU
		{AE5CFA53-7538-479B-8EE0-479687EA5D12}.Release|Any CPU.Build.0 = Release|Any CPU
		{AE5CFA53-7538-479B-8EE0-479687EA5D12}.Release|x64.ActiveCfg = Release|x64
		{AE5CFA53-7538-479B-8EE0-479687EA5D12}.Release|x64.Build.0 = Release|x64
		{AE5CFA53-7538-479B-8EE0-479687EA5D12}.Release|x86.ActiveCfg = Release|x86
		{AE5CFA53-7538-479B-8EE0-479687EA5D12}.Release|x86.Build.0 = Release|x86
		{68572074-38B2-4363-8E8B-138A6D2B00B3}.Debug|Any CPU.ActiveCfg = Debug|Any CPU
		{68572074-38B2-4363-8E8B-138A6D2B00B3}.Debug|Any CPU.Build.0 = Debug|Any CPU
		{68572074-38B2-4363-8E8B-138A6D2B00B3}.Debug|x64.ActiveCfg = Debug|x64
		{68572074-38B2-4363-8E8B-138A6D2B00B3}.Debug|x64.Build.0 = Debug|x64
		{68572074-38B2-4363-8E8B-138A6D2B00B3}.Debug|x86.ActiveCfg = Debug|x86
		{68572074-38B2-4363-8E8B-138A6D2B00B3}.Debug|x86.Build.0 = Debug|x86
		{68572074-38B2-4363-8E8B-138A6D2B00B3}.Release|Any CPU.ActiveCfg = Release|Any CPU
		{68572074-38B2-4363-8E8B-138A6D2B00B3}.Release|Any CPU.Build.0 = Release|Any CPU
		{68572074-38B2-4363-8E8B-138A6D2B00B3}.Release|x64.ActiveCfg = Release|x64
		{68572074-38B2-4363-8E8B-138A6D2B00B3}.Release|x64.Build.0 = Release|x64
		{68572074-38B2-4363-8E8B-138A6D2B00B3}.Release|x86.ActiveCfg = Release|x86
		{68572074-38B2-4363-8E8B-138A6D2B00B3}.Release|x86.Build.0 = Release|x86
		{7303D97E-6031-4AB5-AECC-986102A4EA1E}.Debug|Any CPU.ActiveCfg = Debug|Any CPU
		{7303D97E-6031-4AB5-AECC-986102A4EA1E}.Debug|Any CPU.Build.0 = Debug|Any CPU
		{7303D97E-6031-4AB5-AECC-986102A4EA1E}.Debug|x64.ActiveCfg = Debug|x86
		{7303D97E-6031-4AB5-AECC-986102A4EA1E}.Debug|x86.ActiveCfg = Debug|x86
		{7303D97E-6031-4AB5-AECC-986102A4EA1E}.Debug|x86.Build.0 = Debug|x86
		{7303D97E-6031-4AB5-AECC-986102A4EA1E}.Release|Any CPU.ActiveCfg = Release|x86
		{7303D97E-6031-4AB5-AECC-986102A4EA1E}.Release|x64.ActiveCfg = Release|x86
		{7303D97E-6031-4AB5-AECC-986102A4EA1E}.Release|x86.ActiveCfg = Release|x86
		{7303D97E-6031-4AB5-AECC-986102A4EA1E}.Release|x86.Build.0 = Release|x86
		{6993FC0E-6C54-4DE5-B18D-8131D5CA17FF}.Debug|Any CPU.ActiveCfg = Debug|Any CPU
		{6993FC0E-6C54-4DE5-B18D-8131D5CA17FF}.Debug|Any CPU.Build.0 = Debug|Any CPU
		{6993FC0E-6C54-4DE5-B18D-8131D5CA17FF}.Debug|x64.ActiveCfg = Debug|x64
		{6993FC0E-6C54-4DE5-B18D-8131D5CA17FF}.Debug|x64.Build.0 = Debug|x64
		{6993FC0E-6C54-4DE5-B18D-8131D5CA17FF}.Debug|x86.ActiveCfg = Debug|x86
		{6993FC0E-6C54-4DE5-B18D-8131D5CA17FF}.Debug|x86.Build.0 = Debug|x86
		{6993FC0E-6C54-4DE5-B18D-8131D5CA17FF}.Release|Any CPU.ActiveCfg = Release|Any CPU
		{6993FC0E-6C54-4DE5-B18D-8131D5CA17FF}.Release|Any CPU.Build.0 = Release|Any CPU
		{6993FC0E-6C54-4DE5-B18D-8131D5CA17FF}.Release|x64.ActiveCfg = Release|x64
		{6993FC0E-6C54-4DE5-B18D-8131D5CA17FF}.Release|x64.Build.0 = Release|x64
		{6993FC0E-6C54-4DE5-B18D-8131D5CA17FF}.Release|x86.ActiveCfg = Release|x86
		{6993FC0E-6C54-4DE5-B18D-8131D5CA17FF}.Release|x86.Build.0 = Release|x86
		{2AFB8365-ABCB-4264-A7CC-AE7B3A0AE4EB}.Debug|Any CPU.ActiveCfg = Debug|Any CPU
		{2AFB8365-ABCB-4264-A7CC-AE7B3A0AE4EB}.Debug|Any CPU.Build.0 = Debug|Any CPU
		{2AFB8365-ABCB-4264-A7CC-AE7B3A0AE4EB}.Debug|x64.ActiveCfg = Debug|x64
		{2AFB8365-ABCB-4264-A7CC-AE7B3A0AE4EB}.Debug|x64.Build.0 = Debug|x64
		{2AFB8365-ABCB-4264-A7CC-AE7B3A0AE4EB}.Debug|x86.ActiveCfg = Debug|x86
		{2AFB8365-ABCB-4264-A7CC-AE7B3A0AE4EB}.Debug|x86.Build.0 = Debug|x86
		{2AFB8365-ABCB-4264-A7CC-AE7B3A0AE4EB}.Release|Any CPU.ActiveCfg = Release|Any CPU
		{2AFB8365-ABCB-4264-A7CC-AE7B3A0AE4EB}.Release|Any CPU.Build.0 = Release|Any CPU
		{2AFB8365-ABCB-4264-A7CC-AE7B3A0AE4EB}.Release|x64.ActiveCfg = Release|x64
		{2AFB8365-ABCB-4264-A7CC-AE7B3A0AE4EB}.Release|x64.Build.0 = Release|x64
		{2AFB8365-ABCB-4264-A7CC-AE7B3A0AE4EB}.Release|x86.ActiveCfg = Release|x86
		{2AFB8365-ABCB-4264-A7CC-AE7B3A0AE4EB}.Release|x86.Build.0 = Release|x86
		{44D08AC5-D096-4CB2-80B2-893D64565E28}.Debug|Any CPU.ActiveCfg = Debug|Any CPU
		{44D08AC5-D096-4CB2-80B2-893D64565E28}.Debug|Any CPU.Build.0 = Debug|Any CPU
		{44D08AC5-D096-4CB2-80B2-893D64565E28}.Debug|x64.ActiveCfg = Debug|x64
		{44D08AC5-D096-4CB2-80B2-893D64565E28}.Debug|x64.Build.0 = Debug|x64
		{44D08AC5-D096-4CB2-80B2-893D64565E28}.Debug|x86.ActiveCfg = Debug|x86
		{44D08AC5-D096-4CB2-80B2-893D64565E28}.Debug|x86.Build.0 = Debug|x86
		{44D08AC5-D096-4CB2-80B2-893D64565E28}.Release|Any CPU.ActiveCfg = Release|Any CPU
		{44D08AC5-D096-4CB2-80B2-893D64565E28}.Release|Any CPU.Build.0 = Release|Any CPU
		{44D08AC5-D096-4CB2-80B2-893D64565E28}.Release|x64.ActiveCfg = Release|x64
		{44D08AC5-D096-4CB2-80B2-893D64565E28}.Release|x64.Build.0 = Release|x64
		{44D08AC5-D096-4CB2-80B2-893D64565E28}.Release|x86.ActiveCfg = Release|x86
		{44D08AC5-D096-4CB2-80B2-893D64565E28}.Release|x86.Build.0 = Release|x86
		{0223BDF2-87A8-449F-B032-7A76B99BA813}.Debug|Any CPU.ActiveCfg = Debug|Any CPU
		{0223BDF2-87A8-449F-B032-7A76B99BA813}.Debug|Any CPU.Build.0 = Debug|Any CPU
		{0223BDF2-87A8-449F-B032-7A76B99BA813}.Debug|x64.ActiveCfg = Debug|x64
		{0223BDF2-87A8-449F-B032-7A76B99BA813}.Debug|x64.Build.0 = Debug|x64
		{0223BDF2-87A8-449F-B032-7A76B99BA813}.Debug|x86.ActiveCfg = Debug|x86
		{0223BDF2-87A8-449F-B032-7A76B99BA813}.Debug|x86.Build.0 = Debug|x86
		{0223BDF2-87A8-449F-B032-7A76B99BA813}.Release|Any CPU.ActiveCfg = Release|Any CPU
		{0223BDF2-87A8-449F-B032-7A76B99BA813}.Release|Any CPU.Build.0 = Release|Any CPU
		{0223BDF2-87A8-449F-B032-7A76B99BA813}.Release|x64.ActiveCfg = Release|x64
		{0223BDF2-87A8-449F-B032-7A76B99BA813}.Release|x64.Build.0 = Release|x64
		{0223BDF2-87A8-449F-B032-7A76B99BA813}.Release|x86.ActiveCfg = Release|x86
		{0223BDF2-87A8-449F-B032-7A76B99BA813}.Release|x86.Build.0 = Release|x86
		{AE35B544-9BAD-4873-A9E3-86E71D96B26C}.Debug|Any CPU.ActiveCfg = Debug|Any CPU
		{AE35B544-9BAD-4873-A9E3-86E71D96B26C}.Debug|Any CPU.Build.0 = Debug|Any CPU
		{AE35B544-9BAD-4873-A9E3-86E71D96B26C}.Debug|x64.ActiveCfg = Debug|x64
		{AE35B544-9BAD-4873-A9E3-86E71D96B26C}.Debug|x64.Build.0 = Debug|x64
		{AE35B544-9BAD-4873-A9E3-86E71D96B26C}.Debug|x86.ActiveCfg = Debug|x86
		{AE35B544-9BAD-4873-A9E3-86E71D96B26C}.Debug|x86.Build.0 = Debug|x86
		{AE35B544-9BAD-4873-A9E3-86E71D96B26C}.Release|Any CPU.ActiveCfg = Release|Any CPU
		{AE35B544-9BAD-4873-A9E3-86E71D96B26C}.Release|Any CPU.Build.0 = Release|Any CPU
		{AE35B544-9BAD-4873-A9E3-86E71D96B26C}.Release|x64.ActiveCfg = Release|x64
		{AE35B544-9BAD-4873-A9E3-86E71D96B26C}.Release|x64.Build.0 = Release|x64
		{AE35B544-9BAD-4873-A9E3-86E71D96B26C}.Release|x86.ActiveCfg = Release|x86
		{AE35B544-9BAD-4873-A9E3-86E71D96B26C}.Release|x86.Build.0 = Release|x86
		{E07EAC90-5680-41AF-AD3A-A78C2237A62D}.Debug|Any CPU.ActiveCfg = Debug|Any CPU
		{E07EAC90-5680-41AF-AD3A-A78C2237A62D}.Debug|Any CPU.Build.0 = Debug|Any CPU
		{E07EAC90-5680-41AF-AD3A-A78C2237A62D}.Debug|x64.ActiveCfg = Debug|x64
		{E07EAC90-5680-41AF-AD3A-A78C2237A62D}.Debug|x64.Build.0 = Debug|x64
		{E07EAC90-5680-41AF-AD3A-A78C2237A62D}.Debug|x86.ActiveCfg = Debug|x86
		{E07EAC90-5680-41AF-AD3A-A78C2237A62D}.Debug|x86.Build.0 = Debug|x86
		{E07EAC90-5680-41AF-AD3A-A78C2237A62D}.Release|Any CPU.ActiveCfg = Release|Any CPU
		{E07EAC90-5680-41AF-AD3A-A78C2237A62D}.Release|Any CPU.Build.0 = Release|Any CPU
		{E07EAC90-5680-41AF-AD3A-A78C2237A62D}.Release|x64.ActiveCfg = Release|x64
		{E07EAC90-5680-41AF-AD3A-A78C2237A62D}.Release|x64.Build.0 = Release|x64
		{E07EAC90-5680-41AF-AD3A-A78C2237A62D}.Release|x86.ActiveCfg = Release|x86
		{E07EAC90-5680-41AF-AD3A-A78C2237A62D}.Release|x86.Build.0 = Release|x86
		{0BB6F2C8-73B5-4FF4-9613-C020963843D0}.Debug|Any CPU.ActiveCfg = Debug|Any CPU
		{0BB6F2C8-73B5-4FF4-9613-C020963843D0}.Debug|Any CPU.Build.0 = Debug|Any CPU
		{0BB6F2C8-73B5-4FF4-9613-C020963843D0}.Debug|x64.ActiveCfg = Debug|x64
		{0BB6F2C8-73B5-4FF4-9613-C020963843D0}.Debug|x64.Build.0 = Debug|x64
		{0BB6F2C8-73B5-4FF4-9613-C020963843D0}.Debug|x86.ActiveCfg = Debug|x86
		{0BB6F2C8-73B5-4FF4-9613-C020963843D0}.Debug|x86.Build.0 = Debug|x86
		{0BB6F2C8-73B5-4FF4-9613-C020963843D0}.Release|Any CPU.ActiveCfg = Release|Any CPU
		{0BB6F2C8-73B5-4FF4-9613-C020963843D0}.Release|Any CPU.Build.0 = Release|Any CPU
		{0BB6F2C8-73B5-4FF4-9613-C020963843D0}.Release|x64.ActiveCfg = Release|x64
		{0BB6F2C8-73B5-4FF4-9613-C020963843D0}.Release|x64.Build.0 = Release|x64
		{0BB6F2C8-73B5-4FF4-9613-C020963843D0}.Release|x86.ActiveCfg = Release|x86
		{0BB6F2C8-73B5-4FF4-9613-C020963843D0}.Release|x86.Build.0 = Release|x86
		{665570F8-DFBE-4B7E-936C-B899420550FB}.Debug|Any CPU.ActiveCfg = Debug|Any CPU
		{665570F8-DFBE-4B7E-936C-B899420550FB}.Debug|Any CPU.Build.0 = Debug|Any CPU
		{665570F8-DFBE-4B7E-936C-B899420550FB}.Debug|x64.ActiveCfg = Debug|x64
		{665570F8-DFBE-4B7E-936C-B899420550FB}.Debug|x64.Build.0 = Debug|x64
		{665570F8-DFBE-4B7E-936C-B899420550FB}.Debug|x86.ActiveCfg = Debug|x86
		{665570F8-DFBE-4B7E-936C-B899420550FB}.Debug|x86.Build.0 = Debug|x86
		{665570F8-DFBE-4B7E-936C-B899420550FB}.Release|Any CPU.ActiveCfg = Release|Any CPU
		{665570F8-DFBE-4B7E-936C-B899420550FB}.Release|Any CPU.Build.0 = Release|Any CPU
		{665570F8-DFBE-4B7E-936C-B899420550FB}.Release|x64.ActiveCfg = Release|x64
		{665570F8-DFBE-4B7E-936C-B899420550FB}.Release|x64.Build.0 = Release|x64
		{665570F8-DFBE-4B7E-936C-B899420550FB}.Release|x86.ActiveCfg = Release|x86
		{665570F8-DFBE-4B7E-936C-B899420550FB}.Release|x86.Build.0 = Release|x86
		{3A891CD6-2F77-45E5-97E3-3F10B10BECA1}.Debug|Any CPU.ActiveCfg = Debug|Any CPU
		{3A891CD6-2F77-45E5-97E3-3F10B10BECA1}.Debug|Any CPU.Build.0 = Debug|Any CPU
		{3A891CD6-2F77-45E5-97E3-3F10B10BECA1}.Debug|x64.ActiveCfg = Debug|x64
		{3A891CD6-2F77-45E5-97E3-3F10B10BECA1}.Debug|x64.Build.0 = Debug|x64
		{3A891CD6-2F77-45E5-97E3-3F10B10BECA1}.Debug|x86.ActiveCfg = Debug|x86
		{3A891CD6-2F77-45E5-97E3-3F10B10BECA1}.Debug|x86.Build.0 = Debug|x86
		{3A891CD6-2F77-45E5-97E3-3F10B10BECA1}.Release|Any CPU.ActiveCfg = Release|Any CPU
		{3A891CD6-2F77-45E5-97E3-3F10B10BECA1}.Release|Any CPU.Build.0 = Release|Any CPU
		{3A891CD6-2F77-45E5-97E3-3F10B10BECA1}.Release|x64.ActiveCfg = Release|x64
		{3A891CD6-2F77-45E5-97E3-3F10B10BECA1}.Release|x64.Build.0 = Release|x64
		{3A891CD6-2F77-45E5-97E3-3F10B10BECA1}.Release|x86.ActiveCfg = Release|x86
		{3A891CD6-2F77-45E5-97E3-3F10B10BECA1}.Release|x86.Build.0 = Release|x86
		{99D32EFD-2347-43B5-A1D2-79E5C79D376A}.Debug|Any CPU.ActiveCfg = Debug|Any CPU
		{99D32EFD-2347-43B5-A1D2-79E5C79D376A}.Debug|Any CPU.Build.0 = Debug|Any CPU
		{99D32EFD-2347-43B5-A1D2-79E5C79D376A}.Debug|x64.ActiveCfg = Debug|x64
		{99D32EFD-2347-43B5-A1D2-79E5C79D376A}.Debug|x64.Build.0 = Debug|x64
		{99D32EFD-2347-43B5-A1D2-79E5C79D376A}.Debug|x86.ActiveCfg = Debug|x86
		{99D32EFD-2347-43B5-A1D2-79E5C79D376A}.Debug|x86.Build.0 = Debug|x86
		{99D32EFD-2347-43B5-A1D2-79E5C79D376A}.Release|Any CPU.ActiveCfg = Release|Any CPU
		{99D32EFD-2347-43B5-A1D2-79E5C79D376A}.Release|Any CPU.Build.0 = Release|Any CPU
		{99D32EFD-2347-43B5-A1D2-79E5C79D376A}.Release|x64.ActiveCfg = Release|x64
		{99D32EFD-2347-43B5-A1D2-79E5C79D376A}.Release|x64.Build.0 = Release|x64
		{99D32EFD-2347-43B5-A1D2-79E5C79D376A}.Release|x86.ActiveCfg = Release|x86
		{99D32EFD-2347-43B5-A1D2-79E5C79D376A}.Release|x86.Build.0 = Release|x86
		{591A88AA-B2D7-40ED-BEE1-09B68FCA0919}.Debug|Any CPU.ActiveCfg = Debug|Any CPU
		{591A88AA-B2D7-40ED-BEE1-09B68FCA0919}.Debug|Any CPU.Build.0 = Debug|Any CPU
		{591A88AA-B2D7-40ED-BEE1-09B68FCA0919}.Debug|x64.ActiveCfg = Debug|x64
		{591A88AA-B2D7-40ED-BEE1-09B68FCA0919}.Debug|x64.Build.0 = Debug|x64
		{591A88AA-B2D7-40ED-BEE1-09B68FCA0919}.Debug|x86.ActiveCfg = Debug|x86
		{591A88AA-B2D7-40ED-BEE1-09B68FCA0919}.Debug|x86.Build.0 = Debug|x86
		{591A88AA-B2D7-40ED-BEE1-09B68FCA0919}.Release|Any CPU.ActiveCfg = Release|Any CPU
		{591A88AA-B2D7-40ED-BEE1-09B68FCA0919}.Release|Any CPU.Build.0 = Release|Any CPU
		{591A88AA-B2D7-40ED-BEE1-09B68FCA0919}.Release|x64.ActiveCfg = Release|x64
		{591A88AA-B2D7-40ED-BEE1-09B68FCA0919}.Release|x64.Build.0 = Release|x64
		{591A88AA-B2D7-40ED-BEE1-09B68FCA0919}.Release|x86.ActiveCfg = Release|x86
		{591A88AA-B2D7-40ED-BEE1-09B68FCA0919}.Release|x86.Build.0 = Release|x86
		{88A7F454-F18B-4E4C-947E-E2FF94494058}.Debug|Any CPU.ActiveCfg = Debug|Any CPU
		{88A7F454-F18B-4E4C-947E-E2FF94494058}.Debug|Any CPU.Build.0 = Debug|Any CPU
		{88A7F454-F18B-4E4C-947E-E2FF94494058}.Debug|x64.ActiveCfg = Debug|x64
		{88A7F454-F18B-4E4C-947E-E2FF94494058}.Debug|x64.Build.0 = Debug|x64
		{88A7F454-F18B-4E4C-947E-E2FF94494058}.Debug|x86.ActiveCfg = Debug|x86
		{88A7F454-F18B-4E4C-947E-E2FF94494058}.Debug|x86.Build.0 = Debug|x86
		{88A7F454-F18B-4E4C-947E-E2FF94494058}.Release|Any CPU.ActiveCfg = Release|Any CPU
		{88A7F454-F18B-4E4C-947E-E2FF94494058}.Release|Any CPU.Build.0 = Release|Any CPU
		{88A7F454-F18B-4E4C-947E-E2FF94494058}.Release|x64.ActiveCfg = Release|x64
		{88A7F454-F18B-4E4C-947E-E2FF94494058}.Release|x64.Build.0 = Release|x64
		{88A7F454-F18B-4E4C-947E-E2FF94494058}.Release|x86.ActiveCfg = Release|x86
		{88A7F454-F18B-4E4C-947E-E2FF94494058}.Release|x86.Build.0 = Release|x86
		{719BB7C0-1B44-4C04-843D-1EE1891E77C9}.Debug|Any CPU.ActiveCfg = Debug|Any CPU
		{719BB7C0-1B44-4C04-843D-1EE1891E77C9}.Debug|Any CPU.Build.0 = Debug|Any CPU
		{719BB7C0-1B44-4C04-843D-1EE1891E77C9}.Debug|x64.ActiveCfg = Debug|x64
		{719BB7C0-1B44-4C04-843D-1EE1891E77C9}.Debug|x64.Build.0 = Debug|x64
		{719BB7C0-1B44-4C04-843D-1EE1891E77C9}.Debug|x86.ActiveCfg = Debug|x86
		{719BB7C0-1B44-4C04-843D-1EE1891E77C9}.Debug|x86.Build.0 = Debug|x86
		{719BB7C0-1B44-4C04-843D-1EE1891E77C9}.Release|Any CPU.ActiveCfg = Release|Any CPU
		{719BB7C0-1B44-4C04-843D-1EE1891E77C9}.Release|Any CPU.Build.0 = Release|Any CPU
		{719BB7C0-1B44-4C04-843D-1EE1891E77C9}.Release|x64.ActiveCfg = Release|x64
		{719BB7C0-1B44-4C04-843D-1EE1891E77C9}.Release|x64.Build.0 = Release|x64
		{719BB7C0-1B44-4C04-843D-1EE1891E77C9}.Release|x86.ActiveCfg = Release|x86
		{719BB7C0-1B44-4C04-843D-1EE1891E77C9}.Release|x86.Build.0 = Release|x86
	EndGlobalSection
	GlobalSection(SolutionProperties) = preSolution
		HideSolutionNode = FALSE
	EndGlobalSection
	GlobalSection(ExtensibilityGlobals) = postSolution
		SolutionGuid = {728ECA0B-2ACE-4468-84E7-23894E1B40B1}
	EndGlobalSection
EndGlobal
