
Microsoft Visual Studio Solution File, Format Version 12.00
# Visual Studio Version 16
VisualStudioVersion = 16.0.29306.81
MinimumVisualStudioVersion = 10.0.40219.1
Project("{8BC9CEB8-8B4A-11D0-8D11-00A0C91BC942}") = "FK4_audio", "FK_audio.vcxproj", "{EBF4A69F-3AA4-4826-B8FC-36B6D77E8C3A}"
EndProject
Project("{8BC9CEB8-8B4A-11D0-8D11-00A0C91BC942}") = "FK4_base", "FK_base.vcxproj", "{1B953C98-382B-4942-8F1A-C74174A446A4}"
EndProject
Project("{8BC9CEB8-8B4A-11D0-8D11-00A0C91BC942}") = "FK4_graphics", "FK_graphics.vcxproj", "{541B0751-8E82-4FA9-98D7-AC7E67C9E844}"
EndProject
Project("{8BC9CEB8-8B4A-11D0-8D11-00A0C91BC942}") = "FK4_material", "FK_material.vcxproj", "{9190A403-11DA-4EF9-8BC2-DD0F13E6FA59}"
EndProject
Project("{8BC9CEB8-8B4A-11D0-8D11-00A0C91BC942}") = "FK4_math", "FK_math.vcxproj", "{AD84AEE2-7B35-4910-8533-B3BA580A063B}"
EndProject
Project("{8BC9CEB8-8B4A-11D0-8D11-00A0C91BC942}") = "FK4_model", "FK_model.vcxproj", "{68729992-08E3-44C7-8592-BF26975E0BF3}"
EndProject
Project("{8BC9CEB8-8B4A-11D0-8D11-00A0C91BC942}") = "FK4_scene", "FK_scene.vcxproj", "{A209D3A8-3255-4C9D-94CD-3209FAFE3A28}"
EndProject
Project("{8BC9CEB8-8B4A-11D0-8D11-00A0C91BC942}") = "FK4_shader", "FK_shader.vcxproj", "{20CEA45E-407A-429E-AC8F-0B3073AA3870}"
EndProject
Project("{8BC9CEB8-8B4A-11D0-8D11-00A0C91BC942}") = "FK4_shape", "FK_shape.vcxproj", "{2A1ADCCD-29F6-479E-B41D-9307C8B36737}"
EndProject
Project("{8BC9CEB8-8B4A-11D0-8D11-00A0C91BC942}") = "FK4_util", "FK_util.vcxproj", "{3DDE0711-909C-41BF-AAD7-9324E003BA1E}"
EndProject
Project("{8BC9CEB8-8B4A-11D0-8D11-00A0C91BC942}") = "FK4_window", "FK_window.vcxproj", "{38444BEC-0DEF-4FF5-9D5E-748FD7DBC4B5}"
EndProject
Project("{8BC9CEB8-8B4A-11D0-8D11-00A0C91BC942}") = "FK4_graph", "FK_graph.vcxproj", "{ABDF2A2B-C1AE-44FF-AD4D-F5464C37C0F0}"
EndProject
Project("{8BC9CEB8-8B4A-11D0-8D11-00A0C91BC942}") = "FK4_texture", "FK_texture.vcxproj", "{FECE0F98-B415-49B6-B9A0-0679AB194D12}"
EndProject
Project("{8BC9CEB8-8B4A-11D0-8D11-00A0C91BC942}") = "FK4_solid", "FK_solid.vcxproj", "{95183143-1039-4B85-BFDB-1376FB9003CE}"
EndProject
Global
	GlobalSection(SolutionConfigurationPlatforms) = preSolution
		Debug|Win32 = Debug|Win32
		Debug|x64 = Debug|x64
		Release|Win32 = Release|Win32
		Release|x64 = Release|x64
	EndGlobalSection
	GlobalSection(ProjectConfigurationPlatforms) = postSolution
		{EBF4A69F-3AA4-4826-B8FC-36B6D77E8C3A}.Debug|Win32.ActiveCfg = Debug|Win32
		{EBF4A69F-3AA4-4826-B8FC-36B6D77E8C3A}.Debug|Win32.Build.0 = Debug|Win32
		{EBF4A69F-3AA4-4826-B8FC-36B6D77E8C3A}.Debug|x64.ActiveCfg = Debug|x64
		{EBF4A69F-3AA4-4826-B8FC-36B6D77E8C3A}.Debug|x64.Build.0 = Debug|x64
		{EBF4A69F-3AA4-4826-B8FC-36B6D77E8C3A}.Release|Win32.ActiveCfg = Release|Win32
		{EBF4A69F-3AA4-4826-B8FC-36B6D77E8C3A}.Release|Win32.Build.0 = Release|Win32
		{EBF4A69F-3AA4-4826-B8FC-36B6D77E8C3A}.Release|x64.ActiveCfg = Release|x64
		{EBF4A69F-3AA4-4826-B8FC-36B6D77E8C3A}.Release|x64.Build.0 = Release|x64
		{1B953C98-382B-4942-8F1A-C74174A446A4}.Debug|Win32.ActiveCfg = Debug|Win32
		{1B953C98-382B-4942-8F1A-C74174A446A4}.Debug|Win32.Build.0 = Debug|Win32
		{1B953C98-382B-4942-8F1A-C74174A446A4}.Debug|x64.ActiveCfg = Debug|x64
		{1B953C98-382B-4942-8F1A-C74174A446A4}.Debug|x64.Build.0 = Debug|x64
		{1B953C98-382B-4942-8F1A-C74174A446A4}.Release|Win32.ActiveCfg = Release|Win32
		{1B953C98-382B-4942-8F1A-C74174A446A4}.Release|Win32.Build.0 = Release|Win32
		{1B953C98-382B-4942-8F1A-C74174A446A4}.Release|x64.ActiveCfg = Release|x64
		{1B953C98-382B-4942-8F1A-C74174A446A4}.Release|x64.Build.0 = Release|x64
		{541B0751-8E82-4FA9-98D7-AC7E67C9E844}.Debug|Win32.ActiveCfg = Debug|Win32
		{541B0751-8E82-4FA9-98D7-AC7E67C9E844}.Debug|Win32.Build.0 = Debug|Win32
		{541B0751-8E82-4FA9-98D7-AC7E67C9E844}.Debug|x64.ActiveCfg = Debug|x64
		{541B0751-8E82-4FA9-98D7-AC7E67C9E844}.Debug|x64.Build.0 = Debug|x64
		{541B0751-8E82-4FA9-98D7-AC7E67C9E844}.Release|Win32.ActiveCfg = Release|Win32
		{541B0751-8E82-4FA9-98D7-AC7E67C9E844}.Release|Win32.Build.0 = Release|Win32
		{541B0751-8E82-4FA9-98D7-AC7E67C9E844}.Release|x64.ActiveCfg = Release|x64
		{541B0751-8E82-4FA9-98D7-AC7E67C9E844}.Release|x64.Build.0 = Release|x64
		{9190A403-11DA-4EF9-8BC2-DD0F13E6FA59}.Debug|Win32.ActiveCfg = Debug|Win32
		{9190A403-11DA-4EF9-8BC2-DD0F13E6FA59}.Debug|Win32.Build.0 = Debug|Win32
		{9190A403-11DA-4EF9-8BC2-DD0F13E6FA59}.Debug|x64.ActiveCfg = Debug|x64
		{9190A403-11DA-4EF9-8BC2-DD0F13E6FA59}.Debug|x64.Build.0 = Debug|x64
		{9190A403-11DA-4EF9-8BC2-DD0F13E6FA59}.Release|Win32.ActiveCfg = Release|Win32
		{9190A403-11DA-4EF9-8BC2-DD0F13E6FA59}.Release|Win32.Build.0 = Release|Win32
		{9190A403-11DA-4EF9-8BC2-DD0F13E6FA59}.Release|x64.ActiveCfg = Release|x64
		{9190A403-11DA-4EF9-8BC2-DD0F13E6FA59}.Release|x64.Build.0 = Release|x64
		{AD84AEE2-7B35-4910-8533-B3BA580A063B}.Debug|Win32.ActiveCfg = Debug|Win32
		{AD84AEE2-7B35-4910-8533-B3BA580A063B}.Debug|Win32.Build.0 = Debug|Win32
		{AD84AEE2-7B35-4910-8533-B3BA580A063B}.Debug|x64.ActiveCfg = Debug|x64
		{AD84AEE2-7B35-4910-8533-B3BA580A063B}.Debug|x64.Build.0 = Debug|x64
		{AD84AEE2-7B35-4910-8533-B3BA580A063B}.Release|Win32.ActiveCfg = Release|Win32
		{AD84AEE2-7B35-4910-8533-B3BA580A063B}.Release|Win32.Build.0 = Release|Win32
		{AD84AEE2-7B35-4910-8533-B3BA580A063B}.Release|x64.ActiveCfg = Release|x64
		{AD84AEE2-7B35-4910-8533-B3BA580A063B}.Release|x64.Build.0 = Release|x64
		{68729992-08E3-44C7-8592-BF26975E0BF3}.Debug|Win32.ActiveCfg = Debug|Win32
		{68729992-08E3-44C7-8592-BF26975E0BF3}.Debug|Win32.Build.0 = Debug|Win32
		{68729992-08E3-44C7-8592-BF26975E0BF3}.Debug|x64.ActiveCfg = Debug|x64
		{68729992-08E3-44C7-8592-BF26975E0BF3}.Debug|x64.Build.0 = Debug|x64
		{68729992-08E3-44C7-8592-BF26975E0BF3}.Release|Win32.ActiveCfg = Release|Win32
		{68729992-08E3-44C7-8592-BF26975E0BF3}.Release|Win32.Build.0 = Release|Win32
		{68729992-08E3-44C7-8592-BF26975E0BF3}.Release|x64.ActiveCfg = Release|x64
		{68729992-08E3-44C7-8592-BF26975E0BF3}.Release|x64.Build.0 = Release|x64
		{A209D3A8-3255-4C9D-94CD-3209FAFE3A28}.Debug|Win32.ActiveCfg = Debug|Win32
		{A209D3A8-3255-4C9D-94CD-3209FAFE3A28}.Debug|Win32.Build.0 = Debug|Win32
		{A209D3A8-3255-4C9D-94CD-3209FAFE3A28}.Debug|x64.ActiveCfg = Debug|x64
		{A209D3A8-3255-4C9D-94CD-3209FAFE3A28}.Debug|x64.Build.0 = Debug|x64
		{A209D3A8-3255-4C9D-94CD-3209FAFE3A28}.Release|Win32.ActiveCfg = Release|Win32
		{A209D3A8-3255-4C9D-94CD-3209FAFE3A28}.Release|Win32.Build.0 = Release|Win32
		{A209D3A8-3255-4C9D-94CD-3209FAFE3A28}.Release|x64.ActiveCfg = Release|x64
		{A209D3A8-3255-4C9D-94CD-3209FAFE3A28}.Release|x64.Build.0 = Release|x64
		{20CEA45E-407A-429E-AC8F-0B3073AA3870}.Debug|Win32.ActiveCfg = Debug|Win32
		{20CEA45E-407A-429E-AC8F-0B3073AA3870}.Debug|Win32.Build.0 = Debug|Win32
		{20CEA45E-407A-429E-AC8F-0B3073AA3870}.Debug|x64.ActiveCfg = Debug|x64
		{20CEA45E-407A-429E-AC8F-0B3073AA3870}.Debug|x64.Build.0 = Debug|x64
		{20CEA45E-407A-429E-AC8F-0B3073AA3870}.Release|Win32.ActiveCfg = Release|Win32
		{20CEA45E-407A-429E-AC8F-0B3073AA3870}.Release|Win32.Build.0 = Release|Win32
		{20CEA45E-407A-429E-AC8F-0B3073AA3870}.Release|x64.ActiveCfg = Release|x64
		{20CEA45E-407A-429E-AC8F-0B3073AA3870}.Release|x64.Build.0 = Release|x64
		{2A1ADCCD-29F6-479E-B41D-9307C8B36737}.Debug|Win32.ActiveCfg = Debug|Win32
		{2A1ADCCD-29F6-479E-B41D-9307C8B36737}.Debug|Win32.Build.0 = Debug|Win32
		{2A1ADCCD-29F6-479E-B41D-9307C8B36737}.Debug|x64.ActiveCfg = Debug|x64
		{2A1ADCCD-29F6-479E-B41D-9307C8B36737}.Debug|x64.Build.0 = Debug|x64
		{2A1ADCCD-29F6-479E-B41D-9307C8B36737}.Release|Win32.ActiveCfg = Release|Win32
		{2A1ADCCD-29F6-479E-B41D-9307C8B36737}.Release|Win32.Build.0 = Release|Win32
		{2A1ADCCD-29F6-479E-B41D-9307C8B36737}.Release|x64.ActiveCfg = Release|x64
		{2A1ADCCD-29F6-479E-B41D-9307C8B36737}.Release|x64.Build.0 = Release|x64
		{3DDE0711-909C-41BF-AAD7-9324E003BA1E}.Debug|Win32.ActiveCfg = Debug|Win32
		{3DDE0711-909C-41BF-AAD7-9324E003BA1E}.Debug|Win32.Build.0 = Debug|Win32
		{3DDE0711-909C-41BF-AAD7-9324E003BA1E}.Debug|x64.ActiveCfg = Debug|x64
		{3DDE0711-909C-41BF-AAD7-9324E003BA1E}.Debug|x64.Build.0 = Debug|x64
		{3DDE0711-909C-41BF-AAD7-9324E003BA1E}.Release|Win32.ActiveCfg = Release|Win32
		{3DDE0711-909C-41BF-AAD7-9324E003BA1E}.Release|Win32.Build.0 = Release|Win32
		{3DDE0711-909C-41BF-AAD7-9324E003BA1E}.Release|x64.ActiveCfg = Release|x64
		{3DDE0711-909C-41BF-AAD7-9324E003BA1E}.Release|x64.Build.0 = Release|x64
		{38444BEC-0DEF-4FF5-9D5E-748FD7DBC4B5}.Debug|Win32.ActiveCfg = Debug|Win32
		{38444BEC-0DEF-4FF5-9D5E-748FD7DBC4B5}.Debug|Win32.Build.0 = Debug|Win32
		{38444BEC-0DEF-4FF5-9D5E-748FD7DBC4B5}.Debug|x64.ActiveCfg = Debug|x64
		{38444BEC-0DEF-4FF5-9D5E-748FD7DBC4B5}.Debug|x64.Build.0 = Debug|x64
		{38444BEC-0DEF-4FF5-9D5E-748FD7DBC4B5}.Release|Win32.ActiveCfg = Release|Win32
		{38444BEC-0DEF-4FF5-9D5E-748FD7DBC4B5}.Release|Win32.Build.0 = Release|Win32
		{38444BEC-0DEF-4FF5-9D5E-748FD7DBC4B5}.Release|x64.ActiveCfg = Release|x64
		{38444BEC-0DEF-4FF5-9D5E-748FD7DBC4B5}.Release|x64.Build.0 = Release|x64
		{ABDF2A2B-C1AE-44FF-AD4D-F5464C37C0F0}.Debug|Win32.ActiveCfg = Debug|Win32
		{ABDF2A2B-C1AE-44FF-AD4D-F5464C37C0F0}.Debug|Win32.Build.0 = Debug|Win32
		{ABDF2A2B-C1AE-44FF-AD4D-F5464C37C0F0}.Debug|x64.ActiveCfg = Debug|x64
		{ABDF2A2B-C1AE-44FF-AD4D-F5464C37C0F0}.Debug|x64.Build.0 = Debug|x64
		{ABDF2A2B-C1AE-44FF-AD4D-F5464C37C0F0}.Release|Win32.ActiveCfg = Release|Win32
		{ABDF2A2B-C1AE-44FF-AD4D-F5464C37C0F0}.Release|Win32.Build.0 = Release|Win32
		{ABDF2A2B-C1AE-44FF-AD4D-F5464C37C0F0}.Release|x64.ActiveCfg = Release|x64
		{ABDF2A2B-C1AE-44FF-AD4D-F5464C37C0F0}.Release|x64.Build.0 = Release|x64
		{FECE0F98-B415-49B6-B9A0-0679AB194D12}.Debug|Win32.ActiveCfg = Debug|Win32
		{FECE0F98-B415-49B6-B9A0-0679AB194D12}.Debug|Win32.Build.0 = Debug|Win32
		{FECE0F98-B415-49B6-B9A0-0679AB194D12}.Debug|x64.ActiveCfg = Debug|x64
		{FECE0F98-B415-49B6-B9A0-0679AB194D12}.Debug|x64.Build.0 = Debug|x64
		{FECE0F98-B415-49B6-B9A0-0679AB194D12}.Release|Win32.ActiveCfg = Release|Win32
		{FECE0F98-B415-49B6-B9A0-0679AB194D12}.Release|Win32.Build.0 = Release|Win32
		{FECE0F98-B415-49B6-B9A0-0679AB194D12}.Release|x64.ActiveCfg = Release|x64
		{FECE0F98-B415-49B6-B9A0-0679AB194D12}.Release|x64.Build.0 = Release|x64
		{95183143-1039-4B85-BFDB-1376FB9003CE}.Debug|Win32.ActiveCfg = Debug|Win32
		{95183143-1039-4B85-BFDB-1376FB9003CE}.Debug|Win32.Build.0 = Debug|Win32
		{95183143-1039-4B85-BFDB-1376FB9003CE}.Debug|x64.ActiveCfg = Debug|x64
		{95183143-1039-4B85-BFDB-1376FB9003CE}.Debug|x64.Build.0 = Debug|x64
		{95183143-1039-4B85-BFDB-1376FB9003CE}.Release|Win32.ActiveCfg = Release|Win32
		{95183143-1039-4B85-BFDB-1376FB9003CE}.Release|Win32.Build.0 = Release|Win32
		{95183143-1039-4B85-BFDB-1376FB9003CE}.Release|x64.ActiveCfg = Release|x64
		{95183143-1039-4B85-BFDB-1376FB9003CE}.Release|x64.Build.0 = Release|x64
	EndGlobalSection
	GlobalSection(SolutionProperties) = preSolution
		HideSolutionNode = FALSE
	EndGlobalSection
	GlobalSection(ExtensibilityGlobals) = postSolution
		SolutionGuid = {1866CF93-094A-4234-9DCE-785E3FF75BD0}
	EndGlobalSection
EndGlobal
