<?xml version="1.0" encoding="utf-8"?>
<Project ToolsVersion="4.0" xmlns="http://schemas.microsoft.com/developer/msbuild/2003">
  <ItemGroup>
    <ClCompile Include="..\..\src\graphics\DrawBase.cxx">
      <Filter>Source</Filter>
    </ClCompile>
    <ClCompile Include="..\..\src\graphics\Engine.cxx">
      <Filter>Source</Filter>
    </ClCompile>
    <ClCompile Include="..\..\src\graphics\FaceDraw.cxx">
      <Filter>Source</Filter>
    </ClCompile>
    <ClCompile Include="..\..\src\graphics\FrameController.cxx">
      <Filter>Source</Filter>
    </ClCompile>
    <ClCompile Include="..\..\src\graphics\LineDraw.cxx">
      <Filter>Source</Filter>
    </ClCompile>
    <ClCompile Include="..\..\src\graphics\PointDraw.cxx">
      <Filter>Source</Filter>
    </ClCompile>
    <ClCompile Include="..\..\src\graphics\TextureDraw.cxx">
      <Filter>Source</Filter>
    </ClCompile>
    <ClCompile Include="..\..\src\graphics\CurveDraw.cxx">
      <Filter>Source</Filter>
    </ClCompile>
    <ClCompile Include="..\..\src\graphics\SurfaceDraw.cxx">
      <Filter>Source</Filter>
    </ClCompile>
  </ItemGroup>
  <ItemGroup>
    <Filter Include="Header">
      <UniqueIdentifier>{d5662b95-23b8-47a4-ab41-ccecbc400d7b}</UniqueIdentifier>
    </Filter>
    <Filter Include="Source">
      <UniqueIdentifier>{036b68fd-904a-4d6e-a3dc-348f84b5d47d}</UniqueIdentifier>
    </Filter>
  </ItemGroup>
  <ItemGroup>
    <ClInclude Include="..\..\FK\DrawBase.H">
      <Filter>Header</Filter>
    </ClInclude>
    <ClInclude Include="..\..\FK\Engine.H">
      <Filter>Header</Filter>
    </ClInclude>
    <ClInclude Include="..\..\FK\FaceDraw.H">
      <Filter>Header</Filter>
    </ClInclude>
    <ClInclude Include="..\..\FK\FrameController.h">
      <Filter>Header</Filter>
    </ClInclude>
    <ClInclude Include="..\..\FK\LineDraw.H">
      <Filter>Header</Filter>
    </ClInclude>
    <ClInclude Include="..\..\FK\PointDraw.H">
      <Filter>Header</Filter>
    </ClInclude>
    <ClInclude Include="..\..\FK\TextureDraw.H">
      <Filter>Header</Filter>
    </ClInclude>
    <ClInclude Include="..\..\FK\CurveDraw.H">
      <Filter>Header</Filter>
    </ClInclude>
    <ClInclude Include="..\..\FK\SurfaceDraw.H">
      <Filter>Header</Filter>
    </ClInclude>
  </ItemGroup>
</Project>