<?xml version="1.0" encoding="utf-8"?>
<Project ToolsVersion="4.0" xmlns="http://schemas.microsoft.com/developer/msbuild/2003">
  <ItemGroup>
    <Filter Include="Source">
      <UniqueIdentifier>{cc5dbb6e-8968-45e4-966c-5646eaca9cf1}</UniqueIdentifier>
    </Filter>
    <Filter Include="Header">
      <UniqueIdentifier>{59c93eb2-8b1e-4f1c-bc5a-98714dc89f20}</UniqueIdentifier>
    </Filter>
  </ItemGroup>
  <ItemGroup>
    <ClCompile Include="..\..\src\solid\Command.cxx">
      <Filter>Source</Filter>
    </ClCompile>
    <ClCompile Include="..\..\src\solid\DataAccess.cxx">
      <Filter>Source</Filter>
    </ClCompile>
    <ClCompile Include="..\..\src\solid\DataBase.cxx">
      <Filter>Source</Filter>
    </ClCompile>
    <ClCompile Include="..\..\src\solid\DrawCache.cxx">
      <Filter>Source</Filter>
    </ClCompile>
    <ClCompile Include="..\..\src\solid\DXFOut.cxx">
      <Filter>Source</Filter>
    </ClCompile>
    <ClCompile Include="..\..\src\solid\Edge.cxx">
      <Filter>Source</Filter>
    </ClCompile>
    <ClCompile Include="..\..\src\solid\Half.cxx">
      <Filter>Source</Filter>
    </ClCompile>
    <ClCompile Include="..\..\src\solid\History.cxx">
      <Filter>Source</Filter>
    </ClCompile>
    <ClCompile Include="..\..\src\solid\IFSetHandle.cxx">
      <Filter>Source</Filter>
    </ClCompile>
    <ClCompile Include="..\..\src\solid\Loop.cxx">
      <Filter>Source</Filter>
    </ClCompile>
    <ClCompile Include="..\..\src\solid\Modify.cxx">
      <Filter>Source</Filter>
    </ClCompile>
    <ClCompile Include="..\..\src\solid\MQOOut.cxx">
      <Filter>Source</Filter>
    </ClCompile>
    <ClCompile Include="..\..\src\solid\Operation.cxx">
      <Filter>Source</Filter>
    </ClCompile>
    <ClCompile Include="..\..\src\solid\Reference1.cxx">
      <Filter>Source</Filter>
    </ClCompile>
    <ClCompile Include="..\..\src\solid\Reference2.cxx">
      <Filter>Source</Filter>
    </ClCompile>
    <ClCompile Include="..\..\src\solid\Reference3.cxx">
      <Filter>Source</Filter>
    </ClCompile>
    <ClCompile Include="..\..\src\solid\Solid.cxx">
      <Filter>Source</Filter>
    </ClCompile>
    <ClCompile Include="..\..\src\solid\SolidBase.cxx">
      <Filter>Source</Filter>
    </ClCompile>
    <ClCompile Include="..\..\src\solid\STLOut.cxx">
      <Filter>Source</Filter>
    </ClCompile>
    <ClCompile Include="..\..\src\solid\SubDivision.cxx">
      <Filter>Source</Filter>
    </ClCompile>
    <ClCompile Include="..\..\src\solid\Topology.cxx">
      <Filter>Source</Filter>
    </ClCompile>
    <ClCompile Include="..\..\src\solid\Vertex.cxx">
      <Filter>Source</Filter>
    </ClCompile>
    <ClCompile Include="..\..\src\solid\VRMLOut.cxx">
      <Filter>Source</Filter>
    </ClCompile>
  </ItemGroup>
  <ItemGroup>
    <ClInclude Include="..\..\FK\Command.H">
      <Filter>Header</Filter>
    </ClInclude>
    <ClInclude Include="..\..\FK\DataAccess.h">
      <Filter>Header</Filter>
    </ClInclude>
    <ClInclude Include="..\..\FK\DataBase.H">
      <Filter>Header</Filter>
    </ClInclude>
    <ClInclude Include="..\..\FK\DrawCache.h">
      <Filter>Header</Filter>
    </ClInclude>
    <ClInclude Include="..\..\FK\DXFOut.H">
      <Filter>Header</Filter>
    </ClInclude>
    <ClInclude Include="..\..\FK\Edge.h">
      <Filter>Header</Filter>
    </ClInclude>
    <ClInclude Include="..\..\FK\Half.h">
      <Filter>Header</Filter>
    </ClInclude>
    <ClInclude Include="..\..\FK\History.H">
      <Filter>Header</Filter>
    </ClInclude>
    <ClInclude Include="..\..\FK\IFSetHandle.H">
      <Filter>Header</Filter>
    </ClInclude>
    <ClInclude Include="..\..\FK\Loop.h">
      <Filter>Header</Filter>
    </ClInclude>
    <ClInclude Include="..\..\FK\Modify.h">
      <Filter>Header</Filter>
    </ClInclude>
    <ClInclude Include="..\..\FK\MQOOut.H">
      <Filter>Header</Filter>
    </ClInclude>
    <ClInclude Include="..\..\FK\Operation.h">
      <Filter>Header</Filter>
    </ClInclude>
    <ClInclude Include="..\..\FK\Reference.h">
      <Filter>Header</Filter>
    </ClInclude>
    <ClInclude Include="..\..\FK\Solid.h">
      <Filter>Header</Filter>
    </ClInclude>
    <ClInclude Include="..\..\FK\SolidBase.h">
      <Filter>Header</Filter>
    </ClInclude>
    <ClInclude Include="..\..\FK\STLOut.H">
      <Filter>Header</Filter>
    </ClInclude>
    <ClInclude Include="..\..\FK\SubDivision.H">
      <Filter>Header</Filter>
    </ClInclude>
    <ClInclude Include="..\..\FK\Topology.h">
      <Filter>Header</Filter>
    </ClInclude>
    <ClInclude Include="..\..\FK\Vertex.h">
      <Filter>Header</Filter>
    </ClInclude>
    <ClInclude Include="..\..\FK\VRMLOut.H">
      <Filter>Header</Filter>
    </ClInclude>
  </ItemGroup>
</Project>