
Microsoft Visual Studio Solution File, Format Version 12.00
# Visual Studio Version 16
VisualStudioVersion = 16.0.29306.81
MinimumVisualStudioVersion = 10.0.40219.1
Project("{8BC9CEB8-8B4A-11D0-8D11-00A0C91BC942}") = "FK_Test_Template", "test\FK_Test_Template\FK_Test_Template.vcxproj", "{89D9F20C-E6A0-4C28-95C4-D571A644AFA2}"
	ProjectSection(ProjectDependencies) = postProject
		{5BEB0BB9-67E6-4F3C-ABA4-9E5DA6D29908} = {5BEB0BB9-67E6-4F3C-ABA4-9E5DA6D29908}
	EndProjectSection
EndProject
Project("{8BC9CEB8-8B4A-11D0-8D11-00A0C91BC942}") = "FK_Test_OggStream", "test\FK_Test_OggStream\FK_Test_OggStream.vcxproj", "{BD5BE767-8DD0-4FA9-A9AE-175C536E6982}"
	ProjectSection(ProjectDependencies) = postProject
		{5BEB0BB9-67E6-4F3C-ABA4-9E5DA6D29908} = {5BEB0BB9-67E6-4F3C-ABA4-9E5DA6D29908}
	EndProjectSection
EndProject
Project("{8BC9CEB8-8B4A-11D0-8D11-00A0C91BC942}") = "FK_Test_Particle", "test\FK_Test_Particle\FK_Test_Particle.vcxproj", "{BD698602-80DF-4AB6-855B-524F24152DA2}"
	ProjectSection(ProjectDependencies) = postProject
		{5BEB0BB9-67E6-4F3C-ABA4-9E5DA6D29908} = {5BEB0BB9-67E6-4F3C-ABA4-9E5DA6D29908}
	EndProjectSection
EndProject
Project("{8BC9CEB8-8B4A-11D0-8D11-00A0C91BC942}") = "FK_Test_Resize", "test\FK_Test_Resize\FK_Test_Resize.vcxproj", "{10C94BEE-74F0-4383-BDF0-D757CDF20716}"
	ProjectSection(ProjectDependencies) = postProject
		{5BEB0BB9-67E6-4F3C-ABA4-9E5DA6D29908} = {5BEB0BB9-67E6-4F3C-ABA4-9E5DA6D29908}
	EndProjectSection
EndProject
Project("{8BC9CEB8-8B4A-11D0-8D11-00A0C91BC942}") = "FK_Test_Sprite", "test\FK_Test_Sprite\FK_Test_Sprite.vcxproj", "{A5BD97AD-89B0-43EB-B688-B300FFA03ECC}"
	ProjectSection(ProjectDependencies) = postProject
		{5BEB0BB9-67E6-4F3C-ABA4-9E5DA6D29908} = {5BEB0BB9-67E6-4F3C-ABA4-9E5DA6D29908}
	EndProjectSection
EndProject
Project("{8BC9CEB8-8B4A-11D0-8D11-00A0C91BC942}") = "FK_Test_TextImage", "test\FK_Test_TextImage\FK_Test_TextImage.vcxproj", "{50F43297-93E3-404E-ACB5-648356F958FC}"
	ProjectSection(ProjectDependencies) = postProject
		{5BEB0BB9-67E6-4F3C-ABA4-9E5DA6D29908} = {5BEB0BB9-67E6-4F3C-ABA4-9E5DA6D29908}
	EndProjectSection
EndProject
Project("{8BC9CEB8-8B4A-11D0-8D11-00A0C91BC942}") = "FK_Test_Texture", "test\FK_Test_Texture\FK_Test_Texture.vcxproj", "{2D030026-2458-4485-8F82-06FCB611D740}"
	ProjectSection(ProjectDependencies) = postProject
		{5BEB0BB9-67E6-4F3C-ABA4-9E5DA6D29908} = {5BEB0BB9-67E6-4F3C-ABA4-9E5DA6D29908}
	EndProjectSection
EndProject
Project("{8BC9CEB8-8B4A-11D0-8D11-00A0C91BC942}") = "FK_Test_Viewer", "test\FK_Test_Viewer\FK_Test_Viewer.vcxproj", "{577ED8D9-9893-4914-99B6-999A2269017C}"
	ProjectSection(ProjectDependencies) = postProject
		{5BEB0BB9-67E6-4F3C-ABA4-9E5DA6D29908} = {5BEB0BB9-67E6-4F3C-ABA4-9E5DA6D29908}
	EndProjectSection
EndProject
Project("{8BC9CEB8-8B4A-11D0-8D11-00A0C91BC942}") = "FK_Test_Shader", "test\FK_Test_Shader\FK_Test_Shader.vcxproj", "{1A595088-5604-46F1-A8E1-FD2A0229088C}"
	ProjectSection(ProjectDependencies) = postProject
		{5BEB0BB9-67E6-4F3C-ABA4-9E5DA6D29908} = {5BEB0BB9-67E6-4F3C-ABA4-9E5DA6D29908}
	EndProjectSection
EndProject
Project("{8BC9CEB8-8B4A-11D0-8D11-00A0C91BC942}") = "FK_Test_MultiTex", "test\FK_Test_MultiTex\FK_Test_MultiTex.vcxproj", "{1B6CF515-4EDE-49AA-A35D-B9B146C1B856}"
	ProjectSection(ProjectDependencies) = postProject
		{5BEB0BB9-67E6-4F3C-ABA4-9E5DA6D29908} = {5BEB0BB9-67E6-4F3C-ABA4-9E5DA6D29908}
	EndProjectSection
EndProject
Project("{8BC9CEB8-8B4A-11D0-8D11-00A0C91BC942}") = "FK4", "FK.vcxproj", "{5BEB0BB9-67E6-4F3C-ABA4-9E5DA6D29908}"
EndProject
Project("{8BC9CEB8-8B4A-11D0-8D11-00A0C91BC942}") = "FK_Test_Ball", "test\FK_Test_Ball\FK_Test_Ball.vcxproj", "{6D23A6FC-00A2-4375-8E8B-EBC8057B8807}"
	ProjectSection(ProjectDependencies) = postProject
		{5BEB0BB9-67E6-4F3C-ABA4-9E5DA6D29908} = {5BEB0BB9-67E6-4F3C-ABA4-9E5DA6D29908}
	EndProjectSection
EndProject
Project("{8BC9CEB8-8B4A-11D0-8D11-00A0C91BC942}") = "FK_Test_BezSurf", "test\FK_Test_BezSurf\FK_Test_BezSurf.vcxproj", "{F5EC25BB-9DC2-4AAA-A1DA-20A1029C0FD2}"
	ProjectSection(ProjectDependencies) = postProject
		{5BEB0BB9-67E6-4F3C-ABA4-9E5DA6D29908} = {5BEB0BB9-67E6-4F3C-ABA4-9E5DA6D29908}
	EndProjectSection
EndProject
Project("{8BC9CEB8-8B4A-11D0-8D11-00A0C91BC942}") = "FK_Test_Box", "test\FK_Test_Box\FK_Test_Box.vcxproj", "{40E0C340-24AA-4A7B-A4DC-29B78A5FF741}"
	ProjectSection(ProjectDependencies) = postProject
		{5BEB0BB9-67E6-4F3C-ABA4-9E5DA6D29908} = {5BEB0BB9-67E6-4F3C-ABA4-9E5DA6D29908}
	EndProjectSection
EndProject
Project("{8BC9CEB8-8B4A-11D0-8D11-00A0C91BC942}") = "FK_Test_Car", "test\FK_Test_Car\FK_Test_Car.vcxproj", "{303FCE87-AA53-405C-8FB2-B538A95DDB47}"
	ProjectSection(ProjectDependencies) = postProject
		{5BEB0BB9-67E6-4F3C-ABA4-9E5DA6D29908} = {5BEB0BB9-67E6-4F3C-ABA4-9E5DA6D29908}
	EndProjectSection
EndProject
Project("{8BC9CEB8-8B4A-11D0-8D11-00A0C91BC942}") = "FK_Test_BlockSize", "test\FK_Test_BlockSize\FK_Test_BlockSize.vcxproj", "{FE0538CE-327E-4315-A408-AAC5B631A7A0}"
	ProjectSection(ProjectDependencies) = postProject
		{5BEB0BB9-67E6-4F3C-ABA4-9E5DA6D29908} = {5BEB0BB9-67E6-4F3C-ABA4-9E5DA6D29908}
	EndProjectSection
EndProject
Project("{8BC9CEB8-8B4A-11D0-8D11-00A0C91BC942}") = "FK_Test_FBO", "test\FK_Test_FBO\FK_Test_FBO.vcxproj", "{EB17438D-F854-4240-83D2-74BDE9D4229B}"
	ProjectSection(ProjectDependencies) = postProject
		{5BEB0BB9-67E6-4F3C-ABA4-9E5DA6D29908} = {5BEB0BB9-67E6-4F3C-ABA4-9E5DA6D29908}
	EndProjectSection
EndProject
Project("{8BC9CEB8-8B4A-11D0-8D11-00A0C91BC942}") = "FK_Test_GenMat", "test\FK_Test_GenMat\FK_Test_GenMat.vcxproj", "{C580BA08-67FA-454C-918B-DADD0DC66A30}"
	ProjectSection(ProjectDependencies) = postProject
		{5BEB0BB9-67E6-4F3C-ABA4-9E5DA6D29908} = {5BEB0BB9-67E6-4F3C-ABA4-9E5DA6D29908}
	EndProjectSection
EndProject
Project("{8BC9CEB8-8B4A-11D0-8D11-00A0C91BC942}") = "FK_Test_GUI", "test\FK_Test_GUI\FK_Test_GUI.vcxproj", "{0CE2DF75-03FD-4ACF-9EC0-E49BC0F3BDFB}"
	ProjectSection(ProjectDependencies) = postProject
		{5BEB0BB9-67E6-4F3C-ABA4-9E5DA6D29908} = {5BEB0BB9-67E6-4F3C-ABA4-9E5DA6D29908}
	EndProjectSection
EndProject
Project("{8BC9CEB8-8B4A-11D0-8D11-00A0C91BC942}") = "FK_Test_GeomShader", "test\FK_Test_GeomShader\FK_Test_GeomShader.vcxproj", "{DA477795-4961-4C25-BE7F-31009B0FB59B}"
	ProjectSection(ProjectDependencies) = postProject
		{5BEB0BB9-67E6-4F3C-ABA4-9E5DA6D29908} = {5BEB0BB9-67E6-4F3C-ABA4-9E5DA6D29908}
	EndProjectSection
EndProject
Project("{8BC9CEB8-8B4A-11D0-8D11-00A0C91BC942}") = "FK_Test_Gregory", "test\FK_Test_Gregory\FK_Test_Gregory.vcxproj", "{6C4CFD8F-CB68-43AE-99AF-628726308B12}"
	ProjectSection(ProjectDependencies) = postProject
		{5BEB0BB9-67E6-4F3C-ABA4-9E5DA6D29908} = {5BEB0BB9-67E6-4F3C-ABA4-9E5DA6D29908}
	EndProjectSection
EndProject
Project("{8BC9CEB8-8B4A-11D0-8D11-00A0C91BC942}") = "FK_Test_Shadow", "test\FK_Test_Shadow\FK_Test_Shadow.vcxproj", "{C6533912-7207-40B0-BDAC-A545FEFEF592}"
	ProjectSection(ProjectDependencies) = postProject
		{5BEB0BB9-67E6-4F3C-ABA4-9E5DA6D29908} = {5BEB0BB9-67E6-4F3C-ABA4-9E5DA6D29908}
	EndProjectSection
EndProject
Project("{8BC9CEB8-8B4A-11D0-8D11-00A0C91BC942}") = "FK_Test_Renderer", "test\FK_Test_Renderer\FK_Test_Renderer.vcxproj", "{0FD1CB57-F76A-4083-8F5E-0D5993683320}"
	ProjectSection(ProjectDependencies) = postProject
		{5BEB0BB9-67E6-4F3C-ABA4-9E5DA6D29908} = {5BEB0BB9-67E6-4F3C-ABA4-9E5DA6D29908}
	EndProjectSection
EndProject
Project("{8BC9CEB8-8B4A-11D0-8D11-00A0C91BC942}") = "FK_Test_Fog", "test\FK_Test_Fog\FK_Test_Fog.vcxproj", "{96506DAA-8336-443C-A496-C68C4701E2E4}"
	ProjectSection(ProjectDependencies) = postProject
		{5BEB0BB9-67E6-4F3C-ABA4-9E5DA6D29908} = {5BEB0BB9-67E6-4F3C-ABA4-9E5DA6D29908}
	EndProjectSection
EndProject
Global
	GlobalSection(SolutionConfigurationPlatforms) = preSolution
		Debug|x64 = Debug|x64
		Release|x64 = Release|x64
	EndGlobalSection
	GlobalSection(ProjectConfigurationPlatforms) = postSolution
		{89D9F20C-E6A0-4C28-95C4-D571A644AFA2}.Debug|x64.ActiveCfg = Debug|x64
		{89D9F20C-E6A0-4C28-95C4-D571A644AFA2}.Release|x64.ActiveCfg = Release|x64
		{BD5BE767-8DD0-4FA9-A9AE-175C536E6982}.Debug|x64.ActiveCfg = Debug|x64
		{BD5BE767-8DD0-4FA9-A9AE-175C536E6982}.Debug|x64.Build.0 = Debug|x64
		{BD5BE767-8DD0-4FA9-A9AE-175C536E6982}.Release|x64.ActiveCfg = Release|x64
		{BD5BE767-8DD0-4FA9-A9AE-175C536E6982}.Release|x64.Build.0 = Release|x64
		{BD698602-80DF-4AB6-855B-524F24152DA2}.Debug|x64.ActiveCfg = Debug|x64
		{BD698602-80DF-4AB6-855B-524F24152DA2}.Debug|x64.Build.0 = Debug|x64
		{BD698602-80DF-4AB6-855B-524F24152DA2}.Release|x64.ActiveCfg = Release|x64
		{BD698602-80DF-4AB6-855B-524F24152DA2}.Release|x64.Build.0 = Release|x64
		{10C94BEE-74F0-4383-BDF0-D757CDF20716}.Debug|x64.ActiveCfg = Debug|x64
		{10C94BEE-74F0-4383-BDF0-D757CDF20716}.Debug|x64.Build.0 = Debug|x64
		{10C94BEE-74F0-4383-BDF0-D757CDF20716}.Release|x64.ActiveCfg = Release|x64
		{10C94BEE-74F0-4383-BDF0-D757CDF20716}.Release|x64.Build.0 = Release|x64
		{A5BD97AD-89B0-43EB-B688-B300FFA03ECC}.Debug|x64.ActiveCfg = Debug|x64
		{A5BD97AD-89B0-43EB-B688-B300FFA03ECC}.Debug|x64.Build.0 = Debug|x64
		{A5BD97AD-89B0-43EB-B688-B300FFA03ECC}.Release|x64.ActiveCfg = Release|x64
		{A5BD97AD-89B0-43EB-B688-B300FFA03ECC}.Release|x64.Build.0 = Release|x64
		{50F43297-93E3-404E-ACB5-648356F958FC}.Debug|x64.ActiveCfg = Debug|x64
		{50F43297-93E3-404E-ACB5-648356F958FC}.Debug|x64.Build.0 = Debug|x64
		{50F43297-93E3-404E-ACB5-648356F958FC}.Release|x64.ActiveCfg = Release|x64
		{50F43297-93E3-404E-ACB5-648356F958FC}.Release|x64.Build.0 = Release|x64
		{2D030026-2458-4485-8F82-06FCB611D740}.Debug|x64.ActiveCfg = Debug|x64
		{2D030026-2458-4485-8F82-06FCB611D740}.Debug|x64.Build.0 = Debug|x64
		{2D030026-2458-4485-8F82-06FCB611D740}.Release|x64.ActiveCfg = Release|x64
		{2D030026-2458-4485-8F82-06FCB611D740}.Release|x64.Build.0 = Release|x64
		{577ED8D9-9893-4914-99B6-999A2269017C}.Debug|x64.ActiveCfg = Debug|x64
		{577ED8D9-9893-4914-99B6-999A2269017C}.Debug|x64.Build.0 = Debug|x64
		{577ED8D9-9893-4914-99B6-999A2269017C}.Release|x64.ActiveCfg = Release|x64
		{577ED8D9-9893-4914-99B6-999A2269017C}.Release|x64.Build.0 = Release|x64
		{1A595088-5604-46F1-A8E1-FD2A0229088C}.Debug|x64.ActiveCfg = Debug|x64
		{1A595088-5604-46F1-A8E1-FD2A0229088C}.Debug|x64.Build.0 = Debug|x64
		{1A595088-5604-46F1-A8E1-FD2A0229088C}.Release|x64.ActiveCfg = Release|x64
		{1A595088-5604-46F1-A8E1-FD2A0229088C}.Release|x64.Build.0 = Release|x64
		{1B6CF515-4EDE-49AA-A35D-B9B146C1B856}.Debug|x64.ActiveCfg = Debug|x64
		{1B6CF515-4EDE-49AA-A35D-B9B146C1B856}.Debug|x64.Build.0 = Debug|x64
		{1B6CF515-4EDE-49AA-A35D-B9B146C1B856}.Release|x64.ActiveCfg = Release|x64
		{1B6CF515-4EDE-49AA-A35D-B9B146C1B856}.Release|x64.Build.0 = Release|x64
		{5BEB0BB9-67E6-4F3C-ABA4-9E5DA6D29908}.Debug|x64.ActiveCfg = Debug|x64
		{5BEB0BB9-67E6-4F3C-ABA4-9E5DA6D29908}.Debug|x64.Build.0 = Debug|x64
		{5BEB0BB9-67E6-4F3C-ABA4-9E5DA6D29908}.Release|x64.ActiveCfg = Release|x64
		{5BEB0BB9-67E6-4F3C-ABA4-9E5DA6D29908}.Release|x64.Build.0 = Release|x64
		{6D23A6FC-00A2-4375-8E8B-EBC8057B8807}.Debug|x64.ActiveCfg = Debug|x64
		{6D23A6FC-00A2-4375-8E8B-EBC8057B8807}.Debug|x64.Build.0 = Debug|x64
		{6D23A6FC-00A2-4375-8E8B-EBC8057B8807}.Release|x64.ActiveCfg = Release|x64
		{6D23A6FC-00A2-4375-8E8B-EBC8057B8807}.Release|x64.Build.0 = Release|x64
		{F5EC25BB-9DC2-4AAA-A1DA-20A1029C0FD2}.Debug|x64.ActiveCfg = Debug|x64
		{F5EC25BB-9DC2-4AAA-A1DA-20A1029C0FD2}.Debug|x64.Build.0 = Debug|x64
		{F5EC25BB-9DC2-4AAA-A1DA-20A1029C0FD2}.Release|x64.ActiveCfg = Release|x64
		{F5EC25BB-9DC2-4AAA-A1DA-20A1029C0FD2}.Release|x64.Build.0 = Release|x64
		{40E0C340-24AA-4A7B-A4DC-29B78A5FF741}.Debug|x64.ActiveCfg = Debug|x64
		{40E0C340-24AA-4A7B-A4DC-29B78A5FF741}.Debug|x64.Build.0 = Debug|x64
		{40E0C340-24AA-4A7B-A4DC-29B78A5FF741}.Release|x64.ActiveCfg = Release|x64
		{40E0C340-24AA-4A7B-A4DC-29B78A5FF741}.Release|x64.Build.0 = Release|x64
		{303FCE87-AA53-405C-8FB2-B538A95DDB47}.Debug|x64.ActiveCfg = Debug|x64
		{303FCE87-AA53-405C-8FB2-B538A95DDB47}.Debug|x64.Build.0 = Debug|x64
		{303FCE87-AA53-405C-8FB2-B538A95DDB47}.Release|x64.ActiveCfg = Release|x64
		{303FCE87-AA53-405C-8FB2-B538A95DDB47}.Release|x64.Build.0 = Release|x64
		{FE0538CE-327E-4315-A408-AAC5B631A7A0}.Debug|x64.ActiveCfg = Debug|x64
		{FE0538CE-327E-4315-A408-AAC5B631A7A0}.Debug|x64.Build.0 = Debug|x64
		{FE0538CE-327E-4315-A408-AAC5B631A7A0}.Release|x64.ActiveCfg = Release|x64
		{FE0538CE-327E-4315-A408-AAC5B631A7A0}.Release|x64.Build.0 = Release|x64
		{EB17438D-F854-4240-83D2-74BDE9D4229B}.Debug|x64.ActiveCfg = Debug|x64
		{EB17438D-F854-4240-83D2-74BDE9D4229B}.Debug|x64.Build.0 = Debug|x64
		{EB17438D-F854-4240-83D2-74BDE9D4229B}.Release|x64.ActiveCfg = Release|x64
		{EB17438D-F854-4240-83D2-74BDE9D4229B}.Release|x64.Build.0 = Release|x64
		{C580BA08-67FA-454C-918B-DADD0DC66A30}.Debug|x64.ActiveCfg = Debug|x64
		{C580BA08-67FA-454C-918B-DADD0DC66A30}.Debug|x64.Build.0 = Debug|x64
		{C580BA08-67FA-454C-918B-DADD0DC66A30}.Release|x64.ActiveCfg = Release|x64
		{C580BA08-67FA-454C-918B-DADD0DC66A30}.Release|x64.Build.0 = Release|x64
		{0CE2DF75-03FD-4ACF-9EC0-E49BC0F3BDFB}.Debug|x64.ActiveCfg = Debug|x64
		{0CE2DF75-03FD-4ACF-9EC0-E49BC0F3BDFB}.Debug|x64.Build.0 = Debug|x64
		{0CE2DF75-03FD-4ACF-9EC0-E49BC0F3BDFB}.Release|x64.ActiveCfg = Release|x64
		{0CE2DF75-03FD-4ACF-9EC0-E49BC0F3BDFB}.Release|x64.Build.0 = Release|x64
		{DA477795-4961-4C25-BE7F-31009B0FB59B}.Debug|x64.ActiveCfg = Debug|x64
		{DA477795-4961-4C25-BE7F-31009B0FB59B}.Debug|x64.Build.0 = Debug|x64
		{DA477795-4961-4C25-BE7F-31009B0FB59B}.Release|x64.ActiveCfg = Release|x64
		{DA477795-4961-4C25-BE7F-31009B0FB59B}.Release|x64.Build.0 = Release|x64
		{6C4CFD8F-CB68-43AE-99AF-628726308B12}.Debug|x64.ActiveCfg = Debug|x64
		{6C4CFD8F-CB68-43AE-99AF-628726308B12}.Debug|x64.Build.0 = Debug|x64
		{6C4CFD8F-CB68-43AE-99AF-628726308B12}.Release|x64.ActiveCfg = Release|x64
		{6C4CFD8F-CB68-43AE-99AF-628726308B12}.Release|x64.Build.0 = Release|x64
		{C6533912-7207-40B0-BDAC-A545FEFEF592}.Debug|x64.ActiveCfg = Debug|x64
		{C6533912-7207-40B0-BDAC-A545FEFEF592}.Debug|x64.Build.0 = Debug|x64
		{C6533912-7207-40B0-BDAC-A545FEFEF592}.Release|x64.ActiveCfg = Release|x64
		{C6533912-7207-40B0-BDAC-A545FEFEF592}.Release|x64.Build.0 = Release|x64
		{0FD1CB57-F76A-4083-8F5E-0D5993683320}.Debug|x64.ActiveCfg = Debug|x64
		{0FD1CB57-F76A-4083-8F5E-0D5993683320}.Debug|x64.Build.0 = Debug|x64
		{0FD1CB57-F76A-4083-8F5E-0D5993683320}.Release|x64.ActiveCfg = Release|x64
		{0FD1CB57-F76A-4083-8F5E-0D5993683320}.Release|x64.Build.0 = Release|x64
		{96506DAA-8336-443C-A496-C68C4701E2E4}.Debug|x64.ActiveCfg = Debug|x64
		{96506DAA-8336-443C-A496-C68C4701E2E4}.Debug|x64.Build.0 = Debug|x64
		{96506DAA-8336-443C-A496-C68C4701E2E4}.Release|x64.ActiveCfg = Release|x64
		{96506DAA-8336-443C-A496-C68C4701E2E4}.Release|x64.Build.0 = Release|x64
	EndGlobalSection
	GlobalSection(SolutionProperties) = preSolution
		HideSolutionNode = FALSE
	EndGlobalSection
	GlobalSection(ExtensibilityGlobals) = postSolution
		SolutionGuid = {1866CF93-094A-4234-9DCE-785E3FF75BD0}
	EndGlobalSection
EndGlobal
