
Microsoft Visual Studio Solution File, Format Version 12.00
# Visual Studio Version 16
VisualStudioVersion = 16.0.30011.22
MinimumVisualStudioVersion = 10.0.40219.1
Project("{8BC9CEB8-8B4A-11D0-8D11-00A0C91BC942}") = "FK_Core", "FK_Core.vcxproj", "{B5A6BE05-D1EB-42E9-A178-A03D055B0168}"
EndProject
Project("{9A19103F-16F7-4668-BE54-9A1E7A4F7556}") = "FK_Audio_Core", "..\FK_Audio\FK_Audio_Core.csproj", "{4F4D7910-01E5-497E-8BBA-CA7420F4824F}"
EndProject
Project("{9A19103F-16F7-4668-BE54-9A1E7A4F7556}") = "FK_Core_Test_Template", "Test\FK_Core_Test_Template\FK_Core_Test_Template.csproj", "{B745F6D7-7AA9-4447-B783-FFE7E0FA7736}"
	ProjectSection(ProjectDependencies) = postProject
		{B5A6BE05-D1EB-42E9-A178-A03D055B0168} = {B5A6BE05-D1EB-42E9-A178-A03D055B0168}
		{4F4D7910-01E5-497E-8BBA-CA7420F4824F} = {4F4D7910-01E5-497E-8BBA-CA7420F4824F}
	EndProjectSection
EndProject
Project("{9A19103F-16F7-4668-BE54-9A1E7A4F7556}") = "FK_Core_Test_Audio", "Test\FK_Core_Test_Audio\FK_Core_Test_Audio.csproj", "{BD7ABC42-A5EE-4FED-9EE6-FCBEE989D273}"
EndProject
Project("{9A19103F-16F7-4668-BE54-9A1E7A4F7556}") = "FK_Core_Test_Ball", "Test\FK_Core_Test_Ball\FK_Core_Test_Ball.csproj", "{85748CC5-5AA0-4D9A-82D6-79377BE626B3}"
EndProject
Project("{9A19103F-16F7-4668-BE54-9A1E7A4F7556}") = "FK_Core_Test_BezSurface", "Test\FK_Core_Test_BezSurface\FK_Core_Test_BezSurface.csproj", "{2C471526-0051-4FA3-A43B-7E784C0EDD53}"
EndProject
Project("{9A19103F-16F7-4668-BE54-9A1E7A4F7556}") = "FK_Core_Test_Boid", "Test\FK_Core_Test_Boid\FK_Core_Test_Boid.csproj", "{37D6F812-ACD1-48B3-9860-B91D109C4531}"
EndProject
Project("{9A19103F-16F7-4668-BE54-9A1E7A4F7556}") = "FK_Core_Test_Box", "Test\FK_Core_Test_Box\FK_Core_Test_Box.csproj", "{7A5D5899-CA8B-44EA-9224-B9751A0D0BEB}"
EndProject
Project("{9A19103F-16F7-4668-BE54-9A1E7A4F7556}") = "FK_Core_Test_FBO", "Test\FK_Core_Test_FBO\FK_Core_Test_FBO.csproj", "{31A59CF6-F2A0-46FB-8275-22298EA92038}"
EndProject
Project("{6EC3EE1D-3C4E-46DD-8F32-0CC8E7565705}") = "FK_Core_Test_FBoid", "Test\FK_Core_Test_FBoid\FK_Core_Test_FBoid.fsproj", "{27D9A2D7-17BC-467B-990F-EBE7EB166EA7}"
EndProject
Project("{6EC3EE1D-3C4E-46DD-8F32-0CC8E7565705}") = "FK_Core_Test_FBox", "Test\FK_Core_Test_FBox\FK_Core_Test_FBox.fsproj", "{42E43B63-A4B2-4A08-AF29-7306E0FD185B}"
	ProjectSection(ProjectDependencies) = postProject
		{B5A6BE05-D1EB-42E9-A178-A03D055B0168} = {B5A6BE05-D1EB-42E9-A178-A03D055B0168}
		{4F4D7910-01E5-497E-8BBA-CA7420F4824F} = {4F4D7910-01E5-497E-8BBA-CA7420F4824F}
	EndProjectSection
EndProject
Project("{9A19103F-16F7-4668-BE54-9A1E7A4F7556}") = "FK_Core_Test_GenMatrix", "Test\FK_Core_Test_GenMatrix\FK_Core_Test_GenMatrix.csproj", "{1BA793AA-A5F5-4752-9BEB-B62B09C8A8BC}"
EndProject
Project("{9A19103F-16F7-4668-BE54-9A1E7A4F7556}") = "FK_Core_Test_GeomShader", "Test\FK_Core_Test_GeomShader\FK_Core_Test_GeomShader.csproj", "{D2995FFD-D622-4874-AE22-D7B9CB739706}"
EndProject
Project("{9A19103F-16F7-4668-BE54-9A1E7A4F7556}") = "FK_Core_Test_Graph", "Test\FK_Core_Test_Graph\FK_Core_Test_Graph.csproj", "{A2F95659-D675-4EAD-9706-CA849E131B55}"
EndProject
Project("{9A19103F-16F7-4668-BE54-9A1E7A4F7556}") = "FK_Core_Test_Gregory", "Test\FK_Core_Test_Gregory\FK_Core_Test_Gregory.csproj", "{D499F18B-369D-42E9-8240-088632864802}"
EndProject
Project("{9A19103F-16F7-4668-BE54-9A1E7A4F7556}") = "FK_Core_Test_IFSTex", "Test\FK_Core_Test_IFSTex\FK_Core_Test_IFSTex.csproj", "{698455DD-F09E-46E6-96E8-D354A00E440B}"
EndProject
Project("{9A19103F-16F7-4668-BE54-9A1E7A4F7556}") = "FK_Core_Test_Intro", "Test\FK_Core_Test_Intro\FK_Core_Test_Intro.csproj", "{EF4543B1-FCB8-4C93-8BAA-032F47D43AC1}"
EndProject
Project("{9A19103F-16F7-4668-BE54-9A1E7A4F7556}") = "FK_Core_Test_Particle", "Test\FK_Core_Test_Particle\FK_Core_Test_Particle.csproj", "{D976A36A-CAD8-493D-8139-969A264E6176}"
EndProject
Project("{9A19103F-16F7-4668-BE54-9A1E7A4F7556}") = "FK_Core_Test_Quaternion", "Test\FK_Core_Test_Quaternion\FK_Core_Test_Quaternion.csproj", "{068EEDC2-B9BD-4D04-81A1-B2462DE888B5}"
EndProject
Project("{9A19103F-16F7-4668-BE54-9A1E7A4F7556}") = "FK_Core_Test_RBez", "Test\FK_Core_Test_RBez\FK_Core_Test_RBez.csproj", "{80654AD3-21B3-4ACE-BE03-42E31005E30F}"
EndProject
Project("{9A19103F-16F7-4668-BE54-9A1E7A4F7556}") = "FK_Core_Test_Shader", "Test\FK_Core_Test_Shader\FK_Core_Test_Shader.csproj", "{A95E996D-E1FC-4F79-9A6B-D0D4B7EB0B26}"
EndProject
Project("{9A19103F-16F7-4668-BE54-9A1E7A4F7556}") = "FK_Core_Test_Shadow", "Test\FK_Core_Test_Shadow\FK_Core_Test_Shadow.csproj", "{5CEA483C-F763-4760-BBC5-82335F46DA65}"
EndProject
Project("{9A19103F-16F7-4668-BE54-9A1E7A4F7556}") = "FK_Core_Test_Snap", "Test\FK_Core_Test_Snap\FK_Core_Test_Snap.csproj", "{AFEE5634-1B01-481D-A8C6-B1ECB7498FD9}"
EndProject
Project("{9A19103F-16F7-4668-BE54-9A1E7A4F7556}") = "FK_Core_Test_Sprite", "Test\FK_Core_Test_Sprite\FK_Core_Test_Sprite.csproj", "{8DF23409-E33F-44FF-8E30-6B983EBA2A3E}"
EndProject
Project("{9A19103F-16F7-4668-BE54-9A1E7A4F7556}") = "FK_Core_Test_TextImage", "Test\FK_Core_Test_TextImage\FK_Core_Test_TextImage.csproj", "{16A5A14C-4769-4737-96A1-2C8A93607BDF}"
EndProject
Project("{9A19103F-16F7-4668-BE54-9A1E7A4F7556}") = "FK_Core_Test_Texture", "Test\FK_Core_Test_Texture\FK_Core_Test_Texture.csproj", "{CA0C572A-C3FD-4D22-AA5B-3D23396391FB}"
EndProject
Project("{9A19103F-16F7-4668-BE54-9A1E7A4F7556}") = "FK_Core_Test_Viewer", "Test\FK_Core_Test_Viewer\FK_Core_Test_Viewer.csproj", "{C7B8181F-CF61-4AA1-B8A1-3BDCB26F0A5D}"
EndProject
Project("{FAE04EC0-301F-11D3-BF4B-00C04F79EFBC}") = "FK_Core_Test_Fog", "Test\FK_Core_Test_Fog\FK_Core_Test_Fog.csproj", "{953BA711-87DF-4D0C-8984-44DC358E4CA9}"
EndProject
Global
	GlobalSection(SolutionConfigurationPlatforms) = preSolution
		Debug|Any CPU = Debug|Any CPU
		Debug|x64 = Debug|x64
		Debug|x86 = Debug|x86
		Release|Any CPU = Release|Any CPU
		Release|x64 = Release|x64
		Release|x86 = Release|x86
	EndGlobalSection
	GlobalSection(ProjectConfigurationPlatforms) = postSolution
		{B5A6BE05-D1EB-42E9-A178-A03D055B0168}.Debug|Any CPU.ActiveCfg = Debug|Win32
		{B5A6BE05-D1EB-42E9-A178-A03D055B0168}.Debug|x64.ActiveCfg = Debug|x64
		{B5A6BE05-D1EB-42E9-A178-A03D055B0168}.Debug|x64.Build.0 = Debug|x64
		{B5A6BE05-D1EB-42E9-A178-A03D055B0168}.Debug|x86.ActiveCfg = Debug|Win32
		{B5A6BE05-D1EB-42E9-A178-A03D055B0168}.Debug|x86.Build.0 = Debug|Win32
		{B5A6BE05-D1EB-42E9-A178-A03D055B0168}.Release|Any CPU.ActiveCfg = Release|Win32
		{B5A6BE05-D1EB-42E9-A178-A03D055B0168}.Release|x64.ActiveCfg = Release|x64
		{B5A6BE05-D1EB-42E9-A178-A03D055B0168}.Release|x64.Build.0 = Release|x64
		{B5A6BE05-D1EB-42E9-A178-A03D055B0168}.Release|x86.ActiveCfg = Release|Win32
		{B5A6BE05-D1EB-42E9-A178-A03D055B0168}.Release|x86.Build.0 = Release|Win32
		{4F4D7910-01E5-497E-8BBA-CA7420F4824F}.Debug|Any CPU.ActiveCfg = Debug|Any CPU
		{4F4D7910-01E5-497E-8BBA-CA7420F4824F}.Debug|Any CPU.Build.0 = Debug|Any CPU
		{4F4D7910-01E5-497E-8BBA-CA7420F4824F}.Debug|x64.ActiveCfg = Debug|x64
		{4F4D7910-01E5-497E-8BBA-CA7420F4824F}.Debug|x64.Build.0 = Debug|x64
		{4F4D7910-01E5-497E-8BBA-CA7420F4824F}.Debug|x86.ActiveCfg = Debug|x86
		{4F4D7910-01E5-497E-8BBA-CA7420F4824F}.Debug|x86.Build.0 = Debug|x86
		{4F4D7910-01E5-497E-8BBA-CA7420F4824F}.Release|Any CPU.ActiveCfg = Release|Any CPU
		{4F4D7910-01E5-497E-8BBA-CA7420F4824F}.Release|Any CPU.Build.0 = Release|Any CPU
		{4F4D7910-01E5-497E-8BBA-CA7420F4824F}.Release|x64.ActiveCfg = Release|x64
		{4F4D7910-01E5-497E-8BBA-CA7420F4824F}.Release|x64.Build.0 = Release|x64
		{4F4D7910-01E5-497E-8BBA-CA7420F4824F}.Release|x86.ActiveCfg = Release|x86
		{4F4D7910-01E5-497E-8BBA-CA7420F4824F}.Release|x86.Build.0 = Release|x86
		{B745F6D7-7AA9-4447-B783-FFE7E0FA7736}.Debug|Any CPU.ActiveCfg = Debug|Any CPU
		{B745F6D7-7AA9-4447-B783-FFE7E0FA7736}.Debug|Any CPU.Build.0 = Debug|Any CPU
		{B745F6D7-7AA9-4447-B783-FFE7E0FA7736}.Debug|x64.ActiveCfg = Debug|x64
		{B745F6D7-7AA9-4447-B783-FFE7E0FA7736}.Debug|x86.ActiveCfg = Debug|x86
		{B745F6D7-7AA9-4447-B783-FFE7E0FA7736}.Release|Any CPU.ActiveCfg = Release|Any CPU
		{B745F6D7-7AA9-4447-B783-FFE7E0FA7736}.Release|Any CPU.Build.0 = Release|Any CPU
		{B745F6D7-7AA9-4447-B783-FFE7E0FA7736}.Release|x64.ActiveCfg = Release|x64
		{B745F6D7-7AA9-4447-B783-FFE7E0FA7736}.Release|x86.ActiveCfg = Release|x86
		{BD7ABC42-A5EE-4FED-9EE6-FCBEE989D273}.Debug|Any CPU.ActiveCfg = Debug|Any CPU
		{BD7ABC42-A5EE-4FED-9EE6-FCBEE989D273}.Debug|Any CPU.Build.0 = Debug|Any CPU
		{BD7ABC42-A5EE-4FED-9EE6-FCBEE989D273}.Debug|x64.ActiveCfg = Debug|x64
		{BD7ABC42-A5EE-4FED-9EE6-FCBEE989D273}.Debug|x64.Build.0 = Debug|x64
		{BD7ABC42-A5EE-4FED-9EE6-FCBEE989D273}.Debug|x86.ActiveCfg = Debug|x86
		{BD7ABC42-A5EE-4FED-9EE6-FCBEE989D273}.Debug|x86.Build.0 = Debug|x86
		{BD7ABC42-A5EE-4FED-9EE6-FCBEE989D273}.Release|Any CPU.ActiveCfg = Release|Any CPU
		{BD7ABC42-A5EE-4FED-9EE6-FCBEE989D273}.Release|Any CPU.Build.0 = Release|Any CPU
		{BD7ABC42-A5EE-4FED-9EE6-FCBEE989D273}.Release|x64.ActiveCfg = Release|x64
		{BD7ABC42-A5EE-4FED-9EE6-FCBEE989D273}.Release|x64.Build.0 = Release|x64
		{BD7ABC42-A5EE-4FED-9EE6-FCBEE989D273}.Release|x86.ActiveCfg = Release|x86
		{BD7ABC42-A5EE-4FED-9EE6-FCBEE989D273}.Release|x86.Build.0 = Release|x86
		{85748CC5-5AA0-4D9A-82D6-79377BE626B3}.Debug|Any CPU.ActiveCfg = Debug|Any CPU
		{85748CC5-5AA0-4D9A-82D6-79377BE626B3}.Debug|Any CPU.Build.0 = Debug|Any CPU
		{85748CC5-5AA0-4D9A-82D6-79377BE626B3}.Debug|x64.ActiveCfg = Debug|x64
		{85748CC5-5AA0-4D9A-82D6-79377BE626B3}.Debug|x64.Build.0 = Debug|x64
		{85748CC5-5AA0-4D9A-82D6-79377BE626B3}.Debug|x86.ActiveCfg = Debug|x86
		{85748CC5-5AA0-4D9A-82D6-79377BE626B3}.Debug|x86.Build.0 = Debug|x86
		{85748CC5-5AA0-4D9A-82D6-79377BE626B3}.Release|Any CPU.ActiveCfg = Release|Any CPU
		{85748CC5-5AA0-4D9A-82D6-79377BE626B3}.Release|Any CPU.Build.0 = Release|Any CPU
		{85748CC5-5AA0-4D9A-82D6-79377BE626B3}.Release|x64.ActiveCfg = Release|x64
		{85748CC5-5AA0-4D9A-82D6-79377BE626B3}.Release|x64.Build.0 = Release|x64
		{85748CC5-5AA0-4D9A-82D6-79377BE626B3}.Release|x86.ActiveCfg = Release|x86
		{85748CC5-5AA0-4D9A-82D6-79377BE626B3}.Release|x86.Build.0 = Release|x86
		{2C471526-0051-4FA3-A43B-7E784C0EDD53}.Debug|Any CPU.ActiveCfg = Debug|Any CPU
		{2C471526-0051-4FA3-A43B-7E784C0EDD53}.Debug|Any CPU.Build.0 = Debug|Any CPU
		{2C471526-0051-4FA3-A43B-7E784C0EDD53}.Debug|x64.ActiveCfg = Debug|x64
		{2C471526-0051-4FA3-A43B-7E784C0EDD53}.Debug|x64.Build.0 = Debug|x64
		{2C471526-0051-4FA3-A43B-7E784C0EDD53}.Debug|x86.ActiveCfg = Debug|x86
		{2C471526-0051-4FA3-A43B-7E784C0EDD53}.Debug|x86.Build.0 = Debug|x86
		{2C471526-0051-4FA3-A43B-7E784C0EDD53}.Release|Any CPU.ActiveCfg = Release|Any CPU
		{2C471526-0051-4FA3-A43B-7E784C0EDD53}.Release|Any CPU.Build.0 = Release|Any CPU
		{2C471526-0051-4FA3-A43B-7E784C0EDD53}.Release|x64.ActiveCfg = Release|x64
		{2C471526-0051-4FA3-A43B-7E784C0EDD53}.Release|x64.Build.0 = Release|x64
		{2C471526-0051-4FA3-A43B-7E784C0EDD53}.Release|x86.ActiveCfg = Release|x86
		{2C471526-0051-4FA3-A43B-7E784C0EDD53}.Release|x86.Build.0 = Release|x86
		{37D6F812-ACD1-48B3-9860-B91D109C4531}.Debug|Any CPU.ActiveCfg = Debug|Any CPU
		{37D6F812-ACD1-48B3-9860-B91D109C4531}.Debug|Any CPU.Build.0 = Debug|Any CPU
		{37D6F812-ACD1-48B3-9860-B91D109C4531}.Debug|x64.ActiveCfg = Debug|x64
		{37D6F812-ACD1-48B3-9860-B91D109C4531}.Debug|x64.Build.0 = Debug|x64
		{37D6F812-ACD1-48B3-9860-B91D109C4531}.Debug|x86.ActiveCfg = Debug|x86
		{37D6F812-ACD1-48B3-9860-B91D109C4531}.Debug|x86.Build.0 = Debug|x86
		{37D6F812-ACD1-48B3-9860-B91D109C4531}.Release|Any CPU.ActiveCfg = Release|Any CPU
		{37D6F812-ACD1-48B3-9860-B91D109C4531}.Release|Any CPU.Build.0 = Release|Any CPU
		{37D6F812-ACD1-48B3-9860-B91D109C4531}.Release|x64.ActiveCfg = Release|x64
		{37D6F812-ACD1-48B3-9860-B91D109C4531}.Release|x64.Build.0 = Release|x64
		{37D6F812-ACD1-48B3-9860-B91D109C4531}.Release|x86.ActiveCfg = Release|x86
		{37D6F812-ACD1-48B3-9860-B91D109C4531}.Release|x86.Build.0 = Release|x86
		{7A5D5899-CA8B-44EA-9224-B9751A0D0BEB}.Debug|Any CPU.ActiveCfg = Debug|Any CPU
		{7A5D5899-CA8B-44EA-9224-B9751A0D0BEB}.Debug|Any CPU.Build.0 = Debug|Any CPU
		{7A5D5899-CA8B-44EA-9224-B9751A0D0BEB}.Debug|x64.ActiveCfg = Debug|x64
		{7A5D5899-CA8B-44EA-9224-B9751A0D0BEB}.Debug|x64.Build.0 = Debug|x64
		{7A5D5899-CA8B-44EA-9224-B9751A0D0BEB}.Debug|x86.ActiveCfg = Debug|x86
		{7A5D5899-CA8B-44EA-9224-B9751A0D0BEB}.Debug|x86.Build.0 = Debug|x86
		{7A5D5899-CA8B-44EA-9224-B9751A0D0BEB}.Release|Any CPU.ActiveCfg = Release|Any CPU
		{7A5D5899-CA8B-44EA-9224-B9751A0D0BEB}.Release|Any CPU.Build.0 = Release|Any CPU
		{7A5D5899-CA8B-44EA-9224-B9751A0D0BEB}.Release|x64.ActiveCfg = Release|x64
		{7A5D5899-CA8B-44EA-9224-B9751A0D0BEB}.Release|x64.Build.0 = Release|x64
		{7A5D5899-CA8B-44EA-9224-B9751A0D0BEB}.Release|x86.ActiveCfg = Release|x86
		{7A5D5899-CA8B-44EA-9224-B9751A0D0BEB}.Release|x86.Build.0 = Release|x86
		{31A59CF6-F2A0-46FB-8275-22298EA92038}.Debug|Any CPU.ActiveCfg = Debug|Any CPU
		{31A59CF6-F2A0-46FB-8275-22298EA92038}.Debug|Any CPU.Build.0 = Debug|Any CPU
		{31A59CF6-F2A0-46FB-8275-22298EA92038}.Debug|x64.ActiveCfg = Debug|x64
		{31A59CF6-F2A0-46FB-8275-22298EA92038}.Debug|x64.Build.0 = Debug|x64
		{31A59CF6-F2A0-46FB-8275-22298EA92038}.Debug|x86.ActiveCfg = Debug|x86
		{31A59CF6-F2A0-46FB-8275-22298EA92038}.Debug|x86.Build.0 = Debug|x86
		{31A59CF6-F2A0-46FB-8275-22298EA92038}.Release|Any CPU.ActiveCfg = Release|Any CPU
		{31A59CF6-F2A0-46FB-8275-22298EA92038}.Release|Any CPU.Build.0 = Release|Any CPU
		{31A59CF6-F2A0-46FB-8275-22298EA92038}.Release|x64.ActiveCfg = Release|x64
		{31A59CF6-F2A0-46FB-8275-22298EA92038}.Release|x64.Build.0 = Release|x64
		{31A59CF6-F2A0-46FB-8275-22298EA92038}.Release|x86.ActiveCfg = Release|x86
		{31A59CF6-F2A0-46FB-8275-22298EA92038}.Release|x86.Build.0 = Release|x86
		{27D9A2D7-17BC-467B-990F-EBE7EB166EA7}.Debug|Any CPU.ActiveCfg = Debug|Any CPU
		{27D9A2D7-17BC-467B-990F-EBE7EB166EA7}.Debug|Any CPU.Build.0 = Debug|Any CPU
		{27D9A2D7-17BC-467B-990F-EBE7EB166EA7}.Debug|x64.ActiveCfg = Debug|x64
		{27D9A2D7-17BC-467B-990F-EBE7EB166EA7}.Debug|x64.Build.0 = Debug|x64
		{27D9A2D7-17BC-467B-990F-EBE7EB166EA7}.Debug|x86.ActiveCfg = Debug|x86
		{27D9A2D7-17BC-467B-990F-EBE7EB166EA7}.Debug|x86.Build.0 = Debug|x86
		{27D9A2D7-17BC-467B-990F-EBE7EB166EA7}.Release|Any CPU.ActiveCfg = Release|Any CPU
		{27D9A2D7-17BC-467B-990F-EBE7EB166EA7}.Release|Any CPU.Build.0 = Release|Any CPU
		{27D9A2D7-17BC-467B-990F-EBE7EB166EA7}.Release|x64.ActiveCfg = Release|x64
		{27D9A2D7-17BC-467B-990F-EBE7EB166EA7}.Release|x64.Build.0 = Release|x64
		{27D9A2D7-17BC-467B-990F-EBE7EB166EA7}.Release|x86.ActiveCfg = Release|x86
		{27D9A2D7-17BC-467B-990F-EBE7EB166EA7}.Release|x86.Build.0 = Release|x86
		{42E43B63-A4B2-4A08-AF29-7306E0FD185B}.Debug|Any CPU.ActiveCfg = Debug|Any CPU
		{42E43B63-A4B2-4A08-AF29-7306E0FD185B}.Debug|Any CPU.Build.0 = Debug|Any CPU
		{42E43B63-A4B2-4A08-AF29-7306E0FD185B}.Debug|x64.ActiveCfg = Debug|x64
		{42E43B63-A4B2-4A08-AF29-7306E0FD185B}.Debug|x64.Build.0 = Debug|x64
		{42E43B63-A4B2-4A08-AF29-7306E0FD185B}.Debug|x86.ActiveCfg = Debug|x86
		{42E43B63-A4B2-4A08-AF29-7306E0FD185B}.Debug|x86.Build.0 = Debug|x86
		{42E43B63-A4B2-4A08-AF29-7306E0FD185B}.Release|Any CPU.ActiveCfg = Release|Any CPU
		{42E43B63-A4B2-4A08-AF29-7306E0FD185B}.Release|Any CPU.Build.0 = Release|Any CPU
		{42E43B63-A4B2-4A08-AF29-7306E0FD185B}.Release|x64.ActiveCfg = Release|x64
		{42E43B63-A4B2-4A08-AF29-7306E0FD185B}.Release|x64.Build.0 = Release|x64
		{42E43B63-A4B2-4A08-AF29-7306E0FD185B}.Release|x86.ActiveCfg = Release|x86
		{42E43B63-A4B2-4A08-AF29-7306E0FD185B}.Release|x86.Build.0 = Release|x86
		{1BA793AA-A5F5-4752-9BEB-B62B09C8A8BC}.Debug|Any CPU.ActiveCfg = Debug|Any CPU
		{1BA793AA-A5F5-4752-9BEB-B62B09C8A8BC}.Debug|Any CPU.Build.0 = Debug|Any CPU
		{1BA793AA-A5F5-4752-9BEB-B62B09C8A8BC}.Debug|x64.ActiveCfg = Debug|x64
		{1BA793AA-A5F5-4752-9BEB-B62B09C8A8BC}.Debug|x64.Build.0 = Debug|x64
		{1BA793AA-A5F5-4752-9BEB-B62B09C8A8BC}.Debug|x86.ActiveCfg = Debug|x86
		{1BA793AA-A5F5-4752-9BEB-B62B09C8A8BC}.Debug|x86.Build.0 = Debug|x86
		{1BA793AA-A5F5-4752-9BEB-B62B09C8A8BC}.Release|Any CPU.ActiveCfg = Release|Any CPU
		{1BA793AA-A5F5-4752-9BEB-B62B09C8A8BC}.Release|Any CPU.Build.0 = Release|Any CPU
		{1BA793AA-A5F5-4752-9BEB-B62B09C8A8BC}.Release|x64.ActiveCfg = Release|x64
		{1BA793AA-A5F5-4752-9BEB-B62B09C8A8BC}.Release|x64.Build.0 = Release|x64
		{1BA793AA-A5F5-4752-9BEB-B62B09C8A8BC}.Release|x86.ActiveCfg = Release|x86
		{1BA793AA-A5F5-4752-9BEB-B62B09C8A8BC}.Release|x86.Build.0 = Release|x86
		{D2995FFD-D622-4874-AE22-D7B9CB739706}.Debug|Any CPU.ActiveCfg = Debug|Any CPU
		{D2995FFD-D622-4874-AE22-D7B9CB739706}.Debug|Any CPU.Build.0 = Debug|Any CPU
		{D2995FFD-D622-4874-AE22-D7B9CB739706}.Debug|x64.ActiveCfg = Debug|x64
		{D2995FFD-D622-4874-AE22-D7B9CB739706}.Debug|x64.Build.0 = Debug|x64
		{D2995FFD-D622-4874-AE22-D7B9CB739706}.Debug|x86.ActiveCfg = Debug|x86
		{D2995FFD-D622-4874-AE22-D7B9CB739706}.Debug|x86.Build.0 = Debug|x86
		{D2995FFD-D622-4874-AE22-D7B9CB739706}.Release|Any CPU.ActiveCfg = Release|Any CPU
		{D2995FFD-D622-4874-AE22-D7B9CB739706}.Release|Any CPU.Build.0 = Release|Any CPU
		{D2995FFD-D622-4874-AE22-D7B9CB739706}.Release|x64.ActiveCfg = Release|x64
		{D2995FFD-D622-4874-AE22-D7B9CB739706}.Release|x64.Build.0 = Release|x64
		{D2995FFD-D622-4874-AE22-D7B9CB739706}.Release|x86.ActiveCfg = Release|x86
		{D2995FFD-D622-4874-AE22-D7B9CB739706}.Release|x86.Build.0 = Release|x86
		{A2F95659-D675-4EAD-9706-CA849E131B55}.Debug|Any CPU.ActiveCfg = Debug|Any CPU
		{A2F95659-D675-4EAD-9706-CA849E131B55}.Debug|Any CPU.Build.0 = Debug|Any CPU
		{A2F95659-D675-4EAD-9706-CA849E131B55}.Debug|x64.ActiveCfg = Debug|x64
		{A2F95659-D675-4EAD-9706-CA849E131B55}.Debug|x64.Build.0 = Debug|x64
		{A2F95659-D675-4EAD-9706-CA849E131B55}.Debug|x86.ActiveCfg = Debug|x86
		{A2F95659-D675-4EAD-9706-CA849E131B55}.Debug|x86.Build.0 = Debug|x86
		{A2F95659-D675-4EAD-9706-CA849E131B55}.Release|Any CPU.ActiveCfg = Release|Any CPU
		{A2F95659-D675-4EAD-9706-CA849E131B55}.Release|Any CPU.Build.0 = Release|Any CPU
		{A2F95659-D675-4EAD-9706-CA849E131B55}.Release|x64.ActiveCfg = Release|x64
		{A2F95659-D675-4EAD-9706-CA849E131B55}.Release|x64.Build.0 = Release|x64
		{A2F95659-D675-4EAD-9706-CA849E131B55}.Release|x86.ActiveCfg = Release|x86
		{A2F95659-D675-4EAD-9706-CA849E131B55}.Release|x86.Build.0 = Release|x86
		{D499F18B-369D-42E9-8240-088632864802}.Debug|Any CPU.ActiveCfg = Debug|Any CPU
		{D499F18B-369D-42E9-8240-088632864802}.Debug|Any CPU.Build.0 = Debug|Any CPU
		{D499F18B-369D-42E9-8240-088632864802}.Debug|x64.ActiveCfg = Debug|x64
		{D499F18B-369D-42E9-8240-088632864802}.Debug|x64.Build.0 = Debug|x64
		{D499F18B-369D-42E9-8240-088632864802}.Debug|x86.ActiveCfg = Debug|x86
		{D499F18B-369D-42E9-8240-088632864802}.Debug|x86.Build.0 = Debug|x86
		{D499F18B-369D-42E9-8240-088632864802}.Release|Any CPU.ActiveCfg = Release|Any CPU
		{D499F18B-369D-42E9-8240-088632864802}.Release|Any CPU.Build.0 = Release|Any CPU
		{D499F18B-369D-42E9-8240-088632864802}.Release|x64.ActiveCfg = Release|x64
		{D499F18B-369D-42E9-8240-088632864802}.Release|x64.Build.0 = Release|x64
		{D499F18B-369D-42E9-8240-088632864802}.Release|x86.ActiveCfg = Release|x86
		{D499F18B-369D-42E9-8240-088632864802}.Release|x86.Build.0 = Release|x86
		{698455DD-F09E-46E6-96E8-D354A00E440B}.Debug|Any CPU.ActiveCfg = Debug|Any CPU
		{698455DD-F09E-46E6-96E8-D354A00E440B}.Debug|Any CPU.Build.0 = Debug|Any CPU
		{698455DD-F09E-46E6-96E8-D354A00E440B}.Debug|x64.ActiveCfg = Debug|x64
		{698455DD-F09E-46E6-96E8-D354A00E440B}.Debug|x64.Build.0 = Debug|x64
		{698455DD-F09E-46E6-96E8-D354A00E440B}.Debug|x86.ActiveCfg = Debug|x86
		{698455DD-F09E-46E6-96E8-D354A00E440B}.Debug|x86.Build.0 = Debug|x86
		{698455DD-F09E-46E6-96E8-D354A00E440B}.Release|Any CPU.ActiveCfg = Release|Any CPU
		{698455DD-F09E-46E6-96E8-D354A00E440B}.Release|Any CPU.Build.0 = Release|Any CPU
		{698455DD-F09E-46E6-96E8-D354A00E440B}.Release|x64.ActiveCfg = Release|x64
		{698455DD-F09E-46E6-96E8-D354A00E440B}.Release|x64.Build.0 = Release|x64
		{698455DD-F09E-46E6-96E8-D354A00E440B}.Release|x86.ActiveCfg = Release|x86
		{698455DD-F09E-46E6-96E8-D354A00E440B}.Release|x86.Build.0 = Release|x86
		{EF4543B1-FCB8-4C93-8BAA-032F47D43AC1}.Debug|Any CPU.ActiveCfg = Debug|Any CPU
		{EF4543B1-FCB8-4C93-8BAA-032F47D43AC1}.Debug|Any CPU.Build.0 = Debug|Any CPU
		{EF4543B1-FCB8-4C93-8BAA-032F47D43AC1}.Debug|x64.ActiveCfg = Debug|x64
		{EF4543B1-FCB8-4C93-8BAA-032F47D43AC1}.Debug|x64.Build.0 = Debug|x64
		{EF4543B1-FCB8-4C93-8BAA-032F47D43AC1}.Debug|x86.ActiveCfg = Debug|x86
		{EF4543B1-FCB8-4C93-8BAA-032F47D43AC1}.Debug|x86.Build.0 = Debug|x86
		{EF4543B1-FCB8-4C93-8BAA-032F47D43AC1}.Release|Any CPU.ActiveCfg = Release|Any CPU
		{EF4543B1-FCB8-4C93-8BAA-032F47D43AC1}.Release|Any CPU.Build.0 = Release|Any CPU
		{EF4543B1-FCB8-4C93-8BAA-032F47D43AC1}.Release|x64.ActiveCfg = Release|x64
		{EF4543B1-FCB8-4C93-8BAA-032F47D43AC1}.Release|x64.Build.0 = Release|x64
		{EF4543B1-FCB8-4C93-8BAA-032F47D43AC1}.Release|x86.ActiveCfg = Release|x86
		{EF4543B1-FCB8-4C93-8BAA-032F47D43AC1}.Release|x86.Build.0 = Release|x86
		{D976A36A-CAD8-493D-8139-969A264E6176}.Debug|Any CPU.ActiveCfg = Debug|Any CPU
		{D976A36A-CAD8-493D-8139-969A264E6176}.Debug|Any CPU.Build.0 = Debug|Any CPU
		{D976A36A-CAD8-493D-8139-969A264E6176}.Debug|x64.ActiveCfg = Debug|x64
		{D976A36A-CAD8-493D-8139-969A264E6176}.Debug|x64.Build.0 = Debug|x64
		{D976A36A-CAD8-493D-8139-969A264E6176}.Debug|x86.ActiveCfg = Debug|x86
		{D976A36A-CAD8-493D-8139-969A264E6176}.Debug|x86.Build.0 = Debug|x86
		{D976A36A-CAD8-493D-8139-969A264E6176}.Release|Any CPU.ActiveCfg = Release|Any CPU
		{D976A36A-CAD8-493D-8139-969A264E6176}.Release|Any CPU.Build.0 = Release|Any CPU
		{D976A36A-CAD8-493D-8139-969A264E6176}.Release|x64.ActiveCfg = Release|x64
		{D976A36A-CAD8-493D-8139-969A264E6176}.Release|x64.Build.0 = Release|x64
		{D976A36A-CAD8-493D-8139-969A264E6176}.Release|x86.ActiveCfg = Release|x86
		{D976A36A-CAD8-493D-8139-969A264E6176}.Release|x86.Build.0 = Release|x86
		{068EEDC2-B9BD-4D04-81A1-B2462DE888B5}.Debug|Any CPU.ActiveCfg = Debug|Any CPU
		{068EEDC2-B9BD-4D04-81A1-B2462DE888B5}.Debug|Any CPU.Build.0 = Debug|Any CPU
		{068EEDC2-B9BD-4D04-81A1-B2462DE888B5}.Debug|x64.ActiveCfg = Debug|x64
		{068EEDC2-B9BD-4D04-81A1-B2462DE888B5}.Debug|x64.Build.0 = Debug|x64
		{068EEDC2-B9BD-4D04-81A1-B2462DE888B5}.Debug|x86.ActiveCfg = Debug|x86
		{068EEDC2-B9BD-4D04-81A1-B2462DE888B5}.Debug|x86.Build.0 = Debug|x86
		{068EEDC2-B9BD-4D04-81A1-B2462DE888B5}.Release|Any CPU.ActiveCfg = Release|Any CPU
		{068EEDC2-B9BD-4D04-81A1-B2462DE888B5}.Release|Any CPU.Build.0 = Release|Any CPU
		{068EEDC2-B9BD-4D04-81A1-B2462DE888B5}.Release|x64.ActiveCfg = Release|x64
		{068EEDC2-B9BD-4D04-81A1-B2462DE888B5}.Release|x64.Build.0 = Release|x64
		{068EEDC2-B9BD-4D04-81A1-B2462DE888B5}.Release|x86.ActiveCfg = Release|x86
		{068EEDC2-B9BD-4D04-81A1-B2462DE888B5}.Release|x86.Build.0 = Release|x86
		{80654AD3-21B3-4ACE-BE03-42E31005E30F}.Debug|Any CPU.ActiveCfg = Debug|Any CPU
		{80654AD3-21B3-4ACE-BE03-42E31005E30F}.Debug|Any CPU.Build.0 = Debug|Any CPU
		{80654AD3-21B3-4ACE-BE03-42E31005E30F}.Debug|x64.ActiveCfg = Debug|x64
		{80654AD3-21B3-4ACE-BE03-42E31005E30F}.Debug|x64.Build.0 = Debug|x64
		{80654AD3-21B3-4ACE-BE03-42E31005E30F}.Debug|x86.ActiveCfg = Debug|x86
		{80654AD3-21B3-4ACE-BE03-42E31005E30F}.Debug|x86.Build.0 = Debug|x86
		{80654AD3-21B3-4ACE-BE03-42E31005E30F}.Release|Any CPU.ActiveCfg = Release|Any CPU
		{80654AD3-21B3-4ACE-BE03-42E31005E30F}.Release|Any CPU.Build.0 = Release|Any CPU
		{80654AD3-21B3-4ACE-BE03-42E31005E30F}.Release|x64.ActiveCfg = Release|x64
		{80654AD3-21B3-4ACE-BE03-42E31005E30F}.Release|x64.Build.0 = Release|x64
		{80654AD3-21B3-4ACE-BE03-42E31005E30F}.Release|x86.ActiveCfg = Release|x86
		{80654AD3-21B3-4ACE-BE03-42E31005E30F}.Release|x86.Build.0 = Release|x86
		{A95E996D-E1FC-4F79-9A6B-D0D4B7EB0B26}.Debug|Any CPU.ActiveCfg = Debug|Any CPU
		{A95E996D-E1FC-4F79-9A6B-D0D4B7EB0B26}.Debug|Any CPU.Build.0 = Debug|Any CPU
		{A95E996D-E1FC-4F79-9A6B-D0D4B7EB0B26}.Debug|x64.ActiveCfg = Debug|x64
		{A95E996D-E1FC-4F79-9A6B-D0D4B7EB0B26}.Debug|x64.Build.0 = Debug|x64
		{A95E996D-E1FC-4F79-9A6B-D0D4B7EB0B26}.Debug|x86.ActiveCfg = Debug|x86
		{A95E996D-E1FC-4F79-9A6B-D0D4B7EB0B26}.Debug|x86.Build.0 = Debug|x86
		{A95E996D-E1FC-4F79-9A6B-D0D4B7EB0B26}.Release|Any CPU.ActiveCfg = Release|Any CPU
		{A95E996D-E1FC-4F79-9A6B-D0D4B7EB0B26}.Release|Any CPU.Build.0 = Release|Any CPU
		{A95E996D-E1FC-4F79-9A6B-D0D4B7EB0B26}.Release|x64.ActiveCfg = Release|x64
		{A95E996D-E1FC-4F79-9A6B-D0D4B7EB0B26}.Release|x64.Build.0 = Release|x64
		{A95E996D-E1FC-4F79-9A6B-D0D4B7EB0B26}.Release|x86.ActiveCfg = Release|x86
		{A95E996D-E1FC-4F79-9A6B-D0D4B7EB0B26}.Release|x86.Build.0 = Release|x86
		{5CEA483C-F763-4760-BBC5-82335F46DA65}.Debug|Any CPU.ActiveCfg = Debug|Any CPU
		{5CEA483C-F763-4760-BBC5-82335F46DA65}.Debug|Any CPU.Build.0 = Debug|Any CPU
		{5CEA483C-F763-4760-BBC5-82335F46DA65}.Debug|x64.ActiveCfg = Debug|x64
		{5CEA483C-F763-4760-BBC5-82335F46DA65}.Debug|x64.Build.0 = Debug|x64
		{5CEA483C-F763-4760-BBC5-82335F46DA65}.Debug|x86.ActiveCfg = Debug|x86
		{5CEA483C-F763-4760-BBC5-82335F46DA65}.Debug|x86.Build.0 = Debug|x86
		{5CEA483C-F763-4760-BBC5-82335F46DA65}.Release|Any CPU.ActiveCfg = Release|Any CPU
		{5CEA483C-F763-4760-BBC5-82335F46DA65}.Release|Any CPU.Build.0 = Release|Any CPU
		{5CEA483C-F763-4760-BBC5-82335F46DA65}.Release|x64.ActiveCfg = Release|x64
		{5CEA483C-F763-4760-BBC5-82335F46DA65}.Release|x64.Build.0 = Release|x64
		{5CEA483C-F763-4760-BBC5-82335F46DA65}.Release|x86.ActiveCfg = Release|x86
		{5CEA483C-F763-4760-BBC5-82335F46DA65}.Release|x86.Build.0 = Release|x86
		{AFEE5634-1B01-481D-A8C6-B1ECB7498FD9}.Debug|Any CPU.ActiveCfg = Debug|Any CPU
		{AFEE5634-1B01-481D-A8C6-B1ECB7498FD9}.Debug|Any CPU.Build.0 = Debug|Any CPU
		{AFEE5634-1B01-481D-A8C6-B1ECB7498FD9}.Debug|x64.ActiveCfg = Debug|x64
		{AFEE5634-1B01-481D-A8C6-B1ECB7498FD9}.Debug|x64.Build.0 = Debug|x64
		{AFEE5634-1B01-481D-A8C6-B1ECB7498FD9}.Debug|x86.ActiveCfg = Debug|x86
		{AFEE5634-1B01-481D-A8C6-B1ECB7498FD9}.Debug|x86.Build.0 = Debug|x86
		{AFEE5634-1B01-481D-A8C6-B1ECB7498FD9}.Release|Any CPU.ActiveCfg = Release|Any CPU
		{AFEE5634-1B01-481D-A8C6-B1ECB7498FD9}.Release|Any CPU.Build.0 = Release|Any CPU
		{AFEE5634-1B01-481D-A8C6-B1ECB7498FD9}.Release|x64.ActiveCfg = Release|x64
		{AFEE5634-1B01-481D-A8C6-B1ECB7498FD9}.Release|x64.Build.0 = Release|x64
		{AFEE5634-1B01-481D-A8C6-B1ECB7498FD9}.Release|x86.ActiveCfg = Release|x86
		{AFEE5634-1B01-481D-A8C6-B1ECB7498FD9}.Release|x86.Build.0 = Release|x86
		{8DF23409-E33F-44FF-8E30-6B983EBA2A3E}.Debug|Any CPU.ActiveCfg = Debug|Any CPU
		{8DF23409-E33F-44FF-8E30-6B983EBA2A3E}.Debug|Any CPU.Build.0 = Debug|Any CPU
		{8DF23409-E33F-44FF-8E30-6B983EBA2A3E}.Debug|x64.ActiveCfg = Debug|x64
		{8DF23409-E33F-44FF-8E30-6B983EBA2A3E}.Debug|x64.Build.0 = Debug|x64
		{8DF23409-E33F-44FF-8E30-6B983EBA2A3E}.Debug|x86.ActiveCfg = Debug|x86
		{8DF23409-E33F-44FF-8E30-6B983EBA2A3E}.Debug|x86.Build.0 = Debug|x86
		{8DF23409-E33F-44FF-8E30-6B983EBA2A3E}.Release|Any CPU.ActiveCfg = Release|Any CPU
		{8DF23409-E33F-44FF-8E30-6B983EBA2A3E}.Release|Any CPU.Build.0 = Release|Any CPU
		{8DF23409-E33F-44FF-8E30-6B983EBA2A3E}.Release|x64.ActiveCfg = Release|x64
		{8DF23409-E33F-44FF-8E30-6B983EBA2A3E}.Release|x64.Build.0 = Release|x64
		{8DF23409-E33F-44FF-8E30-6B983EBA2A3E}.Release|x86.ActiveCfg = Release|x86
		{8DF23409-E33F-44FF-8E30-6B983EBA2A3E}.Release|x86.Build.0 = Release|x86
		{16A5A14C-4769-4737-96A1-2C8A93607BDF}.Debug|Any CPU.ActiveCfg = Debug|Any CPU
		{16A5A14C-4769-4737-96A1-2C8A93607BDF}.Debug|Any CPU.Build.0 = Debug|Any CPU
		{16A5A14C-4769-4737-96A1-2C8A93607BDF}.Debug|x64.ActiveCfg = Debug|x64
		{16A5A14C-4769-4737-96A1-2C8A93607BDF}.Debug|x64.Build.0 = Debug|x64
		{16A5A14C-4769-4737-96A1-2C8A93607BDF}.Debug|x86.ActiveCfg = Debug|x86
		{16A5A14C-4769-4737-96A1-2C8A93607BDF}.Debug|x86.Build.0 = Debug|x86
		{16A5A14C-4769-4737-96A1-2C8A93607BDF}.Release|Any CPU.ActiveCfg = Release|Any CPU
		{16A5A14C-4769-4737-96A1-2C8A93607BDF}.Release|Any CPU.Build.0 = Release|Any CPU
		{16A5A14C-4769-4737-96A1-2C8A93607BDF}.Release|x64.ActiveCfg = Release|x64
		{16A5A14C-4769-4737-96A1-2C8A93607BDF}.Release|x64.Build.0 = Release|x64
		{16A5A14C-4769-4737-96A1-2C8A93607BDF}.Release|x86.ActiveCfg = Release|x86
		{16A5A14C-4769-4737-96A1-2C8A93607BDF}.Release|x86.Build.0 = Release|x86
		{CA0C572A-C3FD-4D22-AA5B-3D23396391FB}.Debug|Any CPU.ActiveCfg = Debug|Any CPU
		{CA0C572A-C3FD-4D22-AA5B-3D23396391FB}.Debug|Any CPU.Build.0 = Debug|Any CPU
		{CA0C572A-C3FD-4D22-AA5B-3D23396391FB}.Debug|x64.ActiveCfg = Debug|x64
		{CA0C572A-C3FD-4D22-AA5B-3D23396391FB}.Debug|x64.Build.0 = Debug|x64
		{CA0C572A-C3FD-4D22-AA5B-3D23396391FB}.Debug|x86.ActiveCfg = Debug|x86
		{CA0C572A-C3FD-4D22-AA5B-3D23396391FB}.Debug|x86.Build.0 = Debug|x86
		{CA0C572A-C3FD-4D22-AA5B-3D23396391FB}.Release|Any CPU.ActiveCfg = Release|Any CPU
		{CA0C572A-C3FD-4D22-AA5B-3D23396391FB}.Release|Any CPU.Build.0 = Release|Any CPU
		{CA0C572A-C3FD-4D22-AA5B-3D23396391FB}.Release|x64.ActiveCfg = Release|x64
		{CA0C572A-C3FD-4D22-AA5B-3D23396391FB}.Release|x64.Build.0 = Release|x64
		{CA0C572A-C3FD-4D22-AA5B-3D23396391FB}.Release|x86.ActiveCfg = Release|x86
		{CA0C572A-C3FD-4D22-AA5B-3D23396391FB}.Release|x86.Build.0 = Release|x86
		{C7B8181F-CF61-4AA1-B8A1-3BDCB26F0A5D}.Debug|Any CPU.ActiveCfg = Debug|Any CPU
		{C7B8181F-CF61-4AA1-B8A1-3BDCB26F0A5D}.Debug|Any CPU.Build.0 = Debug|Any CPU
		{C7B8181F-CF61-4AA1-B8A1-3BDCB26F0A5D}.Debug|x64.ActiveCfg = Debug|x64
		{C7B8181F-CF61-4AA1-B8A1-3BDCB26F0A5D}.Debug|x64.Build.0 = Debug|x64
		{C7B8181F-CF61-4AA1-B8A1-3BDCB26F0A5D}.Debug|x86.ActiveCfg = Debug|x86
		{C7B8181F-CF61-4AA1-B8A1-3BDCB26F0A5D}.Debug|x86.Build.0 = Debug|x86
		{C7B8181F-CF61-4AA1-B8A1-3BDCB26F0A5D}.Release|Any CPU.ActiveCfg = Release|Any CPU
		{C7B8181F-CF61-4AA1-B8A1-3BDCB26F0A5D}.Release|Any CPU.Build.0 = Release|Any CPU
		{C7B8181F-CF61-4AA1-B8A1-3BDCB26F0A5D}.Release|x64.ActiveCfg = Release|x64
		{C7B8181F-CF61-4AA1-B8A1-3BDCB26F0A5D}.Release|x64.Build.0 = Release|x64
		{C7B8181F-CF61-4AA1-B8A1-3BDCB26F0A5D}.Release|x86.ActiveCfg = Release|x86
		{C7B8181F-CF61-4AA1-B8A1-3BDCB26F0A5D}.Release|x86.Build.0 = Release|x86
		{953BA711-87DF-4D0C-8984-44DC358E4CA9}.Debug|Any CPU.ActiveCfg = Debug|Any CPU
		{953BA711-87DF-4D0C-8984-44DC358E4CA9}.Debug|Any CPU.Build.0 = Debug|Any CPU
		{953BA711-87DF-4D0C-8984-44DC358E4CA9}.Debug|x64.ActiveCfg = Debug|x64
		{953BA711-87DF-4D0C-8984-44DC358E4CA9}.Debug|x64.Build.0 = Debug|x64
		{953BA711-87DF-4D0C-8984-44DC358E4CA9}.Debug|x86.ActiveCfg = Debug|x86
		{953BA711-87DF-4D0C-8984-44DC358E4CA9}.Debug|x86.Build.0 = Debug|x86
		{953BA711-87DF-4D0C-8984-44DC358E4CA9}.Release|Any CPU.ActiveCfg = Release|Any CPU
		{953BA711-87DF-4D0C-8984-44DC358E4CA9}.Release|Any CPU.Build.0 = Release|Any CPU
		{953BA711-87DF-4D0C-8984-44DC358E4CA9}.Release|x64.ActiveCfg = Release|x64
		{953BA711-87DF-4D0C-8984-44DC358E4CA9}.Release|x64.Build.0 = Release|x64
		{953BA711-87DF-4D0C-8984-44DC358E4CA9}.Release|x86.ActiveCfg = Release|x86
		{953BA711-87DF-4D0C-8984-44DC358E4CA9}.Release|x86.Build.0 = Release|x86
	EndGlobalSection
	GlobalSection(SolutionProperties) = preSolution
		HideSolutionNode = FALSE
	EndGlobalSection
	GlobalSection(ExtensibilityGlobals) = postSolution
		SolutionGuid = {3CCE75C9-7A0B-45A7-9B93-9E415FB1671D}
	EndGlobalSection
EndGlobal
