<?xml version="1.0" encoding="utf-8"?>
<Project ToolsVersion="4.0" xmlns="http://schemas.microsoft.com/developer/msbuild/2003">
  <ItemGroup>
    <ClCompile Include="..\..\src\base\Base.cxx">
      <Filter>Source</Filter>
    </ClCompile>
    <ClCompile Include="..\..\src\base\Error.cxx">
      <Filter>Source</Filter>
    </ClCompile>
    <ClCompile Include="..\..\src\base\IDAdmin.cxx">
      <Filter>Source</Filter>
    </ClCompile>
    <ClCompile Include="..\..\src\base\System.cxx">
      <Filter>Source</Filter>
    </ClCompile>
    <ClCompile Include="..\..\src\base\Tree.cxx">
      <Filter>Source</Filter>
    </ClCompile>
  </ItemGroup>
  <ItemGroup>
    <Filter Include="Header">
      <UniqueIdentifier>{2b601a34-29b0-442b-a0f0-dd87bf5416c9}</UniqueIdentifier>
    </Filter>
    <Filter Include="Source">
      <UniqueIdentifier>{8e78798a-0bf7-47e4-8728-e12fee83ee6f}</UniqueIdentifier>
    </Filter>
  </ItemGroup>
  <ItemGroup>
    <ClInclude Include="..\..\FK\Base.h">
      <Filter>Header</Filter>
    </ClInclude>
    <ClInclude Include="..\..\FK\Error.H">
      <Filter>Header</Filter>
    </ClInclude>
    <ClInclude Include="..\..\FK\IDAdmin.H">
      <Filter>Header</Filter>
    </ClInclude>
    <ClInclude Include="..\..\FK\System.h">
      <Filter>Header</Filter>
    </ClInclude>
    <ClInclude Include="..\..\FK\Tree.h">
      <Filter>Header</Filter>
    </ClInclude>
  </ItemGroup>
</Project>