<?xml version="1.0" encoding="utf-8"?>
<Project ToolsVersion="4.0" xmlns="http://schemas.microsoft.com/developer/msbuild/2003">
  <ItemGroup>
    <ClCompile Include="..\..\src\material\Color.cxx">
      <Filter>Source</Filter>
    </ClCompile>
    <ClCompile Include="..\..\src\material\Material.cxx">
      <Filter>Source</Filter>
    </ClCompile>
    <ClCompile Include="..\..\src\material\MatExample.cxx">
      <Filter>Source</Filter>
    </ClCompile>
    <ClCompile Include="..\..\src\material\Palette.cxx">
      <Filter>Source</Filter>
    </ClCompile>
  </ItemGroup>
  <ItemGroup>
    <Filter Include="Header">
      <UniqueIdentifier>{7c246aff-1a9a-477b-98f1-b8ed45237fee}</UniqueIdentifier>
    </Filter>
    <Filter Include="Source">
      <UniqueIdentifier>{1719bb28-e4a0-42ff-a68a-fa37be5d90dd}</UniqueIdentifier>
    </Filter>
  </ItemGroup>
  <ItemGroup>
    <ClInclude Include="..\..\FK\Color.h">
      <Filter>Header</Filter>
    </ClInclude>
    <ClInclude Include="..\..\FK\Material.h">
      <Filter>Header</Filter>
    </ClInclude>
    <ClInclude Include="..\..\FK\MatExample.h">
      <Filter>Header</Filter>
    </ClInclude>
    <ClInclude Include="..\..\FK\Palette.h">
      <Filter>Header</Filter>
    </ClInclude>
  </ItemGroup>
</Project>