<?xml version="1.0" encoding="utf-8"?>
<Project ToolsVersion="4.0" xmlns="http://schemas.microsoft.com/developer/msbuild/2003">
  <ItemGroup>
    <ClCompile Include="..\..\src\window\ShapeViewer_fltk.cxx">
      <Filter>Source</Filter>
    </ClCompile>
    <ClCompile Include="..\..\src\window\Window_fltk.cxx">
      <Filter>Source</Filter>
    </ClCompile>
    <ClCompile Include="..\..\src\window\WindowEvent_fltk.cxx">
      <Filter>Source</Filter>
    </ClCompile>
  </ItemGroup>
  <ItemGroup>
    <Filter Include="Header">
      <UniqueIdentifier>{8c28b96f-f72d-45de-8a9e-80fbe2161046}</UniqueIdentifier>
    </Filter>
    <Filter Include="Source">
      <UniqueIdentifier>{d0229a98-8090-4a9d-9fb6-e4ad6014631f}</UniqueIdentifier>
    </Filter>
  </ItemGroup>
  <ItemGroup>
    <ClInclude Include="..\..\FK\ShapeViewer.h">
      <Filter>Header</Filter>
    </ClInclude>
    <ClInclude Include="..\..\FK\Window.h">
      <Filter>Header</Filter>
    </ClInclude>
  </ItemGroup>
</Project>